
Microsoft Visual Studio Solution File, Format Version 12.00
# Visual Studio Version 17
VisualStudioVersion = 17.3.32922.545
MinimumVisualStudioVersion = 10.0.40219.1
Project("{8BC9CEB8-8B4A-11D0-8D11-00A0C91BC942}") = "Lab1_2", "Labs_OAIP\Labs_OAIP.vcxproj", "{0F9EAF8A-6B11-4408-BD92-BCA272906DBC}"
EndProject
Project("{8BC9CEB8-8B4A-11D0-8D11-00A0C91BC942}") = "Lab1_1", "ConsoleApplication1\ConsoleApplication1.vcxproj", "{5C74DD48-9598-42C3-B4A1-3CF107984146}"
EndProject
Project("{2150E333-8FDC-42A3-9474-1A3956D46DE8}") = "Lab1", "Lab1", "{8820BCFB-D546-4F09-9BC8-75A589FDCCA2}"
EndProject
Project("{2150E333-8FDC-42A3-9474-1A3956D46DE8}") = "Lab2", "Lab2", "{D7B5AE26-9531-4996-B4BE-F803ACA1BE26}"
EndProject
Project("{8BC9CEB8-8B4A-11D0-8D11-00A0C91BC942}") = "Lab2_1", "Lab2_1\Lab2_1.vcxproj", "{DCF4EA5E-4658-48B4-A1F7-8C95BF582247}"
EndProject
Project("{8BC9CEB8-8B4A-11D0-8D11-00A0C91BC942}") = "Lab2_2", "Lab2_2\Lab2_2.vcxproj", "{1B3341CF-5154-4AB1-89F4-6C0DE95178C8}"
EndProject
Project("{8BC9CEB8-8B4A-11D0-8D11-00A0C91BC942}") = "Lab2_3", "Lab2_3\Lab2_3.vcxproj", "{050F2EB0-1503-4BC8-A23A-4B8CAB094041}"
EndProject
Project("{2150E333-8FDC-42A3-9474-1A3956D46DE8}") = "Lab3", "Lab3", "{EF2E6B8B-D0A4-478F-B923-270E030DBC59}"
EndProject
Project("{8BC9CEB8-8B4A-11D0-8D11-00A0C91BC942}") = "Lab3_1", "Lab3_1\Lab3_1.vcxproj", "{99AC8990-AB7C-4E7D-8AB7-2E855BBC7126}"
EndProject
Project("{8BC9CEB8-8B4A-11D0-8D11-00A0C91BC942}") = "Lab3_2", "Lab3_2\Lab3_2.vcxproj", "{214BE31F-7E36-45F0-9637-885E72E79C41}"
EndProject
Project("{8BC9CEB8-8B4A-11D0-8D11-00A0C91BC942}") = "Lab3_3", "Lab3_3\Lab3_3.vcxproj", "{0F3A330D-EBC5-4C46-B083-8BB949B1F0F7}"
EndProject
Project("{8BC9CEB8-8B4A-11D0-8D11-00A0C91BC942}") = "Lab Old", "Lab Old\Lab Old.vcxproj", "{B69675EC-689D-47F9-8496-93EDC2E2C90A}"
EndProject
Project("{2150E333-8FDC-42A3-9474-1A3956D46DE8}") = "Stash", "Stash", "{75F945C9-E01F-4C07-89C7-3F50AD0D49C8}"
EndProject
Project("{8BC9CEB8-8B4A-11D0-8D11-00A0C91BC942}") = "Stash", "Stash\Stash.vcxproj", "{F52CEAF1-26BE-4E3D-91CD-C0009F2831B6}"
EndProject
Project("{2150E333-8FDC-42A3-9474-1A3956D46DE8}") = "Lab4", "Lab4", "{C62671CB-9C19-4E55-8525-7E48251F8CE6}"
EndProject
Project("{8BC9CEB8-8B4A-11D0-8D11-00A0C91BC942}") = "Lab4_1", "Lab4_1\Lab4_1.vcxproj", "{431DAB57-4EAB-48D6-BA0E-F52B6695E4FD}"
EndProject
Project("{8BC9CEB8-8B4A-11D0-8D11-00A0C91BC942}") = "Lab4_2", "Lab4_2\Lab4_2.vcxproj", "{CDAEB078-D279-40F3-8821-A9D2A3F8099D}"
EndProject
Project("{8BC9CEB8-8B4A-11D0-8D11-00A0C91BC942}") = "Lab4_3", "Lab4_3\Lab4_3.vcxproj", "{5A226D8D-1A86-4F58-A17E-5F8D7A6B7AFA}"
EndProject
Project("{9A19103F-16F7-4668-BE54-9A1E7A4F7556}") = "C-Sharp Stash", "ConsoleApp1\C-Sharp Stash.csproj", "{22A6899B-FEA4-404C-9B94-31DC49C28AB5}"
EndProject
Project("{2150E333-8FDC-42A3-9474-1A3956D46DE8}") = "Sanudgo", "Sanudgo", "{F234F73A-F86E-4BBB-86D7-C7832D740097}"
EndProject
Project("{8BC9CEB8-8B4A-11D0-8D11-00A0C91BC942}") = "Sanudgo", "Sanudgo\Sanudgo.vcxproj", "{C45E2141-2A08-4432-8A46-ABC15A763DC2}"
EndProject
Project("{2150E333-8FDC-42A3-9474-1A3956D46DE8}") = "Lab5", "Lab5", "{E005BC22-8DE5-4094-BA50-B85F9FDADCC4}"
EndProject
Project("{8BC9CEB8-8B4A-11D0-8D11-00A0C91BC942}") = "Lab5_1", "Lab5_1\Lab5_1.vcxproj", "{B5A9DD4C-B5BD-441C-AB10-04743B69052E}"
EndProject
Project("{8BC9CEB8-8B4A-11D0-8D11-00A0C91BC942}") = "Lab5_2", "Lab5_2\Lab5_2.vcxproj", "{69AE667D-EB14-41E4-84C7-0FFE5AE07C92}"
EndProject
Project("{8BC9CEB8-8B4A-11D0-8D11-00A0C91BC942}") = "Lab5_1_Old", "Lab5_1_Old\Lab5_1_Old.vcxproj", "{BEF5EB50-84EC-4312-8E7F-66184EA43DE2}"
EndProject
Project("{8BC9CEB8-8B4A-11D0-8D11-00A0C91BC942}") = "Lab5_2_Old", "Lab5_2_Old\Lab5_2_Old.vcxproj", "{2F6BA031-F086-428E-9CD6-D722C2193698}"
EndProject
Project("{2150E333-8FDC-42A3-9474-1A3956D46DE8}") = "Borodkin", "Borodkin", "{938687EE-559F-405F-A404-1F8FA6DEBA50}"
EndProject
Global
	GlobalSection(SolutionConfigurationPlatforms) = preSolution
		Debug|Any CPU = Debug|Any CPU
		Debug|x64 = Debug|x64
		Debug|x86 = Debug|x86
		Release|Any CPU = Release|Any CPU
		Release|x64 = Release|x64
		Release|x86 = Release|x86
	EndGlobalSection
	GlobalSection(ProjectConfigurationPlatforms) = postSolution
		{0F9EAF8A-6B11-4408-BD92-BCA272906DBC}.Debug|Any CPU.ActiveCfg = Debug|x64
		{0F9EAF8A-6B11-4408-BD92-BCA272906DBC}.Debug|Any CPU.Build.0 = Debug|x64
		{0F9EAF8A-6B11-4408-BD92-BCA272906DBC}.Debug|x64.ActiveCfg = Debug|x64
		{0F9EAF8A-6B11-4408-BD92-BCA272906DBC}.Debug|x64.Build.0 = Debug|x64
		{0F9EAF8A-6B11-4408-BD92-BCA272906DBC}.Debug|x86.ActiveCfg = Debug|Win32
		{0F9EAF8A-6B11-4408-BD92-BCA272906DBC}.Debug|x86.Build.0 = Debug|Win32
		{0F9EAF8A-6B11-4408-BD92-BCA272906DBC}.Release|Any CPU.ActiveCfg = Release|x64
		{0F9EAF8A-6B11-4408-BD92-BCA272906DBC}.Release|Any CPU.Build.0 = Release|x64
		{0F9EAF8A-6B11-4408-BD92-BCA272906DBC}.Release|x64.ActiveCfg = Release|x64
		{0F9EAF8A-6B11-4408-BD92-BCA272906DBC}.Release|x64.Build.0 = Release|x64
		{0F9EAF8A-6B11-4408-BD92-BCA272906DBC}.Release|x86.ActiveCfg = Release|Win32
		{0F9EAF8A-6B11-4408-BD92-BCA272906DBC}.Release|x86.Build.0 = Release|Win32
		{5C74DD48-9598-42C3-B4A1-3CF107984146}.Debug|Any CPU.ActiveCfg = Debug|x64
		{5C74DD48-9598-42C3-B4A1-3CF107984146}.Debug|Any CPU.Build.0 = Debug|x64
		{5C74DD48-9598-42C3-B4A1-3CF107984146}.Debug|x64.ActiveCfg = Debug|x64
		{5C74DD48-9598-42C3-B4A1-3CF107984146}.Debug|x64.Build.0 = Debug|x64
		{5C74DD48-9598-42C3-B4A1-3CF107984146}.Debug|x86.ActiveCfg = Debug|Win32
		{5C74DD48-9598-42C3-B4A1-3CF107984146}.Debug|x86.Build.0 = Debug|Win32
		{5C74DD48-9598-42C3-B4A1-3CF107984146}.Release|Any CPU.ActiveCfg = Release|x64
		{5C74DD48-9598-42C3-B4A1-3CF107984146}.Release|Any CPU.Build.0 = Release|x64
		{5C74DD48-9598-42C3-B4A1-3CF107984146}.Release|x64.ActiveCfg = Release|x64
		{5C74DD48-9598-42C3-B4A1-3CF107984146}.Release|x64.Build.0 = Release|x64
		{5C74DD48-9598-42C3-B4A1-3CF107984146}.Release|x86.ActiveCfg = Release|Win32
		{5C74DD48-9598-42C3-B4A1-3CF107984146}.Release|x86.Build.0 = Release|Win32
		{DCF4EA5E-4658-48B4-A1F7-8C95BF582247}.Debug|Any CPU.ActiveCfg = Debug|x64
		{DCF4EA5E-4658-48B4-A1F7-8C95BF582247}.Debug|Any CPU.Build.0 = Debug|x64
		{DCF4EA5E-4658-48B4-A1F7-8C95BF582247}.Debug|x64.ActiveCfg = Debug|x64
		{DCF4EA5E-4658-48B4-A1F7-8C95BF582247}.Debug|x64.Build.0 = Debug|x64
		{DCF4EA5E-4658-48B4-A1F7-8C95BF582247}.Debug|x86.ActiveCfg = Debug|Win32
		{DCF4EA5E-4658-48B4-A1F7-8C95BF582247}.Debug|x86.Build.0 = Debug|Win32
		{DCF4EA5E-4658-48B4-A1F7-8C95BF582247}.Release|Any CPU.ActiveCfg = Release|x64
		{DCF4EA5E-4658-48B4-A1F7-8C95BF582247}.Release|Any CPU.Build.0 = Release|x64
		{DCF4EA5E-4658-48B4-A1F7-8C95BF582247}.Release|x64.ActiveCfg = Release|x64
		{DCF4EA5E-4658-48B4-A1F7-8C95BF582247}.Release|x64.Build.0 = Release|x64
		{DCF4EA5E-4658-48B4-A1F7-8C95BF582247}.Release|x86.ActiveCfg = Release|Win32
		{DCF4EA5E-4658-48B4-A1F7-8C95BF582247}.Release|x86.Build.0 = Release|Win32
		{1B3341CF-5154-4AB1-89F4-6C0DE95178C8}.Debug|Any CPU.ActiveCfg = Debug|x64
		{1B3341CF-5154-4AB1-89F4-6C0DE95178C8}.Debug|Any CPU.Build.0 = Debug|x64
		{1B3341CF-5154-4AB1-89F4-6C0DE95178C8}.Debug|x64.ActiveCfg = Debug|x64
		{1B3341CF-5154-4AB1-89F4-6C0DE95178C8}.Debug|x64.Build.0 = Debug|x64
		{1B3341CF-5154-4AB1-89F4-6C0DE95178C8}.Debug|x86.ActiveCfg = Debug|Win32
		{1B3341CF-5154-4AB1-89F4-6C0DE95178C8}.Debug|x86.Build.0 = Debug|Win32
		{1B3341CF-5154-4AB1-89F4-6C0DE95178C8}.Release|Any CPU.ActiveCfg = Release|x64
		{1B3341CF-5154-4AB1-89F4-6C0DE95178C8}.Release|Any CPU.Build.0 = Release|x64
		{1B3341CF-5154-4AB1-89F4-6C0DE95178C8}.Release|x64.ActiveCfg = Release|x64
		{1B3341CF-5154-4AB1-89F4-6C0DE95178C8}.Release|x64.Build.0 = Release|x64
		{1B3341CF-5154-4AB1-89F4-6C0DE95178C8}.Release|x86.ActiveCfg = Release|Win32
		{1B3341CF-5154-4AB1-89F4-6C0DE95178C8}.Release|x86.Build.0 = Release|Win32
		{050F2EB0-1503-4BC8-A23A-4B8CAB094041}.Debug|Any CPU.ActiveCfg = Debug|x64
		{050F2EB0-1503-4BC8-A23A-4B8CAB094041}.Debug|Any CPU.Build.0 = Debug|x64
		{050F2EB0-1503-4BC8-A23A-4B8CAB094041}.Debug|x64.ActiveCfg = Debug|x64
		{050F2EB0-1503-4BC8-A23A-4B8CAB094041}.Debug|x64.Build.0 = Debug|x64
		{050F2EB0-1503-4BC8-A23A-4B8CAB094041}.Debug|x86.ActiveCfg = Debug|Win32
		{050F2EB0-1503-4BC8-A23A-4B8CAB094041}.Debug|x86.Build.0 = Debug|Win32
		{050F2EB0-1503-4BC8-A23A-4B8CAB094041}.Release|Any CPU.ActiveCfg = Release|x64
		{050F2EB0-1503-4BC8-A23A-4B8CAB094041}.Release|Any CPU.Build.0 = Release|x64
		{050F2EB0-1503-4BC8-A23A-4B8CAB094041}.Release|x64.ActiveCfg = Release|x64
		{050F2EB0-1503-4BC8-A23A-4B8CAB094041}.Release|x64.Build.0 = Release|x64
		{050F2EB0-1503-4BC8-A23A-4B8CAB094041}.Release|x86.ActiveCfg = Release|Win32
		{050F2EB0-1503-4BC8-A23A-4B8CAB094041}.Release|x86.Build.0 = Release|Win32
		{99AC8990-AB7C-4E7D-8AB7-2E855BBC7126}.Debug|Any CPU.ActiveCfg = Debug|x64
		{99AC8990-AB7C-4E7D-8AB7-2E855BBC7126}.Debug|Any CPU.Build.0 = Debug|x64
		{99AC8990-AB7C-4E7D-8AB7-2E855BBC7126}.Debug|x64.ActiveCfg = Debug|x64
		{99AC8990-AB7C-4E7D-8AB7-2E855BBC7126}.Debug|x64.Build.0 = Debug|x64
		{99AC8990-AB7C-4E7D-8AB7-2E855BBC7126}.Debug|x86.ActiveCfg = Debug|Win32
		{99AC8990-AB7C-4E7D-8AB7-2E855BBC7126}.Debug|x86.Build.0 = Debug|Win32
		{99AC8990-AB7C-4E7D-8AB7-2E855BBC7126}.Release|Any CPU.ActiveCfg = Release|x64
		{99AC8990-AB7C-4E7D-8AB7-2E855BBC7126}.Release|Any CPU.Build.0 = Release|x64
		{99AC8990-AB7C-4E7D-8AB7-2E855BBC7126}.Release|x64.ActiveCfg = Release|x64
		{99AC8990-AB7C-4E7D-8AB7-2E855BBC7126}.Release|x64.Build.0 = Release|x64
		{99AC8990-AB7C-4E7D-8AB7-2E855BBC7126}.Release|x86.ActiveCfg = Release|Win32
		{99AC8990-AB7C-4E7D-8AB7-2E855BBC7126}.Release|x86.Build.0 = Release|Win32
		{214BE31F-7E36-45F0-9637-885E72E79C41}.Debug|Any CPU.ActiveCfg = Debug|x64
		{214BE31F-7E36-45F0-9637-885E72E79C41}.Debug|Any CPU.Build.0 = Debug|x64
		{214BE31F-7E36-45F0-9637-885E72E79C41}.Debug|x64.ActiveCfg = Debug|x64
		{214BE31F-7E36-45F0-9637-885E72E79C41}.Debug|x64.Build.0 = Debug|x64
		{214BE31F-7E36-45F0-9637-885E72E79C41}.Debug|x86.ActiveCfg = Debug|Win32
		{214BE31F-7E36-45F0-9637-885E72E79C41}.Debug|x86.Build.0 = Debug|Win32
		{214BE31F-7E36-45F0-9637-885E72E79C41}.Release|Any CPU.ActiveCfg = Release|x64
		{214BE31F-7E36-45F0-9637-885E72E79C41}.Release|Any CPU.Build.0 = Release|x64
		{214BE31F-7E36-45F0-9637-885E72E79C41}.Release|x64.ActiveCfg = Release|x64
		{214BE31F-7E36-45F0-9637-885E72E79C41}.Release|x64.Build.0 = Release|x64
		{214BE31F-7E36-45F0-9637-885E72E79C41}.Release|x86.ActiveCfg = Release|Win32
		{214BE31F-7E36-45F0-9637-885E72E79C41}.Release|x86.Build.0 = Release|Win32
		{0F3A330D-EBC5-4C46-B083-8BB949B1F0F7}.Debug|Any CPU.ActiveCfg = Debug|x64
		{0F3A330D-EBC5-4C46-B083-8BB949B1F0F7}.Debug|Any CPU.Build.0 = Debug|x64
		{0F3A330D-EBC5-4C46-B083-8BB949B1F0F7}.Debug|x64.ActiveCfg = Debug|x64
		{0F3A330D-EBC5-4C46-B083-8BB949B1F0F7}.Debug|x64.Build.0 = Debug|x64
		{0F3A330D-EBC5-4C46-B083-8BB949B1F0F7}.Debug|x86.ActiveCfg = Debug|Win32
		{0F3A330D-EBC5-4C46-B083-8BB949B1F0F7}.Debug|x86.Build.0 = Debug|Win32
		{0F3A330D-EBC5-4C46-B083-8BB949B1F0F7}.Release|Any CPU.ActiveCfg = Release|x64
		{0F3A330D-EBC5-4C46-B083-8BB949B1F0F7}.Release|Any CPU.Build.0 = Release|x64
		{0F3A330D-EBC5-4C46-B083-8BB949B1F0F7}.Release|x64.ActiveCfg = Release|x64
		{0F3A330D-EBC5-4C46-B083-8BB949B1F0F7}.Release|x64.Build.0 = Release|x64
		{0F3A330D-EBC5-4C46-B083-8BB949B1F0F7}.Release|x86.ActiveCfg = Release|Win32
		{0F3A330D-EBC5-4C46-B083-8BB949B1F0F7}.Release|x86.Build.0 = Release|Win32
		{B69675EC-689D-47F9-8496-93EDC2E2C90A}.Debug|Any CPU.ActiveCfg = Debug|x64
		{B69675EC-689D-47F9-8496-93EDC2E2C90A}.Debug|Any CPU.Build.0 = Debug|x64
		{B69675EC-689D-47F9-8496-93EDC2E2C90A}.Debug|x64.ActiveCfg = Debug|x64
		{B69675EC-689D-47F9-8496-93EDC2E2C90A}.Debug|x64.Build.0 = Debug|x64
		{B69675EC-689D-47F9-8496-93EDC2E2C90A}.Debug|x86.ActiveCfg = Debug|Win32
		{B69675EC-689D-47F9-8496-93EDC2E2C90A}.Debug|x86.Build.0 = Debug|Win32
		{B69675EC-689D-47F9-8496-93EDC2E2C90A}.Release|Any CPU.ActiveCfg = Release|x64
		{B69675EC-689D-47F9-8496-93EDC2E2C90A}.Release|Any CPU.Build.0 = Release|x64
		{B69675EC-689D-47F9-8496-93EDC2E2C90A}.Release|x64.ActiveCfg = Release|x64
		{B69675EC-689D-47F9-8496-93EDC2E2C90A}.Release|x64.Build.0 = Release|x64
		{B69675EC-689D-47F9-8496-93EDC2E2C90A}.Release|x86.ActiveCfg = Release|Win32
		{B69675EC-689D-47F9-8496-93EDC2E2C90A}.Release|x86.Build.0 = Release|Win32
		{F52CEAF1-26BE-4E3D-91CD-C0009F2831B6}.Debug|Any CPU.ActiveCfg = Debug|x64
		{F52CEAF1-26BE-4E3D-91CD-C0009F2831B6}.Debug|Any CPU.Build.0 = Debug|x64
		{F52CEAF1-26BE-4E3D-91CD-C0009F2831B6}.Debug|x64.ActiveCfg = Debug|x64
		{F52CEAF1-26BE-4E3D-91CD-C0009F2831B6}.Debug|x64.Build.0 = Debug|x64
		{F52CEAF1-26BE-4E3D-91CD-C0009F2831B6}.Debug|x86.ActiveCfg = Debug|Win32
		{F52CEAF1-26BE-4E3D-91CD-C0009F2831B6}.Debug|x86.Build.0 = Debug|Win32
		{F52CEAF1-26BE-4E3D-91CD-C0009F2831B6}.Release|Any CPU.ActiveCfg = Release|x64
		{F52CEAF1-26BE-4E3D-91CD-C0009F2831B6}.Release|Any CPU.Build.0 = Release|x64
		{F52CEAF1-26BE-4E3D-91CD-C0009F2831B6}.Release|x64.ActiveCfg = Release|x64
		{F52CEAF1-26BE-4E3D-91CD-C0009F2831B6}.Release|x64.Build.0 = Release|x64
		{F52CEAF1-26BE-4E3D-91CD-C0009F2831B6}.Release|x86.ActiveCfg = Release|Win32
		{F52CEAF1-26BE-4E3D-91CD-C0009F2831B6}.Release|x86.Build.0 = Release|Win32
		{431DAB57-4EAB-48D6-BA0E-F52B6695E4FD}.Debug|Any CPU.ActiveCfg = Debug|x64
		{431DAB57-4EAB-48D6-BA0E-F52B6695E4FD}.Debug|Any CPU.Build.0 = Debug|x64
		{431DAB57-4EAB-48D6-BA0E-F52B6695E4FD}.Debug|x64.ActiveCfg = Debug|x64
		{431DAB57-4EAB-48D6-BA0E-F52B6695E4FD}.Debug|x64.Build.0 = Debug|x64
		{431DAB57-4EAB-48D6-BA0E-F52B6695E4FD}.Debug|x86.ActiveCfg = Debug|Win32
		{431DAB57-4EAB-48D6-BA0E-F52B6695E4FD}.Debug|x86.Build.0 = Debug|Win32
		{431DAB57-4EAB-48D6-BA0E-F52B6695E4FD}.Release|Any CPU.ActiveCfg = Release|x64
		{431DAB57-4EAB-48D6-BA0E-F52B6695E4FD}.Release|Any CPU.Build.0 = Release|x64
		{431DAB57-4EAB-48D6-BA0E-F52B6695E4FD}.Release|x64.ActiveCfg = Release|x64
		{431DAB57-4EAB-48D6-BA0E-F52B6695E4FD}.Release|x64.Build.0 = Release|x64
		{431DAB57-4EAB-48D6-BA0E-F52B6695E4FD}.Release|x86.ActiveCfg = Release|Win32
		{431DAB57-4EAB-48D6-BA0E-F52B6695E4FD}.Release|x86.Build.0 = Release|Win32
		{CDAEB078-D279-40F3-8821-A9D2A3F8099D}.Debug|Any CPU.ActiveCfg = Debug|x64
		{CDAEB078-D279-40F3-8821-A9D2A3F8099D}.Debug|Any CPU.Build.0 = Debug|x64
		{CDAEB078-D279-40F3-8821-A9D2A3F8099D}.Debug|x64.ActiveCfg = Debug|x64
		{CDAEB078-D279-40F3-8821-A9D2A3F8099D}.Debug|x64.Build.0 = Debug|x64
		{CDAEB078-D279-40F3-8821-A9D2A3F8099D}.Debug|x86.ActiveCfg = Debug|Win32
		{CDAEB078-D279-40F3-8821-A9D2A3F8099D}.Debug|x86.Build.0 = Debug|Win32
		{CDAEB078-D279-40F3-8821-A9D2A3F8099D}.Release|Any CPU.ActiveCfg = Release|x64
		{CDAEB078-D279-40F3-8821-A9D2A3F8099D}.Release|Any CPU.Build.0 = Release|x64
		{CDAEB078-D279-40F3-8821-A9D2A3F8099D}.Release|x64.ActiveCfg = Release|x64
		{CDAEB078-D279-40F3-8821-A9D2A3F8099D}.Release|x64.Build.0 = Release|x64
		{CDAEB078-D279-40F3-8821-A9D2A3F8099D}.Release|x86.ActiveCfg = Release|Win32
		{CDAEB078-D279-40F3-8821-A9D2A3F8099D}.Release|x86.Build.0 = Release|Win32
		{5A226D8D-1A86-4F58-A17E-5F8D7A6B7AFA}.Debug|Any CPU.ActiveCfg = Debug|x64
		{5A226D8D-1A86-4F58-A17E-5F8D7A6B7AFA}.Debug|Any CPU.Build.0 = Debug|x64
		{5A226D8D-1A86-4F58-A17E-5F8D7A6B7AFA}.Debug|x64.ActiveCfg = Debug|x64
		{5A226D8D-1A86-4F58-A17E-5F8D7A6B7AFA}.Debug|x64.Build.0 = Debug|x64
		{5A226D8D-1A86-4F58-A17E-5F8D7A6B7AFA}.Debug|x86.ActiveCfg = Debug|Win32
		{5A226D8D-1A86-4F58-A17E-5F8D7A6B7AFA}.Debug|x86.Build.0 = Debug|Win32
		{5A226D8D-1A86-4F58-A17E-5F8D7A6B7AFA}.Release|Any CPU.ActiveCfg = Release|x64
		{5A226D8D-1A86-4F58-A17E-5F8D7A6B7AFA}.Release|Any CPU.Build.0 = Release|x64
		{5A226D8D-1A86-4F58-A17E-5F8D7A6B7AFA}.Release|x64.ActiveCfg = Release|x64
		{5A226D8D-1A86-4F58-A17E-5F8D7A6B7AFA}.Release|x64.Build.0 = Release|x64
		{5A226D8D-1A86-4F58-A17E-5F8D7A6B7AFA}.Release|x86.ActiveCfg = Release|Win32
		{5A226D8D-1A86-4F58-A17E-5F8D7A6B7AFA}.Release|x86.Build.0 = Release|Win32
		{22A6899B-FEA4-404C-9B94-31DC49C28AB5}.Debug|Any CPU.ActiveCfg = Debug|Any CPU
		{22A6899B-FEA4-404C-9B94-31DC49C28AB5}.Debug|Any CPU.Build.0 = Debug|Any CPU
		{22A6899B-FEA4-404C-9B94-31DC49C28AB5}.Debug|x64.ActiveCfg = Debug|Any CPU
		{22A6899B-FEA4-404C-9B94-31DC49C28AB5}.Debug|x64.Build.0 = Debug|Any CPU
		{22A6899B-FEA4-404C-9B94-31DC49C28AB5}.Debug|x86.ActiveCfg = Debug|Any CPU
		{22A6899B-FEA4-404C-9B94-31DC49C28AB5}.Debug|x86.Build.0 = Debug|Any CPU
		{22A6899B-FEA4-404C-9B94-31DC49C28AB5}.Release|Any CPU.ActiveCfg = Release|Any CPU
		{22A6899B-FEA4-404C-9B94-31DC49C28AB5}.Release|Any CPU.Build.0 = Release|Any CPU
		{22A6899B-FEA4-404C-9B94-31DC49C28AB5}.Release|x64.ActiveCfg = Release|Any CPU
		{22A6899B-FEA4-404C-9B94-31DC49C28AB5}.Release|x64.Build.0 = Release|Any CPU
		{22A6899B-FEA4-404C-9B94-31DC49C28AB5}.Release|x86.ActiveCfg = Release|Any CPU
		{22A6899B-FEA4-404C-9B94-31DC49C28AB5}.Release|x86.Build.0 = Release|Any CPU
		{C45E2141-2A08-4432-8A46-ABC15A763DC2}.Debug|Any CPU.ActiveCfg = Debug|x64
		{C45E2141-2A08-4432-8A46-ABC15A763DC2}.Debug|Any CPU.Build.0 = Debug|x64
		{C45E2141-2A08-4432-8A46-ABC15A763DC2}.Debug|x64.ActiveCfg = Debug|x64
		{C45E2141-2A08-4432-8A46-ABC15A763DC2}.Debug|x64.Build.0 = Debug|x64
		{C45E2141-2A08-4432-8A46-ABC15A763DC2}.Debug|x86.ActiveCfg = Debug|Win32
		{C45E2141-2A08-4432-8A46-ABC15A763DC2}.Debug|x86.Build.0 = Debug|Win32
		{C45E2141-2A08-4432-8A46-ABC15A763DC2}.Release|Any CPU.ActiveCfg = Release|x64
		{C45E2141-2A08-4432-8A46-ABC15A763DC2}.Release|Any CPU.Build.0 = Release|x64
		{C45E2141-2A08-4432-8A46-ABC15A763DC2}.Release|x64.ActiveCfg = Release|x64
		{C45E2141-2A08-4432-8A46-ABC15A763DC2}.Release|x64.Build.0 = Release|x64
		{C45E2141-2A08-4432-8A46-ABC15A763DC2}.Release|x86.ActiveCfg = Release|Win32
		{C45E2141-2A08-4432-8A46-ABC15A763DC2}.Release|x86.Build.0 = Release|Win32
		{B5A9DD4C-B5BD-441C-AB10-04743B69052E}.Debug|Any CPU.ActiveCfg = Debug|x64
		{B5A9DD4C-B5BD-441C-AB10-04743B69052E}.Debug|Any CPU.Build.0 = Debug|x64
		{B5A9DD4C-B5BD-441C-AB10-04743B69052E}.Debug|x64.ActiveCfg = Debug|x64
		{B5A9DD4C-B5BD-441C-AB10-04743B69052E}.Debug|x64.Build.0 = Debug|x64
		{B5A9DD4C-B5BD-441C-AB10-04743B69052E}.Debug|x86.ActiveCfg = Debug|Win32
		{B5A9DD4C-B5BD-441C-AB10-04743B69052E}.Debug|x86.Build.0 = Debug|Win32
		{B5A9DD4C-B5BD-441C-AB10-04743B69052E}.Release|Any CPU.ActiveCfg = Release|x64
		{B5A9DD4C-B5BD-441C-AB10-04743B69052E}.Release|Any CPU.Build.0 = Release|x64
		{B5A9DD4C-B5BD-441C-AB10-04743B69052E}.Release|x64.ActiveCfg = Release|x64
		{B5A9DD4C-B5BD-441C-AB10-04743B69052E}.Release|x64.Build.0 = Release|x64
		{B5A9DD4C-B5BD-441C-AB10-04743B69052E}.Release|x86.ActiveCfg = Release|Win32
		{B5A9DD4C-B5BD-441C-AB10-04743B69052E}.Release|x86.Build.0 = Release|Win32
		{69AE667D-EB14-41E4-84C7-0FFE5AE07C92}.Debug|Any CPU.ActiveCfg = Debug|x64
		{69AE667D-EB14-41E4-84C7-0FFE5AE07C92}.Debug|Any CPU.Build.0 = Debug|x64
		{69AE667D-EB14-41E4-84C7-0FFE5AE07C92}.Debug|x64.ActiveCfg = Debug|x64
		{69AE667D-EB14-41E4-84C7-0FFE5AE07C92}.Debug|x64.Build.0 = Debug|x64
		{69AE667D-EB14-41E4-84C7-0FFE5AE07C92}.Debug|x86.ActiveCfg = Debug|Win32
		{69AE667D-EB14-41E4-84C7-0FFE5AE07C92}.Debug|x86.Build.0 = Debug|Win32
		{69AE667D-EB14-41E4-84C7-0FFE5AE07C92}.Release|Any CPU.ActiveCfg = Release|x64
		{69AE667D-EB14-41E4-84C7-0FFE5AE07C92}.Release|Any CPU.Build.0 = Release|x64
		{69AE667D-EB14-41E4-84C7-0FFE5AE07C92}.Release|x64.ActiveCfg = Release|x64
		{69AE667D-EB14-41E4-84C7-0FFE5AE07C92}.Release|x64.Build.0 = Release|x64
		{69AE667D-EB14-41E4-84C7-0FFE5AE07C92}.Release|x86.ActiveCfg = Release|Win32
		{69AE667D-EB14-41E4-84C7-0FFE5AE07C92}.Release|x86.Build.0 = Release|Win32
		{BEF5EB50-84EC-4312-8E7F-66184EA43DE2}.Debug|Any CPU.ActiveCfg = Debug|x64
		{BEF5EB50-84EC-4312-8E7F-66184EA43DE2}.Debug|Any CPU.Build.0 = Debug|x64
		{BEF5EB50-84EC-4312-8E7F-66184EA43DE2}.Debug|x64.ActiveCfg = Debug|x64
		{BEF5EB50-84EC-4312-8E7F-66184EA43DE2}.Debug|x64.Build.0 = Debug|x64
		{BEF5EB50-84EC-4312-8E7F-66184EA43DE2}.Debug|x86.ActiveCfg = Debug|Win32
		{BEF5EB50-84EC-4312-8E7F-66184EA43DE2}.Debug|x86.Build.0 = Debug|Win32
		{BEF5EB50-84EC-4312-8E7F-66184EA43DE2}.Release|Any CPU.ActiveCfg = Release|x64
		{BEF5EB50-84EC-4312-8E7F-66184EA43DE2}.Release|Any CPU.Build.0 = Release|x64
		{BEF5EB50-84EC-4312-8E7F-66184EA43DE2}.Release|x64.ActiveCfg = Release|x64
		{BEF5EB50-84EC-4312-8E7F-66184EA43DE2}.Release|x64.Build.0 = Release|x64
		{BEF5EB50-84EC-4312-8E7F-66184EA43DE2}.Release|x86.ActiveCfg = Release|Win32
		{BEF5EB50-84EC-4312-8E7F-66184EA43DE2}.Release|x86.Build.0 = Release|Win32
		{2F6BA031-F086-428E-9CD6-D722C2193698}.Debug|Any CPU.ActiveCfg = Debug|x64
		{2F6BA031-F086-428E-9CD6-D722C2193698}.Debug|Any CPU.Build.0 = Debug|x64
		{2F6BA031-F086-428E-9CD6-D722C2193698}.Debug|x64.ActiveCfg = Debug|x64
		{2F6BA031-F086-428E-9CD6-D722C2193698}.Debug|x64.Build.0 = Debug|x64
		{2F6BA031-F086-428E-9CD6-D722C2193698}.Debug|x86.ActiveCfg = Debug|Win32
		{2F6BA031-F086-428E-9CD6-D722C2193698}.Debug|x86.Build.0 = Debug|Win32
		{2F6BA031-F086-428E-9CD6-D722C2193698}.Release|Any CPU.ActiveCfg = Release|x64
		{2F6BA031-F086-428E-9CD6-D722C2193698}.Release|Any CPU.Build.0 = Release|x64
		{2F6BA031-F086-428E-9CD6-D722C2193698}.Release|x64.ActiveCfg = Release|x64
		{2F6BA031-F086-428E-9CD6-D722C2193698}.Release|x64.Build.0 = Release|x64
		{2F6BA031-F086-428E-9CD6-D722C2193698}.Release|x86.ActiveCfg = Release|Win32
		{2F6BA031-F086-428E-9CD6-D722C2193698}.Release|x86.Build.0 = Release|Win32
	EndGlobalSection
	GlobalSection(SolutionProperties) = preSolution
		HideSolutionNode = FALSE
	EndGlobalSection
	GlobalSection(NestedProjects) = preSolution
		{0F9EAF8A-6B11-4408-BD92-BCA272906DBC} = {8820BCFB-D546-4F09-9BC8-75A589FDCCA2}
		{5C74DD48-9598-42C3-B4A1-3CF107984146} = {8820BCFB-D546-4F09-9BC8-75A589FDCCA2}
		{8820BCFB-D546-4F09-9BC8-75A589FDCCA2} = {938687EE-559F-405F-A404-1F8FA6DEBA50}
		{D7B5AE26-9531-4996-B4BE-F803ACA1BE26} = {938687EE-559F-405F-A404-1F8FA6DEBA50}
		{DCF4EA5E-4658-48B4-A1F7-8C95BF582247} = {D7B5AE26-9531-4996-B4BE-F803ACA1BE26}
		{1B3341CF-5154-4AB1-89F4-6C0DE95178C8} = {D7B5AE26-9531-4996-B4BE-F803ACA1BE26}
		{050F2EB0-1503-4BC8-A23A-4B8CAB094041} = {D7B5AE26-9531-4996-B4BE-F803ACA1BE26}
		{EF2E6B8B-D0A4-478F-B923-270E030DBC59} = {938687EE-559F-405F-A404-1F8FA6DEBA50}
		{99AC8990-AB7C-4E7D-8AB7-2E855BBC7126} = {EF2E6B8B-D0A4-478F-B923-270E030DBC59}
		{214BE31F-7E36-45F0-9637-885E72E79C41} = {EF2E6B8B-D0A4-478F-B923-270E030DBC59}
		{0F3A330D-EBC5-4C46-B083-8BB949B1F0F7} = {EF2E6B8B-D0A4-478F-B923-270E030DBC59}
		{B69675EC-689D-47F9-8496-93EDC2E2C90A} = {EF2E6B8B-D0A4-478F-B923-270E030DBC59}
		{75F945C9-E01F-4C07-89C7-3F50AD0D49C8} = {938687EE-559F-405F-A404-1F8FA6DEBA50}
		{F52CEAF1-26BE-4E3D-91CD-C0009F2831B6} = {75F945C9-E01F-4C07-89C7-3F50AD0D49C8}
		{C62671CB-9C19-4E55-8525-7E48251F8CE6} = {938687EE-559F-405F-A404-1F8FA6DEBA50}
		{431DAB57-4EAB-48D6-BA0E-F52B6695E4FD} = {C62671CB-9C19-4E55-8525-7E48251F8CE6}
		{CDAEB078-D279-40F3-8821-A9D2A3F8099D} = {C62671CB-9C19-4E55-8525-7E48251F8CE6}
		{5A226D8D-1A86-4F58-A17E-5F8D7A6B7AFA} = {C62671CB-9C19-4E55-8525-7E48251F8CE6}
		{22A6899B-FEA4-404C-9B94-31DC49C28AB5} = {75F945C9-E01F-4C07-89C7-3F50AD0D49C8}
		{F234F73A-F86E-4BBB-86D7-C7832D740097} = {75F945C9-E01F-4C07-89C7-3F50AD0D49C8}
		{C45E2141-2A08-4432-8A46-ABC15A763DC2} = {F234F73A-F86E-4BBB-86D7-C7832D740097}
		{E005BC22-8DE5-4094-BA50-B85F9FDADCC4} = {938687EE-559F-405F-A404-1F8FA6DEBA50}
		{B5A9DD4C-B5BD-441C-AB10-04743B69052E} = {E005BC22-8DE5-4094-BA50-B85F9FDADCC4}
		{69AE667D-EB14-41E4-84C7-0FFE5AE07C92} = {E005BC22-8DE5-4094-BA50-B85F9FDADCC4}
		{BEF5EB50-84EC-4312-8E7F-66184EA43DE2} = {E005BC22-8DE5-4094-BA50-B85F9FDADCC4}
		{2F6BA031-F086-428E-9CD6-D722C2193698} = {E005BC22-8DE5-4094-BA50-B85F9FDADCC4}
	EndGlobalSection
	GlobalSection(ExtensibilityGlobals) = postSolution
		SolutionGuid = {2B29F3E4-ED02-4606-AD9F-A8B12780E87E}
	EndGlobalSection
EndGlobal
