
Microsoft Visual Studio Solution File, Format Version 12.00
# Visual Studio Version 17
VisualStudioVersion = 17.3.32922.545
MinimumVisualStudioVersion = 10.0.40219.1
Project("{2150E333-8FDC-42A3-9474-1A3956D46DE8}") = "Borodkin", "Borodkin", "{BC3F6BEF-213C-4086-B0B3-613CB9F523D7}"
EndProject
Project("{8BC9CEB8-8B4A-11D0-8D11-00A0C91BC942}") = "Lab Old", "Borodkin\Lab Old\Lab Old.vcxproj", "{B69675EC-689D-47F9-8496-93EDC2E2C90A}"
EndProject
Project("{2150E333-8FDC-42A3-9474-1A3956D46DE8}") = "Lab2", "Lab2", "{BFEE85F6-DFF8-485A-87C2-009EEE94AFFE}"
EndProject
Project("{8BC9CEB8-8B4A-11D0-8D11-00A0C91BC942}") = "Lab2_1", "Borodkin\Lab2\Lab2_1\Lab2_1.vcxproj", "{DCF4EA5E-4658-48B4-A1F7-8C95BF582247}"
EndProject
Project("{8BC9CEB8-8B4A-11D0-8D11-00A0C91BC942}") = "Lab2_2", "Borodkin\Lab2\Lab2_2\Lab2_2.vcxproj", "{1B3341CF-5154-4AB1-89F4-6C0DE95178C8}"
EndProject
Project("{8BC9CEB8-8B4A-11D0-8D11-00A0C91BC942}") = "Lab2_3", "Borodkin\Lab2\Lab2_3\Lab2_3.vcxproj", "{050F2EB0-1503-4BC8-A23A-4B8CAB094041}"
EndProject
Project("{2150E333-8FDC-42A3-9474-1A3956D46DE8}") = "Lab3", "Lab3", "{2CB9367A-D8AD-45B2-BE23-17DA6A7598E3}"
EndProject
Project("{8BC9CEB8-8B4A-11D0-8D11-00A0C91BC942}") = "Lab3_1", "Borodkin\Lab3\Lab3_1\Lab3_1.vcxproj", "{99AC8990-AB7C-4E7D-8AB7-2E855BBC7126}"
EndProject
Project("{8BC9CEB8-8B4A-11D0-8D11-00A0C91BC942}") = "Lab3_2", "Borodkin\Lab3\Lab3_2\Lab3_2.vcxproj", "{214BE31F-7E36-45F0-9637-885E72E79C41}"
EndProject
Project("{8BC9CEB8-8B4A-11D0-8D11-00A0C91BC942}") = "Lab3_3", "Borodkin\Lab3\Lab3_3\Lab3_3.vcxproj", "{0F3A330D-EBC5-4C46-B083-8BB949B1F0F7}"
EndProject
Project("{2150E333-8FDC-42A3-9474-1A3956D46DE8}") = "Lab4", "Lab4", "{B973DBDA-8642-42B3-9E66-31D6C865D482}"
EndProject
Project("{8BC9CEB8-8B4A-11D0-8D11-00A0C91BC942}") = "Lab4_1", "Borodkin\Lab4\Lab4_1\Lab4_1.vcxproj", "{431DAB57-4EAB-48D6-BA0E-F52B6695E4FD}"
EndProject
Project("{8BC9CEB8-8B4A-11D0-8D11-00A0C91BC942}") = "Lab4_2", "Borodkin\Lab4\Lab4_2\Lab4_2.vcxproj", "{CDAEB078-D279-40F3-8821-A9D2A3F8099D}"
EndProject
Project("{8BC9CEB8-8B4A-11D0-8D11-00A0C91BC942}") = "Lab4_3", "Borodkin\Lab4\Lab4_3\Lab4_3.vcxproj", "{5A226D8D-1A86-4F58-A17E-5F8D7A6B7AFA}"
EndProject
Project("{2150E333-8FDC-42A3-9474-1A3956D46DE8}") = "Lab5", "Lab5", "{104FB8AF-8601-495D-9803-25FBC09B448E}"
EndProject
Project("{8BC9CEB8-8B4A-11D0-8D11-00A0C91BC942}") = "Lab5_1", "Borodkin\Lab5\Lab5_1\Lab5_1.vcxproj", "{B5A9DD4C-B5BD-441C-AB10-04743B69052E}"
EndProject
Project("{8BC9CEB8-8B4A-11D0-8D11-00A0C91BC942}") = "Lab5_1_Old", "Borodkin\Lab5\Lab5_1_Old\Lab5_1_Old.vcxproj", "{BEF5EB50-84EC-4312-8E7F-66184EA43DE2}"
EndProject
Project("{8BC9CEB8-8B4A-11D0-8D11-00A0C91BC942}") = "Lab5_2", "Borodkin\Lab5\Lab5_2\Lab5_2.vcxproj", "{69AE667D-EB14-41E4-84C7-0FFE5AE07C92}"
EndProject
Project("{8BC9CEB8-8B4A-11D0-8D11-00A0C91BC942}") = "Lab5_2_Old", "Borodkin\Lab5\Lab5_2_Old\Lab5_2_Old.vcxproj", "{2F6BA031-F086-428E-9CD6-D722C2193698}"
EndProject
Project("{2150E333-8FDC-42A3-9474-1A3956D46DE8}") = "Lab6", "Lab6", "{B7A4083D-4C27-42EF-B832-F6A9ACDE731A}"
EndProject
Project("{8BC9CEB8-8B4A-11D0-8D11-00A0C91BC942}") = "Lab6", "Borodkin\Lab6\Lab6.vcxproj", "{B8F65FE6-1FEB-4E47-9629-73ADB2D652B0}"
EndProject
Project("{2150E333-8FDC-42A3-9474-1A3956D46DE8}") = "Lab7", "Lab7", "{358CFF94-2896-475F-8C39-FCF89424332B}"
EndProject
Project("{8BC9CEB8-8B4A-11D0-8D11-00A0C91BC942}") = "Lab7", "Borodkin\Lab7\Lab7.vcxproj", "{B1CA514F-027A-439A-8467-2329B2300802}"
EndProject
Project("{2150E333-8FDC-42A3-9474-1A3956D46DE8}") = "Lab8", "Lab8", "{C1873371-616A-40C0-9888-DAD4F18A22B3}"
EndProject
Project("{2150E333-8FDC-42A3-9474-1A3956D46DE8}") = "Lab9", "Lab9", "{2F6AF6CD-EF83-4EA3-88F5-CDC2CABB482B}"
EndProject
Project("{8BC9CEB8-8B4A-11D0-8D11-00A0C91BC942}") = "Lab8", "Borodkin\Lab8\Lab8.vcxproj", "{FF707543-D0E9-4FFF-8A9E-E240BC896FE6}"
EndProject
Project("{8BC9CEB8-8B4A-11D0-8D11-00A0C91BC942}") = "Lab9_1", "Borodkin\Lab9\Lab9_1\Lab9_1.vcxproj", "{EC2CBA81-5EF7-46C1-92BE-2109C4C1A538}"
EndProject
Project("{8BC9CEB8-8B4A-11D0-8D11-00A0C91BC942}") = "Lab9_2", "Borodkin\Lab9\Lab9_2\Lab9_2.vcxproj", "{3E0894A2-859F-4959-8C92-E82CCAF4F999}"
EndProject
Project("{2150E333-8FDC-42A3-9474-1A3956D46DE8}") = "Stash", "Stash", "{15BC94F5-0D20-4D31-957A-37F0803E50B2}"
EndProject
Project("{8BC9CEB8-8B4A-11D0-8D11-00A0C91BC942}") = "Stash", "Borodkin\Stash\Stash.vcxproj", "{F52CEAF1-26BE-4E3D-91CD-C0009F2831B6}"
EndProject
Project("{8BC9CEB8-8B4A-11D0-8D11-00A0C91BC942}") = "Sanudgo", "Borodkin\Sanudgo\Sanudgo.vcxproj", "{C45E2141-2A08-4432-8A46-ABC15A763DC2}"
EndProject
Project("{2150E333-8FDC-42A3-9474-1A3956D46DE8}") = "Simplecode", "Simplecode", "{2D1A64D8-A22E-4507-8974-F1D09FE755D1}"
EndProject
Project("{8BC9CEB8-8B4A-11D0-8D11-00A0C91BC942}") = "Operators_Ariphmetics", "Simplecode\Operators_Ariphmetics\Operators_Ariphmetics.vcxproj", "{8CBF1A6E-D1A5-4091-A230-005117C39D89}"
EndProject
Project("{8BC9CEB8-8B4A-11D0-8D11-00A0C91BC942}") = "IfElseConstruction", "Simplecode\IfElseConstruction\IfElseConstruction.vcxproj", "{B1A89042-76DB-4D78-BB94-F2F5FFEFCEF2}"
EndProject
Project("{8BC9CEB8-8B4A-11D0-8D11-00A0C91BC942}") = "BasicCalculator", "Simplecode\BasicCalculator\BasicCalculator.vcxproj", "{E0B9BCEE-F42E-48DA-9241-7DAAEA9F01B4}"
EndProject
Project("{8BC9CEB8-8B4A-11D0-8D11-00A0C91BC942}") = "LineOfChars(While)", "Simplecode\LineOfChars(While)\LineOfChars(While).vcxproj", "{3D863109-F663-43D9-A93D-6C6F9D4B2601}"
EndProject
Project("{2150E333-8FDC-42A3-9474-1A3956D46DE8}") = "Элементы решения", "Элементы решения", "{4BF24B2D-B3CC-47D3-860C-D55BA051EBA0}"
	ProjectSection(SolutionItems) = preProject
		task.txt = task.txt
	EndProjectSection
EndProject
Project("{2150E333-8FDC-42A3-9474-1A3956D46DE8}") = "Lab10", "Lab10", "{BD464AE8-4F66-4F69-8923-CA71EA01E2BC}"
EndProject
Project("{8BC9CEB8-8B4A-11D0-8D11-00A0C91BC942}") = "Lab10_1", "Borodkin\Lab10\Lab10_1\Lab10_1.vcxproj", "{BD0B3850-FD50-45AE-B563-CD450FA6EDDB}"
EndProject
Project("{8BC9CEB8-8B4A-11D0-8D11-00A0C91BC942}") = "Lab10_2", "Borodkin\Lab10\Lab10_2\Lab10_2.vcxproj", "{0DF90001-B9AD-4B86-A94E-AE21AF779FE0}"
EndProject
Project("{8BC9CEB8-8B4A-11D0-8D11-00A0C91BC942}") = "Lab10_3", "Borodkin\Lab10\Lab10_3\Lab10_3.vcxproj", "{B349338E-EBC1-4A38-A79A-5852C04A9ADA}"
EndProject
Project("{8BC9CEB8-8B4A-11D0-8D11-00A0C91BC942}") = "Gif", "Borodkin\Stash\Gif\Gif\Gif.vcxproj", "{C03BB4F8-2A46-4811-93D0-D7E8670FCF71}"
EndProject
Project("{2150E333-8FDC-42A3-9474-1A3956D46DE8}") = "Lab11", "Lab11", "{B1D4F6EF-FA40-40D7-A458-BB9B8B12FB5B}"
EndProject
Project("{8BC9CEB8-8B4A-11D0-8D11-00A0C91BC942}") = "Lab11_1", "Borodkin\Lab11\Lab11_1\Lab11_1.vcxproj", "{B3E85F97-098D-48A4-A19E-E9046E4A052F}"
EndProject
Project("{2150E333-8FDC-42A3-9474-1A3956D46DE8}") = "BorodkinYP", "BorodkinYP", "{D4E531CE-693E-48BA-A1A7-BE37FFE96BAE}"
EndProject
Project("{2150E333-8FDC-42A3-9474-1A3956D46DE8}") = "Lab21", "Lab21", "{9717EC1D-5216-4908-A037-4998A43C196E}"
EndProject
Project("{888888A0-9F3D-457C-B088-3A5042F75D52}") = "Lab21", "BorodkinYP\Lab21\Lab21\Lab21.pyproj", "{94841386-B260-4ACE-9B18-44E618F4BAC9}"
EndProject
Project("{8BC9CEB8-8B4A-11D0-8D11-00A0C91BC942}") = "hack", "hack\hack.vcxproj", "{71B6098C-90EC-4FBC-BFAB-CCBB5C75E6F1}"
EndProject
Project("{8BC9CEB8-8B4A-11D0-8D11-00A0C91BC942}") = "Lab9_3", "Borodkin\Lab9\Lab9_3\Lab9_3.vcxproj", "{39A9DB84-53C3-43FA-BA40-5EE82B123F3A}"
EndProject
Project("{8BC9CEB8-8B4A-11D0-8D11-00A0C91BC942}") = "Lab9_4", "Borodkin\Lab9\Lab9_4\Lab9_4.vcxproj", "{71F6A739-9447-43CC-BE1A-883BABF835F1}"
EndProject
Project("{2150E333-8FDC-42A3-9474-1A3956D46DE8}") = "Lab12", "Lab12", "{28476F86-F9D8-476D-A888-EA1B7353044B}"
EndProject
Project("{8BC9CEB8-8B4A-11D0-8D11-00A0C91BC942}") = "Lab11_2", "Borodkin\Lab11\Lab11_2\Lab11_2.vcxproj", "{B6BC430E-A8D1-43F8-8F31-1CF5F0C7B4CD}"
EndProject
Project("{8BC9CEB8-8B4A-11D0-8D11-00A0C91BC942}") = "Lab11_3", "Borodkin\Lab11\Lab11_3\Lab11_3.vcxproj", "{4AD4EB7E-341F-43DB-B924-3E07C9035942}"
EndProject
Project("{8BC9CEB8-8B4A-11D0-8D11-00A0C91BC942}") = "Lab12_1", "Borodkin\Lab12\Lab12_1\Lab12_1.vcxproj", "{4CF85C0C-752F-45E8-A3EF-B74C234DDC1D}"
EndProject
Project("{8BC9CEB8-8B4A-11D0-8D11-00A0C91BC942}") = "Lab12_2", "Borodkin\Lab12\Lab12_2\Lab12_2.vcxproj", "{CEBE2403-99D6-4343-B59F-074F89F69724}"
EndProject
Project("{8BC9CEB8-8B4A-11D0-8D11-00A0C91BC942}") = "arrays", "Simplecode\arrays\arrays.vcxproj", "{6A196969-4CC6-4B4A-8E7A-816695B31F63}"
EndProject
Project("{2150E333-8FDC-42A3-9474-1A3956D46DE8}") = "Lab13", "Lab13", "{B8C9146C-66C6-42B0-9C8B-589904EF9BBF}"
EndProject
Project("{2150E333-8FDC-42A3-9474-1A3956D46DE8}") = "Lab14", "Lab14", "{46E87A4F-049F-49C2-AC0A-19A732F498C0}"
EndProject
Project("{8BC9CEB8-8B4A-11D0-8D11-00A0C91BC942}") = "Lab14", "Lab14\Lab14.vcxproj", "{4A9E0E96-DF0A-422D-8250-A9B26F4F667E}"
EndProject
Project("{2150E333-8FDC-42A3-9474-1A3956D46DE8}") = "Lab11_Maks", "Lab11_Maks", "{14471D05-B20A-499F-B120-626188D28189}"
EndProject
Project("{8BC9CEB8-8B4A-11D0-8D11-00A0C91BC942}") = "Lab12_1", "Borodkin\Lab12_Maks\Lab12_1\Lab12_1.vcxproj", "{A2C81108-A78D-4DF2-9C19-208DE2C21A87}"
EndProject
Project("{8BC9CEB8-8B4A-11D0-8D11-00A0C91BC942}") = "Lab11_2", "Borodkin\Lab12_Maks\Lab12_2\Lab12_2.vcxproj", "{FBE467E3-551D-4522-A6DB-78A61B374BE7}"
EndProject
Project("{8BC9CEB8-8B4A-11D0-8D11-00A0C91BC942}") = "Lab11_3", "Borodkin\Lab12_Maks\Lab12_3\Lab12_3.vcxproj", "{FB8225C5-E6F9-43D9-B51F-0C563D1687AF}"
EndProject
Project("{2150E333-8FDC-42A3-9474-1A3956D46DE8}") = "Lab13_Maks", "Lab13_Maks", "{474F2C47-8F8F-44B1-AC36-92ADEF0A2F7C}"
EndProject
Project("{8BC9CEB8-8B4A-11D0-8D11-00A0C91BC942}") = "Lab13_1", "Borodkin\Lab13_Maks\Lab13_1\Lab13_1.vcxproj", "{EBD0A014-4530-48F7-83FC-83DEA33C20EF}"
EndProject
Project("{2150E333-8FDC-42A3-9474-1A3956D46DE8}") = "Lab12_Maks", "Lab12_Maks", "{71334C33-5869-4413-AB5B-E08F85854CBB}"
EndProject
Project("{8BC9CEB8-8B4A-11D0-8D11-00A0C91BC942}") = "Lab13_1", "Borodkin\Lab13\Lab13\Lab13.vcxproj", "{B9BA0FF5-8431-4F77-9C4E-87D70B91B36A}"
EndProject
Project("{8BC9CEB8-8B4A-11D0-8D11-00A0C91BC942}") = "stash", "BorodkinYP\stash\stash.vcxproj", "{4B06DC1F-B9D5-4E75-8E62-EC28051C851E}"
EndProject
Project("{8BC9CEB8-8B4A-11D0-8D11-00A0C91BC942}") = "LibraryDevelop", "LibraryDevelop\LibraryDevelop.vcxproj", "{8BFBCB82-C87A-450C-B2AC-6166D1128423}"
EndProject
Project("{8BC9CEB8-8B4A-11D0-8D11-00A0C91BC942}") = "e", "Borodkin\Stash\ConsoleApplication1\ConsoleApplication1.vcxproj", "{E5990F9F-4FC6-434B-AA0E-D908A12C4E04}"
EndProject
Project("{8BC9CEB8-8B4A-11D0-8D11-00A0C91BC942}") = "Lab13_2", "Borodkin\Lab13\Lab13_2\Lab13_2.vcxproj", "{36B11A7B-34AD-4BD9-93A0-56DE8616D3D3}"
EndProject
Project("{2150E333-8FDC-42A3-9474-1A3956D46DE8}") = "Lab11_Ruts", "Lab11_Ruts", "{1583430E-B463-46F7-ABAB-08CD47FB1988}"
EndProject
Project("{8BC9CEB8-8B4A-11D0-8D11-00A0C91BC942}") = "Lab11_1_Ruts", "Borodkin\Lab11_Ruts\Lab11_1_Ruts\Lab11_1_Ruts.vcxproj", "{0428BB7A-5EAD-4729-9406-2C51038B710B}"
EndProject
Project("{8BC9CEB8-8B4A-11D0-8D11-00A0C91BC942}") = "Lab11_2_Ruts", "Borodkin\Lab11_Ruts\Lab11_2_Ruts\Lab11_2_Ruts.vcxproj", "{D5D86D87-2217-416F-B3A7-0946B0A0301B}"
EndProject
Project("{8BC9CEB8-8B4A-11D0-8D11-00A0C91BC942}") = "Lab11_3_Ruts", "Borodkin\Lab11_Ruts\Lab11_3_Ruts\Lab11_3_Ruts.vcxproj", "{49030BE0-1CE6-462B-9BD6-6304924E7B70}"
EndProject
Project("{2150E333-8FDC-42A3-9474-1A3956D46DE8}") = "Lab10_Maks", "Lab10_Maks", "{B20F7BF4-0D5D-4AA2-A281-139138B2DBF2}"
EndProject
Project("{8BC9CEB8-8B4A-11D0-8D11-00A0C91BC942}") = "Lab10_1", "Borodkin\Lab10_Maks\Lab10_1\Lab10_1.vcxproj", "{386237BA-3818-4750-8E3F-DAB3CB89CE9E}"
EndProject
Project("{8BC9CEB8-8B4A-11D0-8D11-00A0C91BC942}") = "Lab10_3", "Borodkin\Lab10_Maks\Lab10_3\Lab10_3.vcxproj", "{F47AFCB8-C285-4EB7-AF2D-94A164FDD5BD}"
EndProject
Project("{2150E333-8FDC-42A3-9474-1A3956D46DE8}") = "Exam2", "Exam2", "{D23D0F3A-6EA0-468E-BDEA-0CF0E71743D2}"
EndProject
Project("{8BC9CEB8-8B4A-11D0-8D11-00A0C91BC942}") = "Task_11", "Exam\Task_11\Task_11.vcxproj", "{7C208E72-1956-4BF9-9412-C1D8A9D16661}"
EndProject
Project("{8BC9CEB8-8B4A-11D0-8D11-00A0C91BC942}") = "Task_10", "Exam\Task_10\Task_10.vcxproj", "{93F8F225-6F45-4DAD-BE9E-3EB603559BE5}"
EndProject
Project("{8BC9CEB8-8B4A-11D0-8D11-00A0C91BC942}") = "Task_9", "Exam\Task_9\Task_9.vcxproj", "{613E05C6-D9CE-4890-92C8-96B163B64AEE}"
EndProject
Project("{8BC9CEB8-8B4A-11D0-8D11-00A0C91BC942}") = "Task_8", "Exam\Task_8\Task_8.vcxproj", "{F399CBC2-C707-4848-8D40-655E1D993360}"
EndProject
Project("{8BC9CEB8-8B4A-11D0-8D11-00A0C91BC942}") = "Task_7", "Exam\Task_7\Task_7.vcxproj", "{8F5F61E3-50F7-4EAB-B48E-2C4E4F2D6534}"
EndProject
Project("{8BC9CEB8-8B4A-11D0-8D11-00A0C91BC942}") = "Task_6", "Exam\Task_6\Task_6.vcxproj", "{79063C94-9BE6-4BB0-80C3-153D8DF17D5D}"
EndProject
Project("{8BC9CEB8-8B4A-11D0-8D11-00A0C91BC942}") = "Task_5", "Exam\Task_5\Task_5.vcxproj", "{372C7D33-6D6D-4921-BE63-0FED845309C7}"
EndProject
Project("{8BC9CEB8-8B4A-11D0-8D11-00A0C91BC942}") = "Task_4", "Exam\Task_4\Task_4.vcxproj", "{BD6DFDC1-367D-483C-AEE8-F67B3481808B}"
EndProject
Project("{8BC9CEB8-8B4A-11D0-8D11-00A0C91BC942}") = "Task_3", "Exam\Task_3\Task_3\Task_3.vcxproj", "{D88A747D-F832-49E2-AEAB-08CB8008DB59}"
EndProject
Project("{8BC9CEB8-8B4A-11D0-8D11-00A0C91BC942}") = "Task_2", "Exam\Task_2\Task_2.vcxproj", "{C8F65E61-9A31-491F-B523-874DE24CF2D9}"
EndProject
Global
	GlobalSection(SolutionConfigurationPlatforms) = preSolution
		Debug|Any CPU = Debug|Any CPU
		Debug|x64 = Debug|x64
		Debug|x86 = Debug|x86
		Release|Any CPU = Release|Any CPU
		Release|x64 = Release|x64
		Release|x86 = Release|x86
	EndGlobalSection
	GlobalSection(ProjectConfigurationPlatforms) = postSolution
		{B69675EC-689D-47F9-8496-93EDC2E2C90A}.Debug|Any CPU.ActiveCfg = Debug|x64
		{B69675EC-689D-47F9-8496-93EDC2E2C90A}.Debug|x64.ActiveCfg = Debug|x64
		{B69675EC-689D-47F9-8496-93EDC2E2C90A}.Debug|x64.Build.0 = Debug|x64
		{B69675EC-689D-47F9-8496-93EDC2E2C90A}.Debug|x86.ActiveCfg = Debug|Win32
		{B69675EC-689D-47F9-8496-93EDC2E2C90A}.Debug|x86.Build.0 = Debug|Win32
		{B69675EC-689D-47F9-8496-93EDC2E2C90A}.Release|Any CPU.ActiveCfg = Release|x64
		{B69675EC-689D-47F9-8496-93EDC2E2C90A}.Release|x64.ActiveCfg = Release|x64
		{B69675EC-689D-47F9-8496-93EDC2E2C90A}.Release|x64.Build.0 = Release|x64
		{B69675EC-689D-47F9-8496-93EDC2E2C90A}.Release|x86.ActiveCfg = Release|Win32
		{B69675EC-689D-47F9-8496-93EDC2E2C90A}.Release|x86.Build.0 = Release|Win32
		{DCF4EA5E-4658-48B4-A1F7-8C95BF582247}.Debug|Any CPU.ActiveCfg = Debug|x64
		{DCF4EA5E-4658-48B4-A1F7-8C95BF582247}.Debug|Any CPU.Build.0 = Debug|x64
		{DCF4EA5E-4658-48B4-A1F7-8C95BF582247}.Debug|x64.ActiveCfg = Debug|x64
		{DCF4EA5E-4658-48B4-A1F7-8C95BF582247}.Debug|x64.Build.0 = Debug|x64
		{DCF4EA5E-4658-48B4-A1F7-8C95BF582247}.Debug|x86.ActiveCfg = Debug|Win32
		{DCF4EA5E-4658-48B4-A1F7-8C95BF582247}.Debug|x86.Build.0 = Debug|Win32
		{DCF4EA5E-4658-48B4-A1F7-8C95BF582247}.Release|Any CPU.ActiveCfg = Release|x64
		{DCF4EA5E-4658-48B4-A1F7-8C95BF582247}.Release|Any CPU.Build.0 = Release|x64
		{DCF4EA5E-4658-48B4-A1F7-8C95BF582247}.Release|x64.ActiveCfg = Release|x64
		{DCF4EA5E-4658-48B4-A1F7-8C95BF582247}.Release|x64.Build.0 = Release|x64
		{DCF4EA5E-4658-48B4-A1F7-8C95BF582247}.Release|x86.ActiveCfg = Release|Win32
		{DCF4EA5E-4658-48B4-A1F7-8C95BF582247}.Release|x86.Build.0 = Release|Win32
		{1B3341CF-5154-4AB1-89F4-6C0DE95178C8}.Debug|Any CPU.ActiveCfg = Debug|x64
		{1B3341CF-5154-4AB1-89F4-6C0DE95178C8}.Debug|Any CPU.Build.0 = Debug|x64
		{1B3341CF-5154-4AB1-89F4-6C0DE95178C8}.Debug|x64.ActiveCfg = Debug|x64
		{1B3341CF-5154-4AB1-89F4-6C0DE95178C8}.Debug|x64.Build.0 = Debug|x64
		{1B3341CF-5154-4AB1-89F4-6C0DE95178C8}.Debug|x86.ActiveCfg = Debug|Win32
		{1B3341CF-5154-4AB1-89F4-6C0DE95178C8}.Debug|x86.Build.0 = Debug|Win32
		{1B3341CF-5154-4AB1-89F4-6C0DE95178C8}.Release|Any CPU.ActiveCfg = Release|x64
		{1B3341CF-5154-4AB1-89F4-6C0DE95178C8}.Release|Any CPU.Build.0 = Release|x64
		{1B3341CF-5154-4AB1-89F4-6C0DE95178C8}.Release|x64.ActiveCfg = Release|x64
		{1B3341CF-5154-4AB1-89F4-6C0DE95178C8}.Release|x64.Build.0 = Release|x64
		{1B3341CF-5154-4AB1-89F4-6C0DE95178C8}.Release|x86.ActiveCfg = Release|Win32
		{1B3341CF-5154-4AB1-89F4-6C0DE95178C8}.Release|x86.Build.0 = Release|Win32
		{050F2EB0-1503-4BC8-A23A-4B8CAB094041}.Debug|Any CPU.ActiveCfg = Debug|x64
		{050F2EB0-1503-4BC8-A23A-4B8CAB094041}.Debug|Any CPU.Build.0 = Debug|x64
		{050F2EB0-1503-4BC8-A23A-4B8CAB094041}.Debug|x64.ActiveCfg = Debug|x64
		{050F2EB0-1503-4BC8-A23A-4B8CAB094041}.Debug|x64.Build.0 = Debug|x64
		{050F2EB0-1503-4BC8-A23A-4B8CAB094041}.Debug|x86.ActiveCfg = Debug|Win32
		{050F2EB0-1503-4BC8-A23A-4B8CAB094041}.Debug|x86.Build.0 = Debug|Win32
		{050F2EB0-1503-4BC8-A23A-4B8CAB094041}.Release|Any CPU.ActiveCfg = Release|x64
		{050F2EB0-1503-4BC8-A23A-4B8CAB094041}.Release|Any CPU.Build.0 = Release|x64
		{050F2EB0-1503-4BC8-A23A-4B8CAB094041}.Release|x64.ActiveCfg = Release|x64
		{050F2EB0-1503-4BC8-A23A-4B8CAB094041}.Release|x64.Build.0 = Release|x64
		{050F2EB0-1503-4BC8-A23A-4B8CAB094041}.Release|x86.ActiveCfg = Release|Win32
		{050F2EB0-1503-4BC8-A23A-4B8CAB094041}.Release|x86.Build.0 = Release|Win32
		{99AC8990-AB7C-4E7D-8AB7-2E855BBC7126}.Debug|Any CPU.ActiveCfg = Debug|x64
		{99AC8990-AB7C-4E7D-8AB7-2E855BBC7126}.Debug|Any CPU.Build.0 = Debug|x64
		{99AC8990-AB7C-4E7D-8AB7-2E855BBC7126}.Debug|x64.ActiveCfg = Debug|x64
		{99AC8990-AB7C-4E7D-8AB7-2E855BBC7126}.Debug|x64.Build.0 = Debug|x64
		{99AC8990-AB7C-4E7D-8AB7-2E855BBC7126}.Debug|x86.ActiveCfg = Debug|Win32
		{99AC8990-AB7C-4E7D-8AB7-2E855BBC7126}.Debug|x86.Build.0 = Debug|Win32
		{99AC8990-AB7C-4E7D-8AB7-2E855BBC7126}.Release|Any CPU.ActiveCfg = Release|x64
		{99AC8990-AB7C-4E7D-8AB7-2E855BBC7126}.Release|Any CPU.Build.0 = Release|x64
		{99AC8990-AB7C-4E7D-8AB7-2E855BBC7126}.Release|x64.ActiveCfg = Release|x64
		{99AC8990-AB7C-4E7D-8AB7-2E855BBC7126}.Release|x64.Build.0 = Release|x64
		{99AC8990-AB7C-4E7D-8AB7-2E855BBC7126}.Release|x86.ActiveCfg = Release|Win32
		{99AC8990-AB7C-4E7D-8AB7-2E855BBC7126}.Release|x86.Build.0 = Release|Win32
		{214BE31F-7E36-45F0-9637-885E72E79C41}.Debug|Any CPU.ActiveCfg = Debug|x64
		{214BE31F-7E36-45F0-9637-885E72E79C41}.Debug|Any CPU.Build.0 = Debug|x64
		{214BE31F-7E36-45F0-9637-885E72E79C41}.Debug|x64.ActiveCfg = Debug|x64
		{214BE31F-7E36-45F0-9637-885E72E79C41}.Debug|x64.Build.0 = Debug|x64
		{214BE31F-7E36-45F0-9637-885E72E79C41}.Debug|x86.ActiveCfg = Debug|Win32
		{214BE31F-7E36-45F0-9637-885E72E79C41}.Debug|x86.Build.0 = Debug|Win32
		{214BE31F-7E36-45F0-9637-885E72E79C41}.Release|Any CPU.ActiveCfg = Release|x64
		{214BE31F-7E36-45F0-9637-885E72E79C41}.Release|Any CPU.Build.0 = Release|x64
		{214BE31F-7E36-45F0-9637-885E72E79C41}.Release|x64.ActiveCfg = Release|x64
		{214BE31F-7E36-45F0-9637-885E72E79C41}.Release|x64.Build.0 = Release|x64
		{214BE31F-7E36-45F0-9637-885E72E79C41}.Release|x86.ActiveCfg = Release|Win32
		{214BE31F-7E36-45F0-9637-885E72E79C41}.Release|x86.Build.0 = Release|Win32
		{0F3A330D-EBC5-4C46-B083-8BB949B1F0F7}.Debug|Any CPU.ActiveCfg = Debug|x64
		{0F3A330D-EBC5-4C46-B083-8BB949B1F0F7}.Debug|Any CPU.Build.0 = Debug|x64
		{0F3A330D-EBC5-4C46-B083-8BB949B1F0F7}.Debug|x64.ActiveCfg = Debug|x64
		{0F3A330D-EBC5-4C46-B083-8BB949B1F0F7}.Debug|x64.Build.0 = Debug|x64
		{0F3A330D-EBC5-4C46-B083-8BB949B1F0F7}.Debug|x86.ActiveCfg = Debug|Win32
		{0F3A330D-EBC5-4C46-B083-8BB949B1F0F7}.Debug|x86.Build.0 = Debug|Win32
		{0F3A330D-EBC5-4C46-B083-8BB949B1F0F7}.Release|Any CPU.ActiveCfg = Release|x64
		{0F3A330D-EBC5-4C46-B083-8BB949B1F0F7}.Release|Any CPU.Build.0 = Release|x64
		{0F3A330D-EBC5-4C46-B083-8BB949B1F0F7}.Release|x64.ActiveCfg = Release|x64
		{0F3A330D-EBC5-4C46-B083-8BB949B1F0F7}.Release|x64.Build.0 = Release|x64
		{0F3A330D-EBC5-4C46-B083-8BB949B1F0F7}.Release|x86.ActiveCfg = Release|Win32
		{0F3A330D-EBC5-4C46-B083-8BB949B1F0F7}.Release|x86.Build.0 = Release|Win32
		{431DAB57-4EAB-48D6-BA0E-F52B6695E4FD}.Debug|Any CPU.ActiveCfg = Debug|x64
		{431DAB57-4EAB-48D6-BA0E-F52B6695E4FD}.Debug|Any CPU.Build.0 = Debug|x64
		{431DAB57-4EAB-48D6-BA0E-F52B6695E4FD}.Debug|x64.ActiveCfg = Debug|x64
		{431DAB57-4EAB-48D6-BA0E-F52B6695E4FD}.Debug|x64.Build.0 = Debug|x64
		{431DAB57-4EAB-48D6-BA0E-F52B6695E4FD}.Debug|x86.ActiveCfg = Debug|Win32
		{431DAB57-4EAB-48D6-BA0E-F52B6695E4FD}.Debug|x86.Build.0 = Debug|Win32
		{431DAB57-4EAB-48D6-BA0E-F52B6695E4FD}.Release|Any CPU.ActiveCfg = Release|x64
		{431DAB57-4EAB-48D6-BA0E-F52B6695E4FD}.Release|Any CPU.Build.0 = Release|x64
		{431DAB57-4EAB-48D6-BA0E-F52B6695E4FD}.Release|x64.ActiveCfg = Release|x64
		{431DAB57-4EAB-48D6-BA0E-F52B6695E4FD}.Release|x64.Build.0 = Release|x64
		{431DAB57-4EAB-48D6-BA0E-F52B6695E4FD}.Release|x86.ActiveCfg = Release|Win32
		{431DAB57-4EAB-48D6-BA0E-F52B6695E4FD}.Release|x86.Build.0 = Release|Win32
		{CDAEB078-D279-40F3-8821-A9D2A3F8099D}.Debug|Any CPU.ActiveCfg = Debug|x64
		{CDAEB078-D279-40F3-8821-A9D2A3F8099D}.Debug|Any CPU.Build.0 = Debug|x64
		{CDAEB078-D279-40F3-8821-A9D2A3F8099D}.Debug|x64.ActiveCfg = Debug|x64
		{CDAEB078-D279-40F3-8821-A9D2A3F8099D}.Debug|x64.Build.0 = Debug|x64
		{CDAEB078-D279-40F3-8821-A9D2A3F8099D}.Debug|x86.ActiveCfg = Debug|Win32
		{CDAEB078-D279-40F3-8821-A9D2A3F8099D}.Debug|x86.Build.0 = Debug|Win32
		{CDAEB078-D279-40F3-8821-A9D2A3F8099D}.Release|Any CPU.ActiveCfg = Release|x64
		{CDAEB078-D279-40F3-8821-A9D2A3F8099D}.Release|Any CPU.Build.0 = Release|x64
		{CDAEB078-D279-40F3-8821-A9D2A3F8099D}.Release|x64.ActiveCfg = Release|x64
		{CDAEB078-D279-40F3-8821-A9D2A3F8099D}.Release|x64.Build.0 = Release|x64
		{CDAEB078-D279-40F3-8821-A9D2A3F8099D}.Release|x86.ActiveCfg = Release|Win32
		{CDAEB078-D279-40F3-8821-A9D2A3F8099D}.Release|x86.Build.0 = Release|Win32
		{5A226D8D-1A86-4F58-A17E-5F8D7A6B7AFA}.Debug|Any CPU.ActiveCfg = Debug|x64
		{5A226D8D-1A86-4F58-A17E-5F8D7A6B7AFA}.Debug|Any CPU.Build.0 = Debug|x64
		{5A226D8D-1A86-4F58-A17E-5F8D7A6B7AFA}.Debug|x64.ActiveCfg = Debug|x64
		{5A226D8D-1A86-4F58-A17E-5F8D7A6B7AFA}.Debug|x64.Build.0 = Debug|x64
		{5A226D8D-1A86-4F58-A17E-5F8D7A6B7AFA}.Debug|x86.ActiveCfg = Debug|Win32
		{5A226D8D-1A86-4F58-A17E-5F8D7A6B7AFA}.Debug|x86.Build.0 = Debug|Win32
		{5A226D8D-1A86-4F58-A17E-5F8D7A6B7AFA}.Release|Any CPU.ActiveCfg = Release|x64
		{5A226D8D-1A86-4F58-A17E-5F8D7A6B7AFA}.Release|Any CPU.Build.0 = Release|x64
		{5A226D8D-1A86-4F58-A17E-5F8D7A6B7AFA}.Release|x64.ActiveCfg = Release|x64
		{5A226D8D-1A86-4F58-A17E-5F8D7A6B7AFA}.Release|x64.Build.0 = Release|x64
		{5A226D8D-1A86-4F58-A17E-5F8D7A6B7AFA}.Release|x86.ActiveCfg = Release|Win32
		{5A226D8D-1A86-4F58-A17E-5F8D7A6B7AFA}.Release|x86.Build.0 = Release|Win32
		{B5A9DD4C-B5BD-441C-AB10-04743B69052E}.Debug|Any CPU.ActiveCfg = Debug|x64
		{B5A9DD4C-B5BD-441C-AB10-04743B69052E}.Debug|Any CPU.Build.0 = Debug|x64
		{B5A9DD4C-B5BD-441C-AB10-04743B69052E}.Debug|x64.ActiveCfg = Debug|x64
		{B5A9DD4C-B5BD-441C-AB10-04743B69052E}.Debug|x64.Build.0 = Debug|x64
		{B5A9DD4C-B5BD-441C-AB10-04743B69052E}.Debug|x86.ActiveCfg = Debug|Win32
		{B5A9DD4C-B5BD-441C-AB10-04743B69052E}.Debug|x86.Build.0 = Debug|Win32
		{B5A9DD4C-B5BD-441C-AB10-04743B69052E}.Release|Any CPU.ActiveCfg = Release|x64
		{B5A9DD4C-B5BD-441C-AB10-04743B69052E}.Release|Any CPU.Build.0 = Release|x64
		{B5A9DD4C-B5BD-441C-AB10-04743B69052E}.Release|x64.ActiveCfg = Release|x64
		{B5A9DD4C-B5BD-441C-AB10-04743B69052E}.Release|x64.Build.0 = Release|x64
		{B5A9DD4C-B5BD-441C-AB10-04743B69052E}.Release|x86.ActiveCfg = Release|Win32
		{B5A9DD4C-B5BD-441C-AB10-04743B69052E}.Release|x86.Build.0 = Release|Win32
		{BEF5EB50-84EC-4312-8E7F-66184EA43DE2}.Debug|Any CPU.ActiveCfg = Debug|x64
		{BEF5EB50-84EC-4312-8E7F-66184EA43DE2}.Debug|Any CPU.Build.0 = Debug|x64
		{BEF5EB50-84EC-4312-8E7F-66184EA43DE2}.Debug|x64.ActiveCfg = Debug|x64
		{BEF5EB50-84EC-4312-8E7F-66184EA43DE2}.Debug|x64.Build.0 = Debug|x64
		{BEF5EB50-84EC-4312-8E7F-66184EA43DE2}.Debug|x86.ActiveCfg = Debug|Win32
		{BEF5EB50-84EC-4312-8E7F-66184EA43DE2}.Debug|x86.Build.0 = Debug|Win32
		{BEF5EB50-84EC-4312-8E7F-66184EA43DE2}.Release|Any CPU.ActiveCfg = Release|x64
		{BEF5EB50-84EC-4312-8E7F-66184EA43DE2}.Release|Any CPU.Build.0 = Release|x64
		{BEF5EB50-84EC-4312-8E7F-66184EA43DE2}.Release|x64.ActiveCfg = Release|x64
		{BEF5EB50-84EC-4312-8E7F-66184EA43DE2}.Release|x64.Build.0 = Release|x64
		{BEF5EB50-84EC-4312-8E7F-66184EA43DE2}.Release|x86.ActiveCfg = Release|Win32
		{BEF5EB50-84EC-4312-8E7F-66184EA43DE2}.Release|x86.Build.0 = Release|Win32
		{69AE667D-EB14-41E4-84C7-0FFE5AE07C92}.Debug|Any CPU.ActiveCfg = Debug|x64
		{69AE667D-EB14-41E4-84C7-0FFE5AE07C92}.Debug|Any CPU.Build.0 = Debug|x64
		{69AE667D-EB14-41E4-84C7-0FFE5AE07C92}.Debug|x64.ActiveCfg = Debug|x64
		{69AE667D-EB14-41E4-84C7-0FFE5AE07C92}.Debug|x64.Build.0 = Debug|x64
		{69AE667D-EB14-41E4-84C7-0FFE5AE07C92}.Debug|x86.ActiveCfg = Debug|Win32
		{69AE667D-EB14-41E4-84C7-0FFE5AE07C92}.Debug|x86.Build.0 = Debug|Win32
		{69AE667D-EB14-41E4-84C7-0FFE5AE07C92}.Release|Any CPU.ActiveCfg = Release|x64
		{69AE667D-EB14-41E4-84C7-0FFE5AE07C92}.Release|Any CPU.Build.0 = Release|x64
		{69AE667D-EB14-41E4-84C7-0FFE5AE07C92}.Release|x64.ActiveCfg = Release|x64
		{69AE667D-EB14-41E4-84C7-0FFE5AE07C92}.Release|x64.Build.0 = Release|x64
		{69AE667D-EB14-41E4-84C7-0FFE5AE07C92}.Release|x86.ActiveCfg = Release|Win32
		{69AE667D-EB14-41E4-84C7-0FFE5AE07C92}.Release|x86.Build.0 = Release|Win32
		{2F6BA031-F086-428E-9CD6-D722C2193698}.Debug|Any CPU.ActiveCfg = Debug|x64
		{2F6BA031-F086-428E-9CD6-D722C2193698}.Debug|Any CPU.Build.0 = Debug|x64
		{2F6BA031-F086-428E-9CD6-D722C2193698}.Debug|x64.ActiveCfg = Debug|x64
		{2F6BA031-F086-428E-9CD6-D722C2193698}.Debug|x64.Build.0 = Debug|x64
		{2F6BA031-F086-428E-9CD6-D722C2193698}.Debug|x86.ActiveCfg = Debug|Win32
		{2F6BA031-F086-428E-9CD6-D722C2193698}.Debug|x86.Build.0 = Debug|Win32
		{2F6BA031-F086-428E-9CD6-D722C2193698}.Release|Any CPU.ActiveCfg = Release|x64
		{2F6BA031-F086-428E-9CD6-D722C2193698}.Release|Any CPU.Build.0 = Release|x64
		{2F6BA031-F086-428E-9CD6-D722C2193698}.Release|x64.ActiveCfg = Release|x64
		{2F6BA031-F086-428E-9CD6-D722C2193698}.Release|x64.Build.0 = Release|x64
		{2F6BA031-F086-428E-9CD6-D722C2193698}.Release|x86.ActiveCfg = Release|Win32
		{2F6BA031-F086-428E-9CD6-D722C2193698}.Release|x86.Build.0 = Release|Win32
		{B8F65FE6-1FEB-4E47-9629-73ADB2D652B0}.Debug|Any CPU.ActiveCfg = Debug|x64
		{B8F65FE6-1FEB-4E47-9629-73ADB2D652B0}.Debug|Any CPU.Build.0 = Debug|x64
		{B8F65FE6-1FEB-4E47-9629-73ADB2D652B0}.Debug|x64.ActiveCfg = Debug|x64
		{B8F65FE6-1FEB-4E47-9629-73ADB2D652B0}.Debug|x64.Build.0 = Debug|x64
		{B8F65FE6-1FEB-4E47-9629-73ADB2D652B0}.Debug|x86.ActiveCfg = Debug|Win32
		{B8F65FE6-1FEB-4E47-9629-73ADB2D652B0}.Debug|x86.Build.0 = Debug|Win32
		{B8F65FE6-1FEB-4E47-9629-73ADB2D652B0}.Release|Any CPU.ActiveCfg = Release|x64
		{B8F65FE6-1FEB-4E47-9629-73ADB2D652B0}.Release|Any CPU.Build.0 = Release|x64
		{B8F65FE6-1FEB-4E47-9629-73ADB2D652B0}.Release|x64.ActiveCfg = Release|x64
		{B8F65FE6-1FEB-4E47-9629-73ADB2D652B0}.Release|x64.Build.0 = Release|x64
		{B8F65FE6-1FEB-4E47-9629-73ADB2D652B0}.Release|x86.ActiveCfg = Release|Win32
		{B8F65FE6-1FEB-4E47-9629-73ADB2D652B0}.Release|x86.Build.0 = Release|Win32
		{B1CA514F-027A-439A-8467-2329B2300802}.Debug|Any CPU.ActiveCfg = Debug|x64
		{B1CA514F-027A-439A-8467-2329B2300802}.Debug|Any CPU.Build.0 = Debug|x64
		{B1CA514F-027A-439A-8467-2329B2300802}.Debug|x64.ActiveCfg = Debug|x64
		{B1CA514F-027A-439A-8467-2329B2300802}.Debug|x64.Build.0 = Debug|x64
		{B1CA514F-027A-439A-8467-2329B2300802}.Debug|x86.ActiveCfg = Debug|Win32
		{B1CA514F-027A-439A-8467-2329B2300802}.Debug|x86.Build.0 = Debug|Win32
		{B1CA514F-027A-439A-8467-2329B2300802}.Release|Any CPU.ActiveCfg = Release|x64
		{B1CA514F-027A-439A-8467-2329B2300802}.Release|Any CPU.Build.0 = Release|x64
		{B1CA514F-027A-439A-8467-2329B2300802}.Release|x64.ActiveCfg = Release|x64
		{B1CA514F-027A-439A-8467-2329B2300802}.Release|x64.Build.0 = Release|x64
		{B1CA514F-027A-439A-8467-2329B2300802}.Release|x86.ActiveCfg = Release|Win32
		{B1CA514F-027A-439A-8467-2329B2300802}.Release|x86.Build.0 = Release|Win32
		{FF707543-D0E9-4FFF-8A9E-E240BC896FE6}.Debug|Any CPU.ActiveCfg = Debug|x64
		{FF707543-D0E9-4FFF-8A9E-E240BC896FE6}.Debug|Any CPU.Build.0 = Debug|x64
		{FF707543-D0E9-4FFF-8A9E-E240BC896FE6}.Debug|x64.ActiveCfg = Debug|x64
		{FF707543-D0E9-4FFF-8A9E-E240BC896FE6}.Debug|x64.Build.0 = Debug|x64
		{FF707543-D0E9-4FFF-8A9E-E240BC896FE6}.Debug|x86.ActiveCfg = Debug|Win32
		{FF707543-D0E9-4FFF-8A9E-E240BC896FE6}.Debug|x86.Build.0 = Debug|Win32
		{FF707543-D0E9-4FFF-8A9E-E240BC896FE6}.Release|Any CPU.ActiveCfg = Release|x64
		{FF707543-D0E9-4FFF-8A9E-E240BC896FE6}.Release|Any CPU.Build.0 = Release|x64
		{FF707543-D0E9-4FFF-8A9E-E240BC896FE6}.Release|x64.ActiveCfg = Release|x64
		{FF707543-D0E9-4FFF-8A9E-E240BC896FE6}.Release|x64.Build.0 = Release|x64
		{FF707543-D0E9-4FFF-8A9E-E240BC896FE6}.Release|x86.ActiveCfg = Release|Win32
		{FF707543-D0E9-4FFF-8A9E-E240BC896FE6}.Release|x86.Build.0 = Release|Win32
		{EC2CBA81-5EF7-46C1-92BE-2109C4C1A538}.Debug|Any CPU.ActiveCfg = Debug|x64
		{EC2CBA81-5EF7-46C1-92BE-2109C4C1A538}.Debug|Any CPU.Build.0 = Debug|x64
		{EC2CBA81-5EF7-46C1-92BE-2109C4C1A538}.Debug|x64.ActiveCfg = Debug|x64
		{EC2CBA81-5EF7-46C1-92BE-2109C4C1A538}.Debug|x64.Build.0 = Debug|x64
		{EC2CBA81-5EF7-46C1-92BE-2109C4C1A538}.Debug|x86.ActiveCfg = Debug|Win32
		{EC2CBA81-5EF7-46C1-92BE-2109C4C1A538}.Debug|x86.Build.0 = Debug|Win32
		{EC2CBA81-5EF7-46C1-92BE-2109C4C1A538}.Release|Any CPU.ActiveCfg = Release|x64
		{EC2CBA81-5EF7-46C1-92BE-2109C4C1A538}.Release|Any CPU.Build.0 = Release|x64
		{EC2CBA81-5EF7-46C1-92BE-2109C4C1A538}.Release|x64.ActiveCfg = Release|x64
		{EC2CBA81-5EF7-46C1-92BE-2109C4C1A538}.Release|x64.Build.0 = Release|x64
		{EC2CBA81-5EF7-46C1-92BE-2109C4C1A538}.Release|x86.ActiveCfg = Release|Win32
		{EC2CBA81-5EF7-46C1-92BE-2109C4C1A538}.Release|x86.Build.0 = Release|Win32
		{3E0894A2-859F-4959-8C92-E82CCAF4F999}.Debug|Any CPU.ActiveCfg = Debug|x64
		{3E0894A2-859F-4959-8C92-E82CCAF4F999}.Debug|Any CPU.Build.0 = Debug|x64
		{3E0894A2-859F-4959-8C92-E82CCAF4F999}.Debug|x64.ActiveCfg = Debug|x64
		{3E0894A2-859F-4959-8C92-E82CCAF4F999}.Debug|x64.Build.0 = Debug|x64
		{3E0894A2-859F-4959-8C92-E82CCAF4F999}.Debug|x86.ActiveCfg = Debug|Win32
		{3E0894A2-859F-4959-8C92-E82CCAF4F999}.Debug|x86.Build.0 = Debug|Win32
		{3E0894A2-859F-4959-8C92-E82CCAF4F999}.Release|Any CPU.ActiveCfg = Release|x64
		{3E0894A2-859F-4959-8C92-E82CCAF4F999}.Release|Any CPU.Build.0 = Release|x64
		{3E0894A2-859F-4959-8C92-E82CCAF4F999}.Release|x64.ActiveCfg = Release|x64
		{3E0894A2-859F-4959-8C92-E82CCAF4F999}.Release|x64.Build.0 = Release|x64
		{3E0894A2-859F-4959-8C92-E82CCAF4F999}.Release|x86.ActiveCfg = Release|Win32
		{3E0894A2-859F-4959-8C92-E82CCAF4F999}.Release|x86.Build.0 = Release|Win32
		{F52CEAF1-26BE-4E3D-91CD-C0009F2831B6}.Debug|Any CPU.ActiveCfg = Debug|x64
		{F52CEAF1-26BE-4E3D-91CD-C0009F2831B6}.Debug|Any CPU.Build.0 = Debug|x64
		{F52CEAF1-26BE-4E3D-91CD-C0009F2831B6}.Debug|x64.ActiveCfg = Debug|x64
		{F52CEAF1-26BE-4E3D-91CD-C0009F2831B6}.Debug|x64.Build.0 = Debug|x64
		{F52CEAF1-26BE-4E3D-91CD-C0009F2831B6}.Debug|x86.ActiveCfg = Debug|Win32
		{F52CEAF1-26BE-4E3D-91CD-C0009F2831B6}.Debug|x86.Build.0 = Debug|Win32
		{F52CEAF1-26BE-4E3D-91CD-C0009F2831B6}.Release|Any CPU.ActiveCfg = Release|x64
		{F52CEAF1-26BE-4E3D-91CD-C0009F2831B6}.Release|Any CPU.Build.0 = Release|x64
		{F52CEAF1-26BE-4E3D-91CD-C0009F2831B6}.Release|x64.ActiveCfg = Release|x64
		{F52CEAF1-26BE-4E3D-91CD-C0009F2831B6}.Release|x64.Build.0 = Release|x64
		{F52CEAF1-26BE-4E3D-91CD-C0009F2831B6}.Release|x86.ActiveCfg = Release|Win32
		{F52CEAF1-26BE-4E3D-91CD-C0009F2831B6}.Release|x86.Build.0 = Release|Win32
		{C45E2141-2A08-4432-8A46-ABC15A763DC2}.Debug|Any CPU.ActiveCfg = Debug|x64
		{C45E2141-2A08-4432-8A46-ABC15A763DC2}.Debug|Any CPU.Build.0 = Debug|x64
		{C45E2141-2A08-4432-8A46-ABC15A763DC2}.Debug|x64.ActiveCfg = Debug|x64
		{C45E2141-2A08-4432-8A46-ABC15A763DC2}.Debug|x64.Build.0 = Debug|x64
		{C45E2141-2A08-4432-8A46-ABC15A763DC2}.Debug|x86.ActiveCfg = Debug|Win32
		{C45E2141-2A08-4432-8A46-ABC15A763DC2}.Debug|x86.Build.0 = Debug|Win32
		{C45E2141-2A08-4432-8A46-ABC15A763DC2}.Release|Any CPU.ActiveCfg = Release|x64
		{C45E2141-2A08-4432-8A46-ABC15A763DC2}.Release|Any CPU.Build.0 = Release|x64
		{C45E2141-2A08-4432-8A46-ABC15A763DC2}.Release|x64.ActiveCfg = Release|x64
		{C45E2141-2A08-4432-8A46-ABC15A763DC2}.Release|x64.Build.0 = Release|x64
		{C45E2141-2A08-4432-8A46-ABC15A763DC2}.Release|x86.ActiveCfg = Release|Win32
		{C45E2141-2A08-4432-8A46-ABC15A763DC2}.Release|x86.Build.0 = Release|Win32
		{8CBF1A6E-D1A5-4091-A230-005117C39D89}.Debug|Any CPU.ActiveCfg = Debug|x64
		{8CBF1A6E-D1A5-4091-A230-005117C39D89}.Debug|Any CPU.Build.0 = Debug|x64
		{8CBF1A6E-D1A5-4091-A230-005117C39D89}.Debug|x64.ActiveCfg = Debug|x64
		{8CBF1A6E-D1A5-4091-A230-005117C39D89}.Debug|x64.Build.0 = Debug|x64
		{8CBF1A6E-D1A5-4091-A230-005117C39D89}.Debug|x86.ActiveCfg = Debug|Win32
		{8CBF1A6E-D1A5-4091-A230-005117C39D89}.Debug|x86.Build.0 = Debug|Win32
		{8CBF1A6E-D1A5-4091-A230-005117C39D89}.Release|Any CPU.ActiveCfg = Release|x64
		{8CBF1A6E-D1A5-4091-A230-005117C39D89}.Release|Any CPU.Build.0 = Release|x64
		{8CBF1A6E-D1A5-4091-A230-005117C39D89}.Release|x64.ActiveCfg = Release|x64
		{8CBF1A6E-D1A5-4091-A230-005117C39D89}.Release|x64.Build.0 = Release|x64
		{8CBF1A6E-D1A5-4091-A230-005117C39D89}.Release|x86.ActiveCfg = Release|Win32
		{8CBF1A6E-D1A5-4091-A230-005117C39D89}.Release|x86.Build.0 = Release|Win32
		{B1A89042-76DB-4D78-BB94-F2F5FFEFCEF2}.Debug|Any CPU.ActiveCfg = Debug|x64
		{B1A89042-76DB-4D78-BB94-F2F5FFEFCEF2}.Debug|Any CPU.Build.0 = Debug|x64
		{B1A89042-76DB-4D78-BB94-F2F5FFEFCEF2}.Debug|x64.ActiveCfg = Debug|x64
		{B1A89042-76DB-4D78-BB94-F2F5FFEFCEF2}.Debug|x64.Build.0 = Debug|x64
		{B1A89042-76DB-4D78-BB94-F2F5FFEFCEF2}.Debug|x86.ActiveCfg = Debug|Win32
		{B1A89042-76DB-4D78-BB94-F2F5FFEFCEF2}.Debug|x86.Build.0 = Debug|Win32
		{B1A89042-76DB-4D78-BB94-F2F5FFEFCEF2}.Release|Any CPU.ActiveCfg = Release|x64
		{B1A89042-76DB-4D78-BB94-F2F5FFEFCEF2}.Release|Any CPU.Build.0 = Release|x64
		{B1A89042-76DB-4D78-BB94-F2F5FFEFCEF2}.Release|x64.ActiveCfg = Release|x64
		{B1A89042-76DB-4D78-BB94-F2F5FFEFCEF2}.Release|x64.Build.0 = Release|x64
		{B1A89042-76DB-4D78-BB94-F2F5FFEFCEF2}.Release|x86.ActiveCfg = Release|Win32
		{B1A89042-76DB-4D78-BB94-F2F5FFEFCEF2}.Release|x86.Build.0 = Release|Win32
		{E0B9BCEE-F42E-48DA-9241-7DAAEA9F01B4}.Debug|Any CPU.ActiveCfg = Debug|x64
		{E0B9BCEE-F42E-48DA-9241-7DAAEA9F01B4}.Debug|Any CPU.Build.0 = Debug|x64
		{E0B9BCEE-F42E-48DA-9241-7DAAEA9F01B4}.Debug|x64.ActiveCfg = Debug|x64
		{E0B9BCEE-F42E-48DA-9241-7DAAEA9F01B4}.Debug|x64.Build.0 = Debug|x64
		{E0B9BCEE-F42E-48DA-9241-7DAAEA9F01B4}.Debug|x86.ActiveCfg = Debug|Win32
		{E0B9BCEE-F42E-48DA-9241-7DAAEA9F01B4}.Debug|x86.Build.0 = Debug|Win32
		{E0B9BCEE-F42E-48DA-9241-7DAAEA9F01B4}.Release|Any CPU.ActiveCfg = Release|x64
		{E0B9BCEE-F42E-48DA-9241-7DAAEA9F01B4}.Release|Any CPU.Build.0 = Release|x64
		{E0B9BCEE-F42E-48DA-9241-7DAAEA9F01B4}.Release|x64.ActiveCfg = Release|x64
		{E0B9BCEE-F42E-48DA-9241-7DAAEA9F01B4}.Release|x64.Build.0 = Release|x64
		{E0B9BCEE-F42E-48DA-9241-7DAAEA9F01B4}.Release|x86.ActiveCfg = Release|Win32
		{E0B9BCEE-F42E-48DA-9241-7DAAEA9F01B4}.Release|x86.Build.0 = Release|Win32
		{3D863109-F663-43D9-A93D-6C6F9D4B2601}.Debug|Any CPU.ActiveCfg = Debug|x64
		{3D863109-F663-43D9-A93D-6C6F9D4B2601}.Debug|Any CPU.Build.0 = Debug|x64
		{3D863109-F663-43D9-A93D-6C6F9D4B2601}.Debug|x64.ActiveCfg = Debug|x64
		{3D863109-F663-43D9-A93D-6C6F9D4B2601}.Debug|x64.Build.0 = Debug|x64
		{3D863109-F663-43D9-A93D-6C6F9D4B2601}.Debug|x86.ActiveCfg = Debug|Win32
		{3D863109-F663-43D9-A93D-6C6F9D4B2601}.Debug|x86.Build.0 = Debug|Win32
		{3D863109-F663-43D9-A93D-6C6F9D4B2601}.Release|Any CPU.ActiveCfg = Release|x64
		{3D863109-F663-43D9-A93D-6C6F9D4B2601}.Release|Any CPU.Build.0 = Release|x64
		{3D863109-F663-43D9-A93D-6C6F9D4B2601}.Release|x64.ActiveCfg = Release|x64
		{3D863109-F663-43D9-A93D-6C6F9D4B2601}.Release|x64.Build.0 = Release|x64
		{3D863109-F663-43D9-A93D-6C6F9D4B2601}.Release|x86.ActiveCfg = Release|Win32
		{3D863109-F663-43D9-A93D-6C6F9D4B2601}.Release|x86.Build.0 = Release|Win32
		{BD0B3850-FD50-45AE-B563-CD450FA6EDDB}.Debug|Any CPU.ActiveCfg = Debug|x64
		{BD0B3850-FD50-45AE-B563-CD450FA6EDDB}.Debug|Any CPU.Build.0 = Debug|x64
		{BD0B3850-FD50-45AE-B563-CD450FA6EDDB}.Debug|x64.ActiveCfg = Debug|x64
		{BD0B3850-FD50-45AE-B563-CD450FA6EDDB}.Debug|x64.Build.0 = Debug|x64
		{BD0B3850-FD50-45AE-B563-CD450FA6EDDB}.Debug|x86.ActiveCfg = Debug|Win32
		{BD0B3850-FD50-45AE-B563-CD450FA6EDDB}.Debug|x86.Build.0 = Debug|Win32
		{BD0B3850-FD50-45AE-B563-CD450FA6EDDB}.Release|Any CPU.ActiveCfg = Release|x64
		{BD0B3850-FD50-45AE-B563-CD450FA6EDDB}.Release|Any CPU.Build.0 = Release|x64
		{BD0B3850-FD50-45AE-B563-CD450FA6EDDB}.Release|x64.ActiveCfg = Release|x64
		{BD0B3850-FD50-45AE-B563-CD450FA6EDDB}.Release|x64.Build.0 = Release|x64
		{BD0B3850-FD50-45AE-B563-CD450FA6EDDB}.Release|x86.ActiveCfg = Release|Win32
		{BD0B3850-FD50-45AE-B563-CD450FA6EDDB}.Release|x86.Build.0 = Release|Win32
		{0DF90001-B9AD-4B86-A94E-AE21AF779FE0}.Debug|Any CPU.ActiveCfg = Debug|x64
		{0DF90001-B9AD-4B86-A94E-AE21AF779FE0}.Debug|Any CPU.Build.0 = Debug|x64
		{0DF90001-B9AD-4B86-A94E-AE21AF779FE0}.Debug|x64.ActiveCfg = Debug|x64
		{0DF90001-B9AD-4B86-A94E-AE21AF779FE0}.Debug|x64.Build.0 = Debug|x64
		{0DF90001-B9AD-4B86-A94E-AE21AF779FE0}.Debug|x86.ActiveCfg = Debug|Win32
		{0DF90001-B9AD-4B86-A94E-AE21AF779FE0}.Debug|x86.Build.0 = Debug|Win32
		{0DF90001-B9AD-4B86-A94E-AE21AF779FE0}.Release|Any CPU.ActiveCfg = Release|x64
		{0DF90001-B9AD-4B86-A94E-AE21AF779FE0}.Release|Any CPU.Build.0 = Release|x64
		{0DF90001-B9AD-4B86-A94E-AE21AF779FE0}.Release|x64.ActiveCfg = Release|x64
		{0DF90001-B9AD-4B86-A94E-AE21AF779FE0}.Release|x64.Build.0 = Release|x64
		{0DF90001-B9AD-4B86-A94E-AE21AF779FE0}.Release|x86.ActiveCfg = Release|Win32
		{0DF90001-B9AD-4B86-A94E-AE21AF779FE0}.Release|x86.Build.0 = Release|Win32
		{B349338E-EBC1-4A38-A79A-5852C04A9ADA}.Debug|Any CPU.ActiveCfg = Debug|x64
		{B349338E-EBC1-4A38-A79A-5852C04A9ADA}.Debug|Any CPU.Build.0 = Debug|x64
		{B349338E-EBC1-4A38-A79A-5852C04A9ADA}.Debug|x64.ActiveCfg = Debug|x64
		{B349338E-EBC1-4A38-A79A-5852C04A9ADA}.Debug|x64.Build.0 = Debug|x64
		{B349338E-EBC1-4A38-A79A-5852C04A9ADA}.Debug|x86.ActiveCfg = Debug|Win32
		{B349338E-EBC1-4A38-A79A-5852C04A9ADA}.Debug|x86.Build.0 = Debug|Win32
		{B349338E-EBC1-4A38-A79A-5852C04A9ADA}.Release|Any CPU.ActiveCfg = Release|x64
		{B349338E-EBC1-4A38-A79A-5852C04A9ADA}.Release|Any CPU.Build.0 = Release|x64
		{B349338E-EBC1-4A38-A79A-5852C04A9ADA}.Release|x64.ActiveCfg = Release|x64
		{B349338E-EBC1-4A38-A79A-5852C04A9ADA}.Release|x64.Build.0 = Release|x64
		{B349338E-EBC1-4A38-A79A-5852C04A9ADA}.Release|x86.ActiveCfg = Release|Win32
		{B349338E-EBC1-4A38-A79A-5852C04A9ADA}.Release|x86.Build.0 = Release|Win32
		{C03BB4F8-2A46-4811-93D0-D7E8670FCF71}.Debug|Any CPU.ActiveCfg = Debug|x64
		{C03BB4F8-2A46-4811-93D0-D7E8670FCF71}.Debug|Any CPU.Build.0 = Debug|x64
		{C03BB4F8-2A46-4811-93D0-D7E8670FCF71}.Debug|x64.ActiveCfg = Debug|x64
		{C03BB4F8-2A46-4811-93D0-D7E8670FCF71}.Debug|x64.Build.0 = Debug|x64
		{C03BB4F8-2A46-4811-93D0-D7E8670FCF71}.Debug|x86.ActiveCfg = Debug|Win32
		{C03BB4F8-2A46-4811-93D0-D7E8670FCF71}.Debug|x86.Build.0 = Debug|Win32
		{C03BB4F8-2A46-4811-93D0-D7E8670FCF71}.Release|Any CPU.ActiveCfg = Release|x64
		{C03BB4F8-2A46-4811-93D0-D7E8670FCF71}.Release|Any CPU.Build.0 = Release|x64
		{C03BB4F8-2A46-4811-93D0-D7E8670FCF71}.Release|x64.ActiveCfg = Release|x64
		{C03BB4F8-2A46-4811-93D0-D7E8670FCF71}.Release|x64.Build.0 = Release|x64
		{C03BB4F8-2A46-4811-93D0-D7E8670FCF71}.Release|x86.ActiveCfg = Release|Win32
		{C03BB4F8-2A46-4811-93D0-D7E8670FCF71}.Release|x86.Build.0 = Release|Win32
		{B3E85F97-098D-48A4-A19E-E9046E4A052F}.Debug|Any CPU.ActiveCfg = Debug|x64
		{B3E85F97-098D-48A4-A19E-E9046E4A052F}.Debug|Any CPU.Build.0 = Debug|x64
		{B3E85F97-098D-48A4-A19E-E9046E4A052F}.Debug|x64.ActiveCfg = Debug|x64
		{B3E85F97-098D-48A4-A19E-E9046E4A052F}.Debug|x64.Build.0 = Debug|x64
		{B3E85F97-098D-48A4-A19E-E9046E4A052F}.Debug|x86.ActiveCfg = Debug|Win32
		{B3E85F97-098D-48A4-A19E-E9046E4A052F}.Debug|x86.Build.0 = Debug|Win32
		{B3E85F97-098D-48A4-A19E-E9046E4A052F}.Release|Any CPU.ActiveCfg = Release|x64
		{B3E85F97-098D-48A4-A19E-E9046E4A052F}.Release|Any CPU.Build.0 = Release|x64
		{B3E85F97-098D-48A4-A19E-E9046E4A052F}.Release|x64.ActiveCfg = Release|x64
		{B3E85F97-098D-48A4-A19E-E9046E4A052F}.Release|x64.Build.0 = Release|x64
		{B3E85F97-098D-48A4-A19E-E9046E4A052F}.Release|x86.ActiveCfg = Release|Win32
		{B3E85F97-098D-48A4-A19E-E9046E4A052F}.Release|x86.Build.0 = Release|Win32
		{94841386-B260-4ACE-9B18-44E618F4BAC9}.Debug|Any CPU.ActiveCfg = Debug|Any CPU
		{94841386-B260-4ACE-9B18-44E618F4BAC9}.Debug|x64.ActiveCfg = Debug|Any CPU
		{94841386-B260-4ACE-9B18-44E618F4BAC9}.Debug|x86.ActiveCfg = Debug|Any CPU
		{94841386-B260-4ACE-9B18-44E618F4BAC9}.Release|Any CPU.ActiveCfg = Release|Any CPU
		{94841386-B260-4ACE-9B18-44E618F4BAC9}.Release|x64.ActiveCfg = Release|Any CPU
		{94841386-B260-4ACE-9B18-44E618F4BAC9}.Release|x86.ActiveCfg = Release|Any CPU
		{71B6098C-90EC-4FBC-BFAB-CCBB5C75E6F1}.Debug|Any CPU.ActiveCfg = Debug|x64
		{71B6098C-90EC-4FBC-BFAB-CCBB5C75E6F1}.Debug|Any CPU.Build.0 = Debug|x64
		{71B6098C-90EC-4FBC-BFAB-CCBB5C75E6F1}.Debug|x64.ActiveCfg = Debug|x64
		{71B6098C-90EC-4FBC-BFAB-CCBB5C75E6F1}.Debug|x64.Build.0 = Debug|x64
		{71B6098C-90EC-4FBC-BFAB-CCBB5C75E6F1}.Debug|x86.ActiveCfg = Debug|Win32
		{71B6098C-90EC-4FBC-BFAB-CCBB5C75E6F1}.Debug|x86.Build.0 = Debug|Win32
		{71B6098C-90EC-4FBC-BFAB-CCBB5C75E6F1}.Release|Any CPU.ActiveCfg = Release|x64
		{71B6098C-90EC-4FBC-BFAB-CCBB5C75E6F1}.Release|Any CPU.Build.0 = Release|x64
		{71B6098C-90EC-4FBC-BFAB-CCBB5C75E6F1}.Release|x64.ActiveCfg = Release|x64
		{71B6098C-90EC-4FBC-BFAB-CCBB5C75E6F1}.Release|x64.Build.0 = Release|x64
		{71B6098C-90EC-4FBC-BFAB-CCBB5C75E6F1}.Release|x86.ActiveCfg = Release|Win32
		{71B6098C-90EC-4FBC-BFAB-CCBB5C75E6F1}.Release|x86.Build.0 = Release|Win32
		{39A9DB84-53C3-43FA-BA40-5EE82B123F3A}.Debug|Any CPU.ActiveCfg = Debug|x64
		{39A9DB84-53C3-43FA-BA40-5EE82B123F3A}.Debug|Any CPU.Build.0 = Debug|x64
		{39A9DB84-53C3-43FA-BA40-5EE82B123F3A}.Debug|x64.ActiveCfg = Debug|x64
		{39A9DB84-53C3-43FA-BA40-5EE82B123F3A}.Debug|x64.Build.0 = Debug|x64
		{39A9DB84-53C3-43FA-BA40-5EE82B123F3A}.Debug|x86.ActiveCfg = Debug|Win32
		{39A9DB84-53C3-43FA-BA40-5EE82B123F3A}.Debug|x86.Build.0 = Debug|Win32
		{39A9DB84-53C3-43FA-BA40-5EE82B123F3A}.Release|Any CPU.ActiveCfg = Release|x64
		{39A9DB84-53C3-43FA-BA40-5EE82B123F3A}.Release|Any CPU.Build.0 = Release|x64
		{39A9DB84-53C3-43FA-BA40-5EE82B123F3A}.Release|x64.ActiveCfg = Release|x64
		{39A9DB84-53C3-43FA-BA40-5EE82B123F3A}.Release|x64.Build.0 = Release|x64
		{39A9DB84-53C3-43FA-BA40-5EE82B123F3A}.Release|x86.ActiveCfg = Release|Win32
		{39A9DB84-53C3-43FA-BA40-5EE82B123F3A}.Release|x86.Build.0 = Release|Win32
		{71F6A739-9447-43CC-BE1A-883BABF835F1}.Debug|Any CPU.ActiveCfg = Debug|x64
		{71F6A739-9447-43CC-BE1A-883BABF835F1}.Debug|Any CPU.Build.0 = Debug|x64
		{71F6A739-9447-43CC-BE1A-883BABF835F1}.Debug|x64.ActiveCfg = Debug|x64
		{71F6A739-9447-43CC-BE1A-883BABF835F1}.Debug|x64.Build.0 = Debug|x64
		{71F6A739-9447-43CC-BE1A-883BABF835F1}.Debug|x86.ActiveCfg = Debug|Win32
		{71F6A739-9447-43CC-BE1A-883BABF835F1}.Debug|x86.Build.0 = Debug|Win32
		{71F6A739-9447-43CC-BE1A-883BABF835F1}.Release|Any CPU.ActiveCfg = Release|x64
		{71F6A739-9447-43CC-BE1A-883BABF835F1}.Release|Any CPU.Build.0 = Release|x64
		{71F6A739-9447-43CC-BE1A-883BABF835F1}.Release|x64.ActiveCfg = Release|x64
		{71F6A739-9447-43CC-BE1A-883BABF835F1}.Release|x64.Build.0 = Release|x64
		{71F6A739-9447-43CC-BE1A-883BABF835F1}.Release|x86.ActiveCfg = Release|Win32
		{71F6A739-9447-43CC-BE1A-883BABF835F1}.Release|x86.Build.0 = Release|Win32
		{B6BC430E-A8D1-43F8-8F31-1CF5F0C7B4CD}.Debug|Any CPU.ActiveCfg = Debug|x64
		{B6BC430E-A8D1-43F8-8F31-1CF5F0C7B4CD}.Debug|Any CPU.Build.0 = Debug|x64
		{B6BC430E-A8D1-43F8-8F31-1CF5F0C7B4CD}.Debug|x64.ActiveCfg = Debug|x64
		{B6BC430E-A8D1-43F8-8F31-1CF5F0C7B4CD}.Debug|x64.Build.0 = Debug|x64
		{B6BC430E-A8D1-43F8-8F31-1CF5F0C7B4CD}.Debug|x86.ActiveCfg = Debug|Win32
		{B6BC430E-A8D1-43F8-8F31-1CF5F0C7B4CD}.Debug|x86.Build.0 = Debug|Win32
		{B6BC430E-A8D1-43F8-8F31-1CF5F0C7B4CD}.Release|Any CPU.ActiveCfg = Release|x64
		{B6BC430E-A8D1-43F8-8F31-1CF5F0C7B4CD}.Release|Any CPU.Build.0 = Release|x64
		{B6BC430E-A8D1-43F8-8F31-1CF5F0C7B4CD}.Release|x64.ActiveCfg = Release|x64
		{B6BC430E-A8D1-43F8-8F31-1CF5F0C7B4CD}.Release|x64.Build.0 = Release|x64
		{B6BC430E-A8D1-43F8-8F31-1CF5F0C7B4CD}.Release|x86.ActiveCfg = Release|Win32
		{B6BC430E-A8D1-43F8-8F31-1CF5F0C7B4CD}.Release|x86.Build.0 = Release|Win32
		{4AD4EB7E-341F-43DB-B924-3E07C9035942}.Debug|Any CPU.ActiveCfg = Debug|x64
		{4AD4EB7E-341F-43DB-B924-3E07C9035942}.Debug|Any CPU.Build.0 = Debug|x64
		{4AD4EB7E-341F-43DB-B924-3E07C9035942}.Debug|x64.ActiveCfg = Debug|x64
		{4AD4EB7E-341F-43DB-B924-3E07C9035942}.Debug|x64.Build.0 = Debug|x64
		{4AD4EB7E-341F-43DB-B924-3E07C9035942}.Debug|x86.ActiveCfg = Debug|Win32
		{4AD4EB7E-341F-43DB-B924-3E07C9035942}.Debug|x86.Build.0 = Debug|Win32
		{4AD4EB7E-341F-43DB-B924-3E07C9035942}.Release|Any CPU.ActiveCfg = Release|x64
		{4AD4EB7E-341F-43DB-B924-3E07C9035942}.Release|Any CPU.Build.0 = Release|x64
		{4AD4EB7E-341F-43DB-B924-3E07C9035942}.Release|x64.ActiveCfg = Release|x64
		{4AD4EB7E-341F-43DB-B924-3E07C9035942}.Release|x64.Build.0 = Release|x64
		{4AD4EB7E-341F-43DB-B924-3E07C9035942}.Release|x86.ActiveCfg = Release|Win32
		{4AD4EB7E-341F-43DB-B924-3E07C9035942}.Release|x86.Build.0 = Release|Win32
		{4CF85C0C-752F-45E8-A3EF-B74C234DDC1D}.Debug|Any CPU.ActiveCfg = Debug|x64
		{4CF85C0C-752F-45E8-A3EF-B74C234DDC1D}.Debug|Any CPU.Build.0 = Debug|x64
		{4CF85C0C-752F-45E8-A3EF-B74C234DDC1D}.Debug|x64.ActiveCfg = Debug|x64
		{4CF85C0C-752F-45E8-A3EF-B74C234DDC1D}.Debug|x64.Build.0 = Debug|x64
		{4CF85C0C-752F-45E8-A3EF-B74C234DDC1D}.Debug|x86.ActiveCfg = Debug|Win32
		{4CF85C0C-752F-45E8-A3EF-B74C234DDC1D}.Debug|x86.Build.0 = Debug|Win32
		{4CF85C0C-752F-45E8-A3EF-B74C234DDC1D}.Release|Any CPU.ActiveCfg = Release|x64
		{4CF85C0C-752F-45E8-A3EF-B74C234DDC1D}.Release|Any CPU.Build.0 = Release|x64
		{4CF85C0C-752F-45E8-A3EF-B74C234DDC1D}.Release|x64.ActiveCfg = Release|x64
		{4CF85C0C-752F-45E8-A3EF-B74C234DDC1D}.Release|x64.Build.0 = Release|x64
		{4CF85C0C-752F-45E8-A3EF-B74C234DDC1D}.Release|x86.ActiveCfg = Release|Win32
		{4CF85C0C-752F-45E8-A3EF-B74C234DDC1D}.Release|x86.Build.0 = Release|Win32
		{CEBE2403-99D6-4343-B59F-074F89F69724}.Debug|Any CPU.ActiveCfg = Debug|x64
		{CEBE2403-99D6-4343-B59F-074F89F69724}.Debug|Any CPU.Build.0 = Debug|x64
		{CEBE2403-99D6-4343-B59F-074F89F69724}.Debug|x64.ActiveCfg = Debug|x64
		{CEBE2403-99D6-4343-B59F-074F89F69724}.Debug|x64.Build.0 = Debug|x64
		{CEBE2403-99D6-4343-B59F-074F89F69724}.Debug|x86.ActiveCfg = Debug|Win32
		{CEBE2403-99D6-4343-B59F-074F89F69724}.Debug|x86.Build.0 = Debug|Win32
		{CEBE2403-99D6-4343-B59F-074F89F69724}.Release|Any CPU.ActiveCfg = Release|x64
		{CEBE2403-99D6-4343-B59F-074F89F69724}.Release|Any CPU.Build.0 = Release|x64
		{CEBE2403-99D6-4343-B59F-074F89F69724}.Release|x64.ActiveCfg = Release|x64
		{CEBE2403-99D6-4343-B59F-074F89F69724}.Release|x64.Build.0 = Release|x64
		{CEBE2403-99D6-4343-B59F-074F89F69724}.Release|x86.ActiveCfg = Release|Win32
		{CEBE2403-99D6-4343-B59F-074F89F69724}.Release|x86.Build.0 = Release|Win32
		{6A196969-4CC6-4B4A-8E7A-816695B31F63}.Debug|Any CPU.ActiveCfg = Debug|x64
		{6A196969-4CC6-4B4A-8E7A-816695B31F63}.Debug|Any CPU.Build.0 = Debug|x64
		{6A196969-4CC6-4B4A-8E7A-816695B31F63}.Debug|x64.ActiveCfg = Debug|x64
		{6A196969-4CC6-4B4A-8E7A-816695B31F63}.Debug|x64.Build.0 = Debug|x64
		{6A196969-4CC6-4B4A-8E7A-816695B31F63}.Debug|x86.ActiveCfg = Debug|Win32
		{6A196969-4CC6-4B4A-8E7A-816695B31F63}.Debug|x86.Build.0 = Debug|Win32
		{6A196969-4CC6-4B4A-8E7A-816695B31F63}.Release|Any CPU.ActiveCfg = Release|x64
		{6A196969-4CC6-4B4A-8E7A-816695B31F63}.Release|Any CPU.Build.0 = Release|x64
		{6A196969-4CC6-4B4A-8E7A-816695B31F63}.Release|x64.ActiveCfg = Release|x64
		{6A196969-4CC6-4B4A-8E7A-816695B31F63}.Release|x64.Build.0 = Release|x64
		{6A196969-4CC6-4B4A-8E7A-816695B31F63}.Release|x86.ActiveCfg = Release|Win32
		{6A196969-4CC6-4B4A-8E7A-816695B31F63}.Release|x86.Build.0 = Release|Win32
		{4A9E0E96-DF0A-422D-8250-A9B26F4F667E}.Debug|Any CPU.ActiveCfg = Debug|x64
		{4A9E0E96-DF0A-422D-8250-A9B26F4F667E}.Debug|Any CPU.Build.0 = Debug|x64
		{4A9E0E96-DF0A-422D-8250-A9B26F4F667E}.Debug|x64.ActiveCfg = Debug|x64
		{4A9E0E96-DF0A-422D-8250-A9B26F4F667E}.Debug|x64.Build.0 = Debug|x64
		{4A9E0E96-DF0A-422D-8250-A9B26F4F667E}.Debug|x86.ActiveCfg = Debug|Win32
		{4A9E0E96-DF0A-422D-8250-A9B26F4F667E}.Debug|x86.Build.0 = Debug|Win32
		{4A9E0E96-DF0A-422D-8250-A9B26F4F667E}.Release|Any CPU.ActiveCfg = Release|x64
		{4A9E0E96-DF0A-422D-8250-A9B26F4F667E}.Release|Any CPU.Build.0 = Release|x64
		{4A9E0E96-DF0A-422D-8250-A9B26F4F667E}.Release|x64.ActiveCfg = Release|x64
		{4A9E0E96-DF0A-422D-8250-A9B26F4F667E}.Release|x64.Build.0 = Release|x64
		{4A9E0E96-DF0A-422D-8250-A9B26F4F667E}.Release|x86.ActiveCfg = Release|Win32
		{4A9E0E96-DF0A-422D-8250-A9B26F4F667E}.Release|x86.Build.0 = Release|Win32
		{A2C81108-A78D-4DF2-9C19-208DE2C21A87}.Debug|Any CPU.ActiveCfg = Debug|x64
		{A2C81108-A78D-4DF2-9C19-208DE2C21A87}.Debug|Any CPU.Build.0 = Debug|x64
		{A2C81108-A78D-4DF2-9C19-208DE2C21A87}.Debug|x64.ActiveCfg = Debug|x64
		{A2C81108-A78D-4DF2-9C19-208DE2C21A87}.Debug|x64.Build.0 = Debug|x64
		{A2C81108-A78D-4DF2-9C19-208DE2C21A87}.Debug|x86.ActiveCfg = Debug|Win32
		{A2C81108-A78D-4DF2-9C19-208DE2C21A87}.Debug|x86.Build.0 = Debug|Win32
		{A2C81108-A78D-4DF2-9C19-208DE2C21A87}.Release|Any CPU.ActiveCfg = Release|x64
		{A2C81108-A78D-4DF2-9C19-208DE2C21A87}.Release|Any CPU.Build.0 = Release|x64
		{A2C81108-A78D-4DF2-9C19-208DE2C21A87}.Release|x64.ActiveCfg = Release|x64
		{A2C81108-A78D-4DF2-9C19-208DE2C21A87}.Release|x64.Build.0 = Release|x64
		{A2C81108-A78D-4DF2-9C19-208DE2C21A87}.Release|x86.ActiveCfg = Release|Win32
		{A2C81108-A78D-4DF2-9C19-208DE2C21A87}.Release|x86.Build.0 = Release|Win32
		{FBE467E3-551D-4522-A6DB-78A61B374BE7}.Debug|Any CPU.ActiveCfg = Debug|x64
		{FBE467E3-551D-4522-A6DB-78A61B374BE7}.Debug|Any CPU.Build.0 = Debug|x64
		{FBE467E3-551D-4522-A6DB-78A61B374BE7}.Debug|x64.ActiveCfg = Debug|x64
		{FBE467E3-551D-4522-A6DB-78A61B374BE7}.Debug|x64.Build.0 = Debug|x64
		{FBE467E3-551D-4522-A6DB-78A61B374BE7}.Debug|x86.ActiveCfg = Debug|Win32
		{FBE467E3-551D-4522-A6DB-78A61B374BE7}.Debug|x86.Build.0 = Debug|Win32
		{FBE467E3-551D-4522-A6DB-78A61B374BE7}.Release|Any CPU.ActiveCfg = Release|x64
		{FBE467E3-551D-4522-A6DB-78A61B374BE7}.Release|Any CPU.Build.0 = Release|x64
		{FBE467E3-551D-4522-A6DB-78A61B374BE7}.Release|x64.ActiveCfg = Release|x64
		{FBE467E3-551D-4522-A6DB-78A61B374BE7}.Release|x64.Build.0 = Release|x64
		{FBE467E3-551D-4522-A6DB-78A61B374BE7}.Release|x86.ActiveCfg = Release|Win32
		{FBE467E3-551D-4522-A6DB-78A61B374BE7}.Release|x86.Build.0 = Release|Win32
		{FB8225C5-E6F9-43D9-B51F-0C563D1687AF}.Debug|Any CPU.ActiveCfg = Debug|x64
		{FB8225C5-E6F9-43D9-B51F-0C563D1687AF}.Debug|Any CPU.Build.0 = Debug|x64
		{FB8225C5-E6F9-43D9-B51F-0C563D1687AF}.Debug|x64.ActiveCfg = Debug|x64
		{FB8225C5-E6F9-43D9-B51F-0C563D1687AF}.Debug|x64.Build.0 = Debug|x64
		{FB8225C5-E6F9-43D9-B51F-0C563D1687AF}.Debug|x86.ActiveCfg = Debug|Win32
		{FB8225C5-E6F9-43D9-B51F-0C563D1687AF}.Debug|x86.Build.0 = Debug|Win32
		{FB8225C5-E6F9-43D9-B51F-0C563D1687AF}.Release|Any CPU.ActiveCfg = Release|x64
		{FB8225C5-E6F9-43D9-B51F-0C563D1687AF}.Release|Any CPU.Build.0 = Release|x64
		{FB8225C5-E6F9-43D9-B51F-0C563D1687AF}.Release|x64.ActiveCfg = Release|x64
		{FB8225C5-E6F9-43D9-B51F-0C563D1687AF}.Release|x64.Build.0 = Release|x64
		{FB8225C5-E6F9-43D9-B51F-0C563D1687AF}.Release|x86.ActiveCfg = Release|Win32
		{FB8225C5-E6F9-43D9-B51F-0C563D1687AF}.Release|x86.Build.0 = Release|Win32
		{EBD0A014-4530-48F7-83FC-83DEA33C20EF}.Debug|Any CPU.ActiveCfg = Debug|x64
		{EBD0A014-4530-48F7-83FC-83DEA33C20EF}.Debug|Any CPU.Build.0 = Debug|x64
		{EBD0A014-4530-48F7-83FC-83DEA33C20EF}.Debug|x64.ActiveCfg = Debug|x64
		{EBD0A014-4530-48F7-83FC-83DEA33C20EF}.Debug|x64.Build.0 = Debug|x64
		{EBD0A014-4530-48F7-83FC-83DEA33C20EF}.Debug|x86.ActiveCfg = Debug|Win32
		{EBD0A014-4530-48F7-83FC-83DEA33C20EF}.Debug|x86.Build.0 = Debug|Win32
		{EBD0A014-4530-48F7-83FC-83DEA33C20EF}.Release|Any CPU.ActiveCfg = Release|x64
		{EBD0A014-4530-48F7-83FC-83DEA33C20EF}.Release|Any CPU.Build.0 = Release|x64
		{EBD0A014-4530-48F7-83FC-83DEA33C20EF}.Release|x64.ActiveCfg = Release|x64
		{EBD0A014-4530-48F7-83FC-83DEA33C20EF}.Release|x64.Build.0 = Release|x64
		{EBD0A014-4530-48F7-83FC-83DEA33C20EF}.Release|x86.ActiveCfg = Release|Win32
		{EBD0A014-4530-48F7-83FC-83DEA33C20EF}.Release|x86.Build.0 = Release|Win32
		{B9BA0FF5-8431-4F77-9C4E-87D70B91B36A}.Debug|Any CPU.ActiveCfg = Debug|x64
		{B9BA0FF5-8431-4F77-9C4E-87D70B91B36A}.Debug|Any CPU.Build.0 = Debug|x64
		{B9BA0FF5-8431-4F77-9C4E-87D70B91B36A}.Debug|x64.ActiveCfg = Debug|x64
		{B9BA0FF5-8431-4F77-9C4E-87D70B91B36A}.Debug|x64.Build.0 = Debug|x64
		{B9BA0FF5-8431-4F77-9C4E-87D70B91B36A}.Debug|x86.ActiveCfg = Debug|Win32
		{B9BA0FF5-8431-4F77-9C4E-87D70B91B36A}.Debug|x86.Build.0 = Debug|Win32
		{B9BA0FF5-8431-4F77-9C4E-87D70B91B36A}.Release|Any CPU.ActiveCfg = Release|x64
		{B9BA0FF5-8431-4F77-9C4E-87D70B91B36A}.Release|Any CPU.Build.0 = Release|x64
		{B9BA0FF5-8431-4F77-9C4E-87D70B91B36A}.Release|x64.ActiveCfg = Release|x64
		{B9BA0FF5-8431-4F77-9C4E-87D70B91B36A}.Release|x64.Build.0 = Release|x64
		{B9BA0FF5-8431-4F77-9C4E-87D70B91B36A}.Release|x86.ActiveCfg = Release|Win32
		{B9BA0FF5-8431-4F77-9C4E-87D70B91B36A}.Release|x86.Build.0 = Release|Win32
		{4B06DC1F-B9D5-4E75-8E62-EC28051C851E}.Debug|Any CPU.ActiveCfg = Debug|x64
		{4B06DC1F-B9D5-4E75-8E62-EC28051C851E}.Debug|Any CPU.Build.0 = Debug|x64
		{4B06DC1F-B9D5-4E75-8E62-EC28051C851E}.Debug|x64.ActiveCfg = Debug|x64
		{4B06DC1F-B9D5-4E75-8E62-EC28051C851E}.Debug|x64.Build.0 = Debug|x64
		{4B06DC1F-B9D5-4E75-8E62-EC28051C851E}.Debug|x86.ActiveCfg = Debug|Win32
		{4B06DC1F-B9D5-4E75-8E62-EC28051C851E}.Debug|x86.Build.0 = Debug|Win32
		{4B06DC1F-B9D5-4E75-8E62-EC28051C851E}.Release|Any CPU.ActiveCfg = Release|x64
		{4B06DC1F-B9D5-4E75-8E62-EC28051C851E}.Release|Any CPU.Build.0 = Release|x64
		{4B06DC1F-B9D5-4E75-8E62-EC28051C851E}.Release|x64.ActiveCfg = Release|x64
		{4B06DC1F-B9D5-4E75-8E62-EC28051C851E}.Release|x64.Build.0 = Release|x64
		{4B06DC1F-B9D5-4E75-8E62-EC28051C851E}.Release|x86.ActiveCfg = Release|Win32
		{4B06DC1F-B9D5-4E75-8E62-EC28051C851E}.Release|x86.Build.0 = Release|Win32
		{8BFBCB82-C87A-450C-B2AC-6166D1128423}.Debug|Any CPU.ActiveCfg = Debug|x64
		{8BFBCB82-C87A-450C-B2AC-6166D1128423}.Debug|Any CPU.Build.0 = Debug|x64
		{8BFBCB82-C87A-450C-B2AC-6166D1128423}.Debug|x64.ActiveCfg = Debug|x64
		{8BFBCB82-C87A-450C-B2AC-6166D1128423}.Debug|x64.Build.0 = Debug|x64
		{8BFBCB82-C87A-450C-B2AC-6166D1128423}.Debug|x86.ActiveCfg = Debug|Win32
		{8BFBCB82-C87A-450C-B2AC-6166D1128423}.Debug|x86.Build.0 = Debug|Win32
		{8BFBCB82-C87A-450C-B2AC-6166D1128423}.Release|Any CPU.ActiveCfg = Release|x64
		{8BFBCB82-C87A-450C-B2AC-6166D1128423}.Release|Any CPU.Build.0 = Release|x64
		{8BFBCB82-C87A-450C-B2AC-6166D1128423}.Release|x64.ActiveCfg = Release|x64
		{8BFBCB82-C87A-450C-B2AC-6166D1128423}.Release|x64.Build.0 = Release|x64
		{8BFBCB82-C87A-450C-B2AC-6166D1128423}.Release|x86.ActiveCfg = Release|Win32
		{8BFBCB82-C87A-450C-B2AC-6166D1128423}.Release|x86.Build.0 = Release|Win32
		{E5990F9F-4FC6-434B-AA0E-D908A12C4E04}.Debug|Any CPU.ActiveCfg = Debug|x64
		{E5990F9F-4FC6-434B-AA0E-D908A12C4E04}.Debug|Any CPU.Build.0 = Debug|x64
		{E5990F9F-4FC6-434B-AA0E-D908A12C4E04}.Debug|x64.ActiveCfg = Debug|x64
		{E5990F9F-4FC6-434B-AA0E-D908A12C4E04}.Debug|x64.Build.0 = Debug|x64
		{E5990F9F-4FC6-434B-AA0E-D908A12C4E04}.Debug|x86.ActiveCfg = Debug|Win32
		{E5990F9F-4FC6-434B-AA0E-D908A12C4E04}.Debug|x86.Build.0 = Debug|Win32
		{E5990F9F-4FC6-434B-AA0E-D908A12C4E04}.Release|Any CPU.ActiveCfg = Release|x64
		{E5990F9F-4FC6-434B-AA0E-D908A12C4E04}.Release|Any CPU.Build.0 = Release|x64
		{E5990F9F-4FC6-434B-AA0E-D908A12C4E04}.Release|x64.ActiveCfg = Release|x64
		{E5990F9F-4FC6-434B-AA0E-D908A12C4E04}.Release|x64.Build.0 = Release|x64
		{E5990F9F-4FC6-434B-AA0E-D908A12C4E04}.Release|x86.ActiveCfg = Release|Win32
		{E5990F9F-4FC6-434B-AA0E-D908A12C4E04}.Release|x86.Build.0 = Release|Win32
		{36B11A7B-34AD-4BD9-93A0-56DE8616D3D3}.Debug|Any CPU.ActiveCfg = Debug|x64
		{36B11A7B-34AD-4BD9-93A0-56DE8616D3D3}.Debug|Any CPU.Build.0 = Debug|x64
		{36B11A7B-34AD-4BD9-93A0-56DE8616D3D3}.Debug|x64.ActiveCfg = Debug|x64
		{36B11A7B-34AD-4BD9-93A0-56DE8616D3D3}.Debug|x64.Build.0 = Debug|x64
		{36B11A7B-34AD-4BD9-93A0-56DE8616D3D3}.Debug|x86.ActiveCfg = Debug|Win32
		{36B11A7B-34AD-4BD9-93A0-56DE8616D3D3}.Debug|x86.Build.0 = Debug|Win32
		{36B11A7B-34AD-4BD9-93A0-56DE8616D3D3}.Release|Any CPU.ActiveCfg = Release|x64
		{36B11A7B-34AD-4BD9-93A0-56DE8616D3D3}.Release|Any CPU.Build.0 = Release|x64
		{36B11A7B-34AD-4BD9-93A0-56DE8616D3D3}.Release|x64.ActiveCfg = Release|x64
		{36B11A7B-34AD-4BD9-93A0-56DE8616D3D3}.Release|x64.Build.0 = Release|x64
		{36B11A7B-34AD-4BD9-93A0-56DE8616D3D3}.Release|x86.ActiveCfg = Release|Win32
		{36B11A7B-34AD-4BD9-93A0-56DE8616D3D3}.Release|x86.Build.0 = Release|Win32
		{0428BB7A-5EAD-4729-9406-2C51038B710B}.Debug|Any CPU.ActiveCfg = Debug|x64
		{0428BB7A-5EAD-4729-9406-2C51038B710B}.Debug|Any CPU.Build.0 = Debug|x64
		{0428BB7A-5EAD-4729-9406-2C51038B710B}.Debug|x64.ActiveCfg = Debug|x64
		{0428BB7A-5EAD-4729-9406-2C51038B710B}.Debug|x64.Build.0 = Debug|x64
		{0428BB7A-5EAD-4729-9406-2C51038B710B}.Debug|x86.ActiveCfg = Debug|Win32
		{0428BB7A-5EAD-4729-9406-2C51038B710B}.Debug|x86.Build.0 = Debug|Win32
		{0428BB7A-5EAD-4729-9406-2C51038B710B}.Release|Any CPU.ActiveCfg = Release|x64
		{0428BB7A-5EAD-4729-9406-2C51038B710B}.Release|Any CPU.Build.0 = Release|x64
		{0428BB7A-5EAD-4729-9406-2C51038B710B}.Release|x64.ActiveCfg = Release|x64
		{0428BB7A-5EAD-4729-9406-2C51038B710B}.Release|x64.Build.0 = Release|x64
		{0428BB7A-5EAD-4729-9406-2C51038B710B}.Release|x86.ActiveCfg = Release|Win32
		{0428BB7A-5EAD-4729-9406-2C51038B710B}.Release|x86.Build.0 = Release|Win32
		{D5D86D87-2217-416F-B3A7-0946B0A0301B}.Debug|Any CPU.ActiveCfg = Debug|x64
		{D5D86D87-2217-416F-B3A7-0946B0A0301B}.Debug|Any CPU.Build.0 = Debug|x64
		{D5D86D87-2217-416F-B3A7-0946B0A0301B}.Debug|x64.ActiveCfg = Debug|x64
		{D5D86D87-2217-416F-B3A7-0946B0A0301B}.Debug|x64.Build.0 = Debug|x64
		{D5D86D87-2217-416F-B3A7-0946B0A0301B}.Debug|x86.ActiveCfg = Debug|Win32
		{D5D86D87-2217-416F-B3A7-0946B0A0301B}.Debug|x86.Build.0 = Debug|Win32
		{D5D86D87-2217-416F-B3A7-0946B0A0301B}.Release|Any CPU.ActiveCfg = Release|x64
		{D5D86D87-2217-416F-B3A7-0946B0A0301B}.Release|Any CPU.Build.0 = Release|x64
		{D5D86D87-2217-416F-B3A7-0946B0A0301B}.Release|x64.ActiveCfg = Release|x64
		{D5D86D87-2217-416F-B3A7-0946B0A0301B}.Release|x64.Build.0 = Release|x64
		{D5D86D87-2217-416F-B3A7-0946B0A0301B}.Release|x86.ActiveCfg = Release|Win32
		{D5D86D87-2217-416F-B3A7-0946B0A0301B}.Release|x86.Build.0 = Release|Win32
		{49030BE0-1CE6-462B-9BD6-6304924E7B70}.Debug|Any CPU.ActiveCfg = Debug|x64
		{49030BE0-1CE6-462B-9BD6-6304924E7B70}.Debug|Any CPU.Build.0 = Debug|x64
		{49030BE0-1CE6-462B-9BD6-6304924E7B70}.Debug|x64.ActiveCfg = Debug|x64
		{49030BE0-1CE6-462B-9BD6-6304924E7B70}.Debug|x64.Build.0 = Debug|x64
		{49030BE0-1CE6-462B-9BD6-6304924E7B70}.Debug|x86.ActiveCfg = Debug|Win32
		{49030BE0-1CE6-462B-9BD6-6304924E7B70}.Debug|x86.Build.0 = Debug|Win32
		{49030BE0-1CE6-462B-9BD6-6304924E7B70}.Release|Any CPU.ActiveCfg = Release|x64
		{49030BE0-1CE6-462B-9BD6-6304924E7B70}.Release|Any CPU.Build.0 = Release|x64
		{49030BE0-1CE6-462B-9BD6-6304924E7B70}.Release|x64.ActiveCfg = Release|x64
		{49030BE0-1CE6-462B-9BD6-6304924E7B70}.Release|x64.Build.0 = Release|x64
		{49030BE0-1CE6-462B-9BD6-6304924E7B70}.Release|x86.ActiveCfg = Release|Win32
		{49030BE0-1CE6-462B-9BD6-6304924E7B70}.Release|x86.Build.0 = Release|Win32
		{386237BA-3818-4750-8E3F-DAB3CB89CE9E}.Debug|Any CPU.ActiveCfg = Debug|x64
		{386237BA-3818-4750-8E3F-DAB3CB89CE9E}.Debug|Any CPU.Build.0 = Debug|x64
		{386237BA-3818-4750-8E3F-DAB3CB89CE9E}.Debug|x64.ActiveCfg = Debug|x64
		{386237BA-3818-4750-8E3F-DAB3CB89CE9E}.Debug|x64.Build.0 = Debug|x64
		{386237BA-3818-4750-8E3F-DAB3CB89CE9E}.Debug|x86.ActiveCfg = Debug|Win32
		{386237BA-3818-4750-8E3F-DAB3CB89CE9E}.Debug|x86.Build.0 = Debug|Win32
		{386237BA-3818-4750-8E3F-DAB3CB89CE9E}.Release|Any CPU.ActiveCfg = Release|x64
		{386237BA-3818-4750-8E3F-DAB3CB89CE9E}.Release|Any CPU.Build.0 = Release|x64
		{386237BA-3818-4750-8E3F-DAB3CB89CE9E}.Release|x64.ActiveCfg = Release|x64
		{386237BA-3818-4750-8E3F-DAB3CB89CE9E}.Release|x64.Build.0 = Release|x64
		{386237BA-3818-4750-8E3F-DAB3CB89CE9E}.Release|x86.ActiveCfg = Release|Win32
		{386237BA-3818-4750-8E3F-DAB3CB89CE9E}.Release|x86.Build.0 = Release|Win32
		{F47AFCB8-C285-4EB7-AF2D-94A164FDD5BD}.Debug|Any CPU.ActiveCfg = Debug|x64
		{F47AFCB8-C285-4EB7-AF2D-94A164FDD5BD}.Debug|Any CPU.Build.0 = Debug|x64
		{F47AFCB8-C285-4EB7-AF2D-94A164FDD5BD}.Debug|x64.ActiveCfg = Debug|x64
		{F47AFCB8-C285-4EB7-AF2D-94A164FDD5BD}.Debug|x64.Build.0 = Debug|x64
		{F47AFCB8-C285-4EB7-AF2D-94A164FDD5BD}.Debug|x86.ActiveCfg = Debug|Win32
		{F47AFCB8-C285-4EB7-AF2D-94A164FDD5BD}.Debug|x86.Build.0 = Debug|Win32
		{F47AFCB8-C285-4EB7-AF2D-94A164FDD5BD}.Release|Any CPU.ActiveCfg = Release|x64
		{F47AFCB8-C285-4EB7-AF2D-94A164FDD5BD}.Release|Any CPU.Build.0 = Release|x64
		{F47AFCB8-C285-4EB7-AF2D-94A164FDD5BD}.Release|x64.ActiveCfg = Release|x64
		{F47AFCB8-C285-4EB7-AF2D-94A164FDD5BD}.Release|x64.Build.0 = Release|x64
		{F47AFCB8-C285-4EB7-AF2D-94A164FDD5BD}.Release|x86.ActiveCfg = Release|Win32
		{F47AFCB8-C285-4EB7-AF2D-94A164FDD5BD}.Release|x86.Build.0 = Release|Win32
		{7C208E72-1956-4BF9-9412-C1D8A9D16661}.Debug|Any CPU.ActiveCfg = Debug|x64
		{7C208E72-1956-4BF9-9412-C1D8A9D16661}.Debug|Any CPU.Build.0 = Debug|x64
		{7C208E72-1956-4BF9-9412-C1D8A9D16661}.Debug|x64.ActiveCfg = Debug|x64
		{7C208E72-1956-4BF9-9412-C1D8A9D16661}.Debug|x64.Build.0 = Debug|x64
		{7C208E72-1956-4BF9-9412-C1D8A9D16661}.Debug|x86.ActiveCfg = Debug|Win32
		{7C208E72-1956-4BF9-9412-C1D8A9D16661}.Debug|x86.Build.0 = Debug|Win32
		{7C208E72-1956-4BF9-9412-C1D8A9D16661}.Release|Any CPU.ActiveCfg = Release|x64
		{7C208E72-1956-4BF9-9412-C1D8A9D16661}.Release|Any CPU.Build.0 = Release|x64
		{7C208E72-1956-4BF9-9412-C1D8A9D16661}.Release|x64.ActiveCfg = Release|x64
		{7C208E72-1956-4BF9-9412-C1D8A9D16661}.Release|x64.Build.0 = Release|x64
		{7C208E72-1956-4BF9-9412-C1D8A9D16661}.Release|x86.ActiveCfg = Release|Win32
		{7C208E72-1956-4BF9-9412-C1D8A9D16661}.Release|x86.Build.0 = Release|Win32
		{93F8F225-6F45-4DAD-BE9E-3EB603559BE5}.Debug|Any CPU.ActiveCfg = Debug|x64
		{93F8F225-6F45-4DAD-BE9E-3EB603559BE5}.Debug|Any CPU.Build.0 = Debug|x64
		{93F8F225-6F45-4DAD-BE9E-3EB603559BE5}.Debug|x64.ActiveCfg = Debug|x64
		{93F8F225-6F45-4DAD-BE9E-3EB603559BE5}.Debug|x64.Build.0 = Debug|x64
		{93F8F225-6F45-4DAD-BE9E-3EB603559BE5}.Debug|x86.ActiveCfg = Debug|Win32
		{93F8F225-6F45-4DAD-BE9E-3EB603559BE5}.Debug|x86.Build.0 = Debug|Win32
		{93F8F225-6F45-4DAD-BE9E-3EB603559BE5}.Release|Any CPU.ActiveCfg = Release|x64
		{93F8F225-6F45-4DAD-BE9E-3EB603559BE5}.Release|Any CPU.Build.0 = Release|x64
		{93F8F225-6F45-4DAD-BE9E-3EB603559BE5}.Release|x64.ActiveCfg = Release|x64
		{93F8F225-6F45-4DAD-BE9E-3EB603559BE5}.Release|x64.Build.0 = Release|x64
		{93F8F225-6F45-4DAD-BE9E-3EB603559BE5}.Release|x86.ActiveCfg = Release|Win32
		{93F8F225-6F45-4DAD-BE9E-3EB603559BE5}.Release|x86.Build.0 = Release|Win32
		{613E05C6-D9CE-4890-92C8-96B163B64AEE}.Debug|Any CPU.ActiveCfg = Debug|x64
		{613E05C6-D9CE-4890-92C8-96B163B64AEE}.Debug|Any CPU.Build.0 = Debug|x64
		{613E05C6-D9CE-4890-92C8-96B163B64AEE}.Debug|x64.ActiveCfg = Debug|x64
		{613E05C6-D9CE-4890-92C8-96B163B64AEE}.Debug|x64.Build.0 = Debug|x64
		{613E05C6-D9CE-4890-92C8-96B163B64AEE}.Debug|x86.ActiveCfg = Debug|Win32
		{613E05C6-D9CE-4890-92C8-96B163B64AEE}.Debug|x86.Build.0 = Debug|Win32
		{613E05C6-D9CE-4890-92C8-96B163B64AEE}.Release|Any CPU.ActiveCfg = Release|x64
		{613E05C6-D9CE-4890-92C8-96B163B64AEE}.Release|Any CPU.Build.0 = Release|x64
		{613E05C6-D9CE-4890-92C8-96B163B64AEE}.Release|x64.ActiveCfg = Release|x64
		{613E05C6-D9CE-4890-92C8-96B163B64AEE}.Release|x64.Build.0 = Release|x64
		{613E05C6-D9CE-4890-92C8-96B163B64AEE}.Release|x86.ActiveCfg = Release|Win32
		{613E05C6-D9CE-4890-92C8-96B163B64AEE}.Release|x86.Build.0 = Release|Win32
		{F399CBC2-C707-4848-8D40-655E1D993360}.Debug|Any CPU.ActiveCfg = Debug|x64
		{F399CBC2-C707-4848-8D40-655E1D993360}.Debug|Any CPU.Build.0 = Debug|x64
		{F399CBC2-C707-4848-8D40-655E1D993360}.Debug|x64.ActiveCfg = Debug|x64
		{F399CBC2-C707-4848-8D40-655E1D993360}.Debug|x64.Build.0 = Debug|x64
		{F399CBC2-C707-4848-8D40-655E1D993360}.Debug|x86.ActiveCfg = Debug|Win32
		{F399CBC2-C707-4848-8D40-655E1D993360}.Debug|x86.Build.0 = Debug|Win32
		{F399CBC2-C707-4848-8D40-655E1D993360}.Release|Any CPU.ActiveCfg = Release|x64
		{F399CBC2-C707-4848-8D40-655E1D993360}.Release|Any CPU.Build.0 = Release|x64
		{F399CBC2-C707-4848-8D40-655E1D993360}.Release|x64.ActiveCfg = Release|x64
		{F399CBC2-C707-4848-8D40-655E1D993360}.Release|x64.Build.0 = Release|x64
		{F399CBC2-C707-4848-8D40-655E1D993360}.Release|x86.ActiveCfg = Release|Win32
		{F399CBC2-C707-4848-8D40-655E1D993360}.Release|x86.Build.0 = Release|Win32
		{8F5F61E3-50F7-4EAB-B48E-2C4E4F2D6534}.Debug|Any CPU.ActiveCfg = Debug|x64
		{8F5F61E3-50F7-4EAB-B48E-2C4E4F2D6534}.Debug|Any CPU.Build.0 = Debug|x64
		{8F5F61E3-50F7-4EAB-B48E-2C4E4F2D6534}.Debug|x64.ActiveCfg = Debug|x64
		{8F5F61E3-50F7-4EAB-B48E-2C4E4F2D6534}.Debug|x64.Build.0 = Debug|x64
		{8F5F61E3-50F7-4EAB-B48E-2C4E4F2D6534}.Debug|x86.ActiveCfg = Debug|Win32
		{8F5F61E3-50F7-4EAB-B48E-2C4E4F2D6534}.Debug|x86.Build.0 = Debug|Win32
		{8F5F61E3-50F7-4EAB-B48E-2C4E4F2D6534}.Release|Any CPU.ActiveCfg = Release|x64
		{8F5F61E3-50F7-4EAB-B48E-2C4E4F2D6534}.Release|Any CPU.Build.0 = Release|x64
		{8F5F61E3-50F7-4EAB-B48E-2C4E4F2D6534}.Release|x64.ActiveCfg = Release|x64
		{8F5F61E3-50F7-4EAB-B48E-2C4E4F2D6534}.Release|x64.Build.0 = Release|x64
		{8F5F61E3-50F7-4EAB-B48E-2C4E4F2D6534}.Release|x86.ActiveCfg = Release|Win32
		{8F5F61E3-50F7-4EAB-B48E-2C4E4F2D6534}.Release|x86.Build.0 = Release|Win32
		{79063C94-9BE6-4BB0-80C3-153D8DF17D5D}.Debug|Any CPU.ActiveCfg = Debug|x64
		{79063C94-9BE6-4BB0-80C3-153D8DF17D5D}.Debug|Any CPU.Build.0 = Debug|x64
		{79063C94-9BE6-4BB0-80C3-153D8DF17D5D}.Debug|x64.ActiveCfg = Debug|x64
		{79063C94-9BE6-4BB0-80C3-153D8DF17D5D}.Debug|x64.Build.0 = Debug|x64
		{79063C94-9BE6-4BB0-80C3-153D8DF17D5D}.Debug|x86.ActiveCfg = Debug|Win32
		{79063C94-9BE6-4BB0-80C3-153D8DF17D5D}.Debug|x86.Build.0 = Debug|Win32
		{79063C94-9BE6-4BB0-80C3-153D8DF17D5D}.Release|Any CPU.ActiveCfg = Release|x64
		{79063C94-9BE6-4BB0-80C3-153D8DF17D5D}.Release|Any CPU.Build.0 = Release|x64
		{79063C94-9BE6-4BB0-80C3-153D8DF17D5D}.Release|x64.ActiveCfg = Release|x64
		{79063C94-9BE6-4BB0-80C3-153D8DF17D5D}.Release|x64.Build.0 = Release|x64
		{79063C94-9BE6-4BB0-80C3-153D8DF17D5D}.Release|x86.ActiveCfg = Release|Win32
		{79063C94-9BE6-4BB0-80C3-153D8DF17D5D}.Release|x86.Build.0 = Release|Win32
		{372C7D33-6D6D-4921-BE63-0FED845309C7}.Debug|Any CPU.ActiveCfg = Debug|x64
		{372C7D33-6D6D-4921-BE63-0FED845309C7}.Debug|Any CPU.Build.0 = Debug|x64
		{372C7D33-6D6D-4921-BE63-0FED845309C7}.Debug|x64.ActiveCfg = Debug|x64
		{372C7D33-6D6D-4921-BE63-0FED845309C7}.Debug|x64.Build.0 = Debug|x64
		{372C7D33-6D6D-4921-BE63-0FED845309C7}.Debug|x86.ActiveCfg = Debug|Win32
		{372C7D33-6D6D-4921-BE63-0FED845309C7}.Debug|x86.Build.0 = Debug|Win32
		{372C7D33-6D6D-4921-BE63-0FED845309C7}.Release|Any CPU.ActiveCfg = Release|x64
		{372C7D33-6D6D-4921-BE63-0FED845309C7}.Release|Any CPU.Build.0 = Release|x64
		{372C7D33-6D6D-4921-BE63-0FED845309C7}.Release|x64.ActiveCfg = Release|x64
		{372C7D33-6D6D-4921-BE63-0FED845309C7}.Release|x64.Build.0 = Release|x64
		{372C7D33-6D6D-4921-BE63-0FED845309C7}.Release|x86.ActiveCfg = Release|Win32
		{372C7D33-6D6D-4921-BE63-0FED845309C7}.Release|x86.Build.0 = Release|Win32
		{BD6DFDC1-367D-483C-AEE8-F67B3481808B}.Debug|Any CPU.ActiveCfg = Debug|x64
		{BD6DFDC1-367D-483C-AEE8-F67B3481808B}.Debug|Any CPU.Build.0 = Debug|x64
		{BD6DFDC1-367D-483C-AEE8-F67B3481808B}.Debug|x64.ActiveCfg = Debug|x64
		{BD6DFDC1-367D-483C-AEE8-F67B3481808B}.Debug|x64.Build.0 = Debug|x64
		{BD6DFDC1-367D-483C-AEE8-F67B3481808B}.Debug|x86.ActiveCfg = Debug|Win32
		{BD6DFDC1-367D-483C-AEE8-F67B3481808B}.Debug|x86.Build.0 = Debug|Win32
		{BD6DFDC1-367D-483C-AEE8-F67B3481808B}.Release|Any CPU.ActiveCfg = Release|x64
		{BD6DFDC1-367D-483C-AEE8-F67B3481808B}.Release|Any CPU.Build.0 = Release|x64
		{BD6DFDC1-367D-483C-AEE8-F67B3481808B}.Release|x64.ActiveCfg = Release|x64
		{BD6DFDC1-367D-483C-AEE8-F67B3481808B}.Release|x64.Build.0 = Release|x64
		{BD6DFDC1-367D-483C-AEE8-F67B3481808B}.Release|x86.ActiveCfg = Release|Win32
		{BD6DFDC1-367D-483C-AEE8-F67B3481808B}.Release|x86.Build.0 = Release|Win32
		{D88A747D-F832-49E2-AEAB-08CB8008DB59}.Debug|Any CPU.ActiveCfg = Debug|x64
		{D88A747D-F832-49E2-AEAB-08CB8008DB59}.Debug|Any CPU.Build.0 = Debug|x64
		{D88A747D-F832-49E2-AEAB-08CB8008DB59}.Debug|x64.ActiveCfg = Debug|x64
		{D88A747D-F832-49E2-AEAB-08CB8008DB59}.Debug|x64.Build.0 = Debug|x64
		{D88A747D-F832-49E2-AEAB-08CB8008DB59}.Debug|x86.ActiveCfg = Debug|Win32
		{D88A747D-F832-49E2-AEAB-08CB8008DB59}.Debug|x86.Build.0 = Debug|Win32
		{D88A747D-F832-49E2-AEAB-08CB8008DB59}.Release|Any CPU.ActiveCfg = Release|x64
		{D88A747D-F832-49E2-AEAB-08CB8008DB59}.Release|Any CPU.Build.0 = Release|x64
		{D88A747D-F832-49E2-AEAB-08CB8008DB59}.Release|x64.ActiveCfg = Release|x64
		{D88A747D-F832-49E2-AEAB-08CB8008DB59}.Release|x64.Build.0 = Release|x64
		{D88A747D-F832-49E2-AEAB-08CB8008DB59}.Release|x86.ActiveCfg = Release|Win32
		{D88A747D-F832-49E2-AEAB-08CB8008DB59}.Release|x86.Build.0 = Release|Win32
		{C8F65E61-9A31-491F-B523-874DE24CF2D9}.Debug|Any CPU.ActiveCfg = Debug|x64
		{C8F65E61-9A31-491F-B523-874DE24CF2D9}.Debug|Any CPU.Build.0 = Debug|x64
		{C8F65E61-9A31-491F-B523-874DE24CF2D9}.Debug|x64.ActiveCfg = Debug|x64
		{C8F65E61-9A31-491F-B523-874DE24CF2D9}.Debug|x64.Build.0 = Debug|x64
		{C8F65E61-9A31-491F-B523-874DE24CF2D9}.Debug|x86.ActiveCfg = Debug|Win32
		{C8F65E61-9A31-491F-B523-874DE24CF2D9}.Debug|x86.Build.0 = Debug|Win32
		{C8F65E61-9A31-491F-B523-874DE24CF2D9}.Release|Any CPU.ActiveCfg = Release|x64
		{C8F65E61-9A31-491F-B523-874DE24CF2D9}.Release|Any CPU.Build.0 = Release|x64
		{C8F65E61-9A31-491F-B523-874DE24CF2D9}.Release|x64.ActiveCfg = Release|x64
		{C8F65E61-9A31-491F-B523-874DE24CF2D9}.Release|x64.Build.0 = Release|x64
		{C8F65E61-9A31-491F-B523-874DE24CF2D9}.Release|x86.ActiveCfg = Release|Win32
		{C8F65E61-9A31-491F-B523-874DE24CF2D9}.Release|x86.Build.0 = Release|Win32
	EndGlobalSection
	GlobalSection(SolutionProperties) = preSolution
		HideSolutionNode = FALSE
	EndGlobalSection
	GlobalSection(NestedProjects) = preSolution
		{B69675EC-689D-47F9-8496-93EDC2E2C90A} = {BC3F6BEF-213C-4086-B0B3-613CB9F523D7}
		{BFEE85F6-DFF8-485A-87C2-009EEE94AFFE} = {BC3F6BEF-213C-4086-B0B3-613CB9F523D7}
		{DCF4EA5E-4658-48B4-A1F7-8C95BF582247} = {BFEE85F6-DFF8-485A-87C2-009EEE94AFFE}
		{1B3341CF-5154-4AB1-89F4-6C0DE95178C8} = {BFEE85F6-DFF8-485A-87C2-009EEE94AFFE}
		{050F2EB0-1503-4BC8-A23A-4B8CAB094041} = {BFEE85F6-DFF8-485A-87C2-009EEE94AFFE}
		{2CB9367A-D8AD-45B2-BE23-17DA6A7598E3} = {BC3F6BEF-213C-4086-B0B3-613CB9F523D7}
		{99AC8990-AB7C-4E7D-8AB7-2E855BBC7126} = {2CB9367A-D8AD-45B2-BE23-17DA6A7598E3}
		{214BE31F-7E36-45F0-9637-885E72E79C41} = {2CB9367A-D8AD-45B2-BE23-17DA6A7598E3}
		{0F3A330D-EBC5-4C46-B083-8BB949B1F0F7} = {2CB9367A-D8AD-45B2-BE23-17DA6A7598E3}
		{B973DBDA-8642-42B3-9E66-31D6C865D482} = {BC3F6BEF-213C-4086-B0B3-613CB9F523D7}
		{431DAB57-4EAB-48D6-BA0E-F52B6695E4FD} = {B973DBDA-8642-42B3-9E66-31D6C865D482}
		{CDAEB078-D279-40F3-8821-A9D2A3F8099D} = {B973DBDA-8642-42B3-9E66-31D6C865D482}
		{5A226D8D-1A86-4F58-A17E-5F8D7A6B7AFA} = {B973DBDA-8642-42B3-9E66-31D6C865D482}
		{104FB8AF-8601-495D-9803-25FBC09B448E} = {BC3F6BEF-213C-4086-B0B3-613CB9F523D7}
		{B5A9DD4C-B5BD-441C-AB10-04743B69052E} = {104FB8AF-8601-495D-9803-25FBC09B448E}
		{BEF5EB50-84EC-4312-8E7F-66184EA43DE2} = {104FB8AF-8601-495D-9803-25FBC09B448E}
		{69AE667D-EB14-41E4-84C7-0FFE5AE07C92} = {104FB8AF-8601-495D-9803-25FBC09B448E}
		{2F6BA031-F086-428E-9CD6-D722C2193698} = {104FB8AF-8601-495D-9803-25FBC09B448E}
		{B7A4083D-4C27-42EF-B832-F6A9ACDE731A} = {BC3F6BEF-213C-4086-B0B3-613CB9F523D7}
		{B8F65FE6-1FEB-4E47-9629-73ADB2D652B0} = {B7A4083D-4C27-42EF-B832-F6A9ACDE731A}
		{358CFF94-2896-475F-8C39-FCF89424332B} = {BC3F6BEF-213C-4086-B0B3-613CB9F523D7}
		{B1CA514F-027A-439A-8467-2329B2300802} = {358CFF94-2896-475F-8C39-FCF89424332B}
		{C1873371-616A-40C0-9888-DAD4F18A22B3} = {BC3F6BEF-213C-4086-B0B3-613CB9F523D7}
		{2F6AF6CD-EF83-4EA3-88F5-CDC2CABB482B} = {BC3F6BEF-213C-4086-B0B3-613CB9F523D7}
		{FF707543-D0E9-4FFF-8A9E-E240BC896FE6} = {C1873371-616A-40C0-9888-DAD4F18A22B3}
		{EC2CBA81-5EF7-46C1-92BE-2109C4C1A538} = {2F6AF6CD-EF83-4EA3-88F5-CDC2CABB482B}
		{3E0894A2-859F-4959-8C92-E82CCAF4F999} = {2F6AF6CD-EF83-4EA3-88F5-CDC2CABB482B}
		{15BC94F5-0D20-4D31-957A-37F0803E50B2} = {BC3F6BEF-213C-4086-B0B3-613CB9F523D7}
		{F52CEAF1-26BE-4E3D-91CD-C0009F2831B6} = {15BC94F5-0D20-4D31-957A-37F0803E50B2}
		{C45E2141-2A08-4432-8A46-ABC15A763DC2} = {15BC94F5-0D20-4D31-957A-37F0803E50B2}
		{8CBF1A6E-D1A5-4091-A230-005117C39D89} = {2D1A64D8-A22E-4507-8974-F1D09FE755D1}
		{B1A89042-76DB-4D78-BB94-F2F5FFEFCEF2} = {2D1A64D8-A22E-4507-8974-F1D09FE755D1}
		{E0B9BCEE-F42E-48DA-9241-7DAAEA9F01B4} = {2D1A64D8-A22E-4507-8974-F1D09FE755D1}
		{3D863109-F663-43D9-A93D-6C6F9D4B2601} = {2D1A64D8-A22E-4507-8974-F1D09FE755D1}
		{BD464AE8-4F66-4F69-8923-CA71EA01E2BC} = {BC3F6BEF-213C-4086-B0B3-613CB9F523D7}
		{BD0B3850-FD50-45AE-B563-CD450FA6EDDB} = {BD464AE8-4F66-4F69-8923-CA71EA01E2BC}
		{0DF90001-B9AD-4B86-A94E-AE21AF779FE0} = {BD464AE8-4F66-4F69-8923-CA71EA01E2BC}
		{B349338E-EBC1-4A38-A79A-5852C04A9ADA} = {BD464AE8-4F66-4F69-8923-CA71EA01E2BC}
		{C03BB4F8-2A46-4811-93D0-D7E8670FCF71} = {15BC94F5-0D20-4D31-957A-37F0803E50B2}
		{B1D4F6EF-FA40-40D7-A458-BB9B8B12FB5B} = {BC3F6BEF-213C-4086-B0B3-613CB9F523D7}
		{B3E85F97-098D-48A4-A19E-E9046E4A052F} = {B1D4F6EF-FA40-40D7-A458-BB9B8B12FB5B}
		{9717EC1D-5216-4908-A037-4998A43C196E} = {D4E531CE-693E-48BA-A1A7-BE37FFE96BAE}
		{94841386-B260-4ACE-9B18-44E618F4BAC9} = {9717EC1D-5216-4908-A037-4998A43C196E}
		{71B6098C-90EC-4FBC-BFAB-CCBB5C75E6F1} = {15BC94F5-0D20-4D31-957A-37F0803E50B2}
		{39A9DB84-53C3-43FA-BA40-5EE82B123F3A} = {2F6AF6CD-EF83-4EA3-88F5-CDC2CABB482B}
		{71F6A739-9447-43CC-BE1A-883BABF835F1} = {2F6AF6CD-EF83-4EA3-88F5-CDC2CABB482B}
		{28476F86-F9D8-476D-A888-EA1B7353044B} = {BC3F6BEF-213C-4086-B0B3-613CB9F523D7}
		{B6BC430E-A8D1-43F8-8F31-1CF5F0C7B4CD} = {B1D4F6EF-FA40-40D7-A458-BB9B8B12FB5B}
		{4AD4EB7E-341F-43DB-B924-3E07C9035942} = {B1D4F6EF-FA40-40D7-A458-BB9B8B12FB5B}
		{4CF85C0C-752F-45E8-A3EF-B74C234DDC1D} = {28476F86-F9D8-476D-A888-EA1B7353044B}
		{CEBE2403-99D6-4343-B59F-074F89F69724} = {28476F86-F9D8-476D-A888-EA1B7353044B}
		{6A196969-4CC6-4B4A-8E7A-816695B31F63} = {2D1A64D8-A22E-4507-8974-F1D09FE755D1}
		{B8C9146C-66C6-42B0-9C8B-589904EF9BBF} = {BC3F6BEF-213C-4086-B0B3-613CB9F523D7}
		{46E87A4F-049F-49C2-AC0A-19A732F498C0} = {BC3F6BEF-213C-4086-B0B3-613CB9F523D7}
		{4A9E0E96-DF0A-422D-8250-A9B26F4F667E} = {46E87A4F-049F-49C2-AC0A-19A732F498C0}
		{14471D05-B20A-499F-B120-626188D28189} = {BC3F6BEF-213C-4086-B0B3-613CB9F523D7}
		{A2C81108-A78D-4DF2-9C19-208DE2C21A87} = {14471D05-B20A-499F-B120-626188D28189}
		{FBE467E3-551D-4522-A6DB-78A61B374BE7} = {14471D05-B20A-499F-B120-626188D28189}
		{FB8225C5-E6F9-43D9-B51F-0C563D1687AF} = {14471D05-B20A-499F-B120-626188D28189}
		{474F2C47-8F8F-44B1-AC36-92ADEF0A2F7C} = {BC3F6BEF-213C-4086-B0B3-613CB9F523D7}
		{EBD0A014-4530-48F7-83FC-83DEA33C20EF} = {474F2C47-8F8F-44B1-AC36-92ADEF0A2F7C}
		{71334C33-5869-4413-AB5B-E08F85854CBB} = {BC3F6BEF-213C-4086-B0B3-613CB9F523D7}
		{B9BA0FF5-8431-4F77-9C4E-87D70B91B36A} = {B8C9146C-66C6-42B0-9C8B-589904EF9BBF}
		{4B06DC1F-B9D5-4E75-8E62-EC28051C851E} = {D4E531CE-693E-48BA-A1A7-BE37FFE96BAE}
		{8BFBCB82-C87A-450C-B2AC-6166D1128423} = {15BC94F5-0D20-4D31-957A-37F0803E50B2}
		{E5990F9F-4FC6-434B-AA0E-D908A12C4E04} = {15BC94F5-0D20-4D31-957A-37F0803E50B2}
		{36B11A7B-34AD-4BD9-93A0-56DE8616D3D3} = {B8C9146C-66C6-42B0-9C8B-589904EF9BBF}
		{1583430E-B463-46F7-ABAB-08CD47FB1988} = {BC3F6BEF-213C-4086-B0B3-613CB9F523D7}
		{0428BB7A-5EAD-4729-9406-2C51038B710B} = {1583430E-B463-46F7-ABAB-08CD47FB1988}
		{D5D86D87-2217-416F-B3A7-0946B0A0301B} = {1583430E-B463-46F7-ABAB-08CD47FB1988}
		{49030BE0-1CE6-462B-9BD6-6304924E7B70} = {1583430E-B463-46F7-ABAB-08CD47FB1988}
		{B20F7BF4-0D5D-4AA2-A281-139138B2DBF2} = {BC3F6BEF-213C-4086-B0B3-613CB9F523D7}
		{386237BA-3818-4750-8E3F-DAB3CB89CE9E} = {B20F7BF4-0D5D-4AA2-A281-139138B2DBF2}
		{F47AFCB8-C285-4EB7-AF2D-94A164FDD5BD} = {B20F7BF4-0D5D-4AA2-A281-139138B2DBF2}
		{7C208E72-1956-4BF9-9412-C1D8A9D16661} = {D23D0F3A-6EA0-468E-BDEA-0CF0E71743D2}
		{93F8F225-6F45-4DAD-BE9E-3EB603559BE5} = {D23D0F3A-6EA0-468E-BDEA-0CF0E71743D2}
		{613E05C6-D9CE-4890-92C8-96B163B64AEE} = {D23D0F3A-6EA0-468E-BDEA-0CF0E71743D2}
		{F399CBC2-C707-4848-8D40-655E1D993360} = {D23D0F3A-6EA0-468E-BDEA-0CF0E71743D2}
		{8F5F61E3-50F7-4EAB-B48E-2C4E4F2D6534} = {D23D0F3A-6EA0-468E-BDEA-0CF0E71743D2}
		{79063C94-9BE6-4BB0-80C3-153D8DF17D5D} = {D23D0F3A-6EA0-468E-BDEA-0CF0E71743D2}
		{372C7D33-6D6D-4921-BE63-0FED845309C7} = {D23D0F3A-6EA0-468E-BDEA-0CF0E71743D2}
		{BD6DFDC1-367D-483C-AEE8-F67B3481808B} = {D23D0F3A-6EA0-468E-BDEA-0CF0E71743D2}
		{D88A747D-F832-49E2-AEAB-08CB8008DB59} = {D23D0F3A-6EA0-468E-BDEA-0CF0E71743D2}
		{C8F65E61-9A31-491F-B523-874DE24CF2D9} = {D23D0F3A-6EA0-468E-BDEA-0CF0E71743D2}
	EndGlobalSection
	GlobalSection(ExtensibilityGlobals) = postSolution
		SolutionGuid = {2B29F3E4-ED02-4606-AD9F-A8B12780E87E}
	EndGlobalSection
EndGlobal
