
Microsoft Visual Studio Solution File, Format Version 12.00
# Visual Studio Version 17
VisualStudioVersion = 17.3.32922.545
MinimumVisualStudioVersion = 10.0.40219.1
Project("{2150E333-8FDC-42A3-9474-1A3956D46DE8}") = "Borodkin", "Borodkin", "{BC3F6BEF-213C-4086-B0B3-613CB9F523D7}"
EndProject
Project("{8BC9CEB8-8B4A-11D0-8D11-00A0C91BC942}") = "Lab Old", "Borodkin\Lab Old\Lab Old.vcxproj", "{B69675EC-689D-47F9-8496-93EDC2E2C90A}"
EndProject
Project("{2150E333-8FDC-42A3-9474-1A3956D46DE8}") = "Lab2", "Lab2", "{BFEE85F6-DFF8-485A-87C2-009EEE94AFFE}"
EndProject
Project("{8BC9CEB8-8B4A-11D0-8D11-00A0C91BC942}") = "Lab2_1", "Borodkin\Lab2\Lab2_1\Lab2_1.vcxproj", "{DCF4EA5E-4658-48B4-A1F7-8C95BF582247}"
EndProject
Project("{8BC9CEB8-8B4A-11D0-8D11-00A0C91BC942}") = "Lab2_2", "Borodkin\Lab2\Lab2_2\Lab2_2.vcxproj", "{1B3341CF-5154-4AB1-89F4-6C0DE95178C8}"
EndProject
Project("{8BC9CEB8-8B4A-11D0-8D11-00A0C91BC942}") = "Lab2_3", "Borodkin\Lab2\Lab2_3\Lab2_3.vcxproj", "{050F2EB0-1503-4BC8-A23A-4B8CAB094041}"
EndProject
Project("{2150E333-8FDC-42A3-9474-1A3956D46DE8}") = "Lab3", "Lab3", "{2CB9367A-D8AD-45B2-BE23-17DA6A7598E3}"
EndProject
Project("{8BC9CEB8-8B4A-11D0-8D11-00A0C91BC942}") = "Lab3_1", "Borodkin\Lab3\Lab3_1\Lab3_1.vcxproj", "{99AC8990-AB7C-4E7D-8AB7-2E855BBC7126}"
EndProject
Project("{8BC9CEB8-8B4A-11D0-8D11-00A0C91BC942}") = "Lab3_2", "Borodkin\Lab3\Lab3_2\Lab3_2.vcxproj", "{214BE31F-7E36-45F0-9637-885E72E79C41}"
EndProject
Project("{8BC9CEB8-8B4A-11D0-8D11-00A0C91BC942}") = "Lab3_3", "Borodkin\Lab3\Lab3_3\Lab3_3.vcxproj", "{0F3A330D-EBC5-4C46-B083-8BB949B1F0F7}"
EndProject
Project("{2150E333-8FDC-42A3-9474-1A3956D46DE8}") = "Lab4", "Lab4", "{B973DBDA-8642-42B3-9E66-31D6C865D482}"
EndProject
Project("{8BC9CEB8-8B4A-11D0-8D11-00A0C91BC942}") = "Lab4_1", "Borodkin\Lab4\Lab4_1\Lab4_1.vcxproj", "{431DAB57-4EAB-48D6-BA0E-F52B6695E4FD}"
EndProject
Project("{8BC9CEB8-8B4A-11D0-8D11-00A0C91BC942}") = "Lab4_2", "Borodkin\Lab4\Lab4_2\Lab4_2.vcxproj", "{CDAEB078-D279-40F3-8821-A9D2A3F8099D}"
EndProject
Project("{8BC9CEB8-8B4A-11D0-8D11-00A0C91BC942}") = "Lab4_3", "Borodkin\Lab4\Lab4_3\Lab4_3.vcxproj", "{5A226D8D-1A86-4F58-A17E-5F8D7A6B7AFA}"
EndProject
Project("{2150E333-8FDC-42A3-9474-1A3956D46DE8}") = "Lab5", "Lab5", "{104FB8AF-8601-495D-9803-25FBC09B448E}"
EndProject
Project("{8BC9CEB8-8B4A-11D0-8D11-00A0C91BC942}") = "Lab5_1", "Borodkin\Lab5\Lab5_1\Lab5_1.vcxproj", "{B5A9DD4C-B5BD-441C-AB10-04743B69052E}"
EndProject
Project("{8BC9CEB8-8B4A-11D0-8D11-00A0C91BC942}") = "Lab5_1_Old", "Borodkin\Lab5\Lab5_1_Old\Lab5_1_Old.vcxproj", "{BEF5EB50-84EC-4312-8E7F-66184EA43DE2}"
EndProject
Project("{8BC9CEB8-8B4A-11D0-8D11-00A0C91BC942}") = "Lab5_2", "Borodkin\Lab5\Lab5_2\Lab5_2.vcxproj", "{69AE667D-EB14-41E4-84C7-0FFE5AE07C92}"
EndProject
Project("{8BC9CEB8-8B4A-11D0-8D11-00A0C91BC942}") = "Lab5_2_Old", "Borodkin\Lab5\Lab5_2_Old\Lab5_2_Old.vcxproj", "{2F6BA031-F086-428E-9CD6-D722C2193698}"
EndProject
Project("{2150E333-8FDC-42A3-9474-1A3956D46DE8}") = "Lab6", "Lab6", "{B7A4083D-4C27-42EF-B832-F6A9ACDE731A}"
EndProject
Project("{8BC9CEB8-8B4A-11D0-8D11-00A0C91BC942}") = "Lab6", "Borodkin\Lab6\Lab6.vcxproj", "{B8F65FE6-1FEB-4E47-9629-73ADB2D652B0}"
EndProject
Project("{2150E333-8FDC-42A3-9474-1A3956D46DE8}") = "Lab7", "Lab7", "{358CFF94-2896-475F-8C39-FCF89424332B}"
EndProject
Project("{8BC9CEB8-8B4A-11D0-8D11-00A0C91BC942}") = "Lab7", "Borodkin\Lab7\Lab7.vcxproj", "{B1CA514F-027A-439A-8467-2329B2300802}"
EndProject
Project("{2150E333-8FDC-42A3-9474-1A3956D46DE8}") = "Lab8", "Lab8", "{C1873371-616A-40C0-9888-DAD4F18A22B3}"
EndProject
Project("{2150E333-8FDC-42A3-9474-1A3956D46DE8}") = "Lab9", "Lab9", "{2F6AF6CD-EF83-4EA3-88F5-CDC2CABB482B}"
EndProject
Project("{8BC9CEB8-8B4A-11D0-8D11-00A0C91BC942}") = "Lab8", "Borodkin\Lab8\Lab8.vcxproj", "{FF707543-D0E9-4FFF-8A9E-E240BC896FE6}"
EndProject
Project("{8BC9CEB8-8B4A-11D0-8D11-00A0C91BC942}") = "Lab9_1", "Borodkin\Lab9\Lab9_1\Lab9_1.vcxproj", "{EC2CBA81-5EF7-46C1-92BE-2109C4C1A538}"
EndProject
Project("{8BC9CEB8-8B4A-11D0-8D11-00A0C91BC942}") = "Lab9_2", "Borodkin\Lab9\Lab9_2\Lab9_2.vcxproj", "{3E0894A2-859F-4959-8C92-E82CCAF4F999}"
EndProject
Project("{2150E333-8FDC-42A3-9474-1A3956D46DE8}") = "Stash", "Stash", "{15BC94F5-0D20-4D31-957A-37F0803E50B2}"
EndProject
Project("{8BC9CEB8-8B4A-11D0-8D11-00A0C91BC942}") = "Stash", "Borodkin\Stash\Stash.vcxproj", "{F52CEAF1-26BE-4E3D-91CD-C0009F2831B6}"
EndProject
Project("{8BC9CEB8-8B4A-11D0-8D11-00A0C91BC942}") = "Sanudgo", "Borodkin\Sanudgo\Sanudgo.vcxproj", "{C45E2141-2A08-4432-8A46-ABC15A763DC2}"
EndProject
Global
	GlobalSection(SolutionConfigurationPlatforms) = preSolution
		Debug|x64 = Debug|x64
		Debug|x86 = Debug|x86
		Release|x64 = Release|x64
		Release|x86 = Release|x86
	EndGlobalSection
	GlobalSection(ProjectConfigurationPlatforms) = postSolution
		{B69675EC-689D-47F9-8496-93EDC2E2C90A}.Debug|x64.ActiveCfg = Debug|x64
		{B69675EC-689D-47F9-8496-93EDC2E2C90A}.Debug|x64.Build.0 = Debug|x64
		{B69675EC-689D-47F9-8496-93EDC2E2C90A}.Debug|x86.ActiveCfg = Debug|Win32
		{B69675EC-689D-47F9-8496-93EDC2E2C90A}.Debug|x86.Build.0 = Debug|Win32
		{B69675EC-689D-47F9-8496-93EDC2E2C90A}.Release|x64.ActiveCfg = Release|x64
		{B69675EC-689D-47F9-8496-93EDC2E2C90A}.Release|x64.Build.0 = Release|x64
		{B69675EC-689D-47F9-8496-93EDC2E2C90A}.Release|x86.ActiveCfg = Release|Win32
		{B69675EC-689D-47F9-8496-93EDC2E2C90A}.Release|x86.Build.0 = Release|Win32
		{DCF4EA5E-4658-48B4-A1F7-8C95BF582247}.Debug|x64.ActiveCfg = Debug|x64
		{DCF4EA5E-4658-48B4-A1F7-8C95BF582247}.Debug|x64.Build.0 = Debug|x64
		{DCF4EA5E-4658-48B4-A1F7-8C95BF582247}.Debug|x86.ActiveCfg = Debug|Win32
		{DCF4EA5E-4658-48B4-A1F7-8C95BF582247}.Debug|x86.Build.0 = Debug|Win32
		{DCF4EA5E-4658-48B4-A1F7-8C95BF582247}.Release|x64.ActiveCfg = Release|x64
		{DCF4EA5E-4658-48B4-A1F7-8C95BF582247}.Release|x64.Build.0 = Release|x64
		{DCF4EA5E-4658-48B4-A1F7-8C95BF582247}.Release|x86.ActiveCfg = Release|Win32
		{DCF4EA5E-4658-48B4-A1F7-8C95BF582247}.Release|x86.Build.0 = Release|Win32
		{1B3341CF-5154-4AB1-89F4-6C0DE95178C8}.Debug|x64.ActiveCfg = Debug|x64
		{1B3341CF-5154-4AB1-89F4-6C0DE95178C8}.Debug|x64.Build.0 = Debug|x64
		{1B3341CF-5154-4AB1-89F4-6C0DE95178C8}.Debug|x86.ActiveCfg = Debug|Win32
		{1B3341CF-5154-4AB1-89F4-6C0DE95178C8}.Debug|x86.Build.0 = Debug|Win32
		{1B3341CF-5154-4AB1-89F4-6C0DE95178C8}.Release|x64.ActiveCfg = Release|x64
		{1B3341CF-5154-4AB1-89F4-6C0DE95178C8}.Release|x64.Build.0 = Release|x64
		{1B3341CF-5154-4AB1-89F4-6C0DE95178C8}.Release|x86.ActiveCfg = Release|Win32
		{1B3341CF-5154-4AB1-89F4-6C0DE95178C8}.Release|x86.Build.0 = Release|Win32
		{050F2EB0-1503-4BC8-A23A-4B8CAB094041}.Debug|x64.ActiveCfg = Debug|x64
		{050F2EB0-1503-4BC8-A23A-4B8CAB094041}.Debug|x64.Build.0 = Debug|x64
		{050F2EB0-1503-4BC8-A23A-4B8CAB094041}.Debug|x86.ActiveCfg = Debug|Win32
		{050F2EB0-1503-4BC8-A23A-4B8CAB094041}.Debug|x86.Build.0 = Debug|Win32
		{050F2EB0-1503-4BC8-A23A-4B8CAB094041}.Release|x64.ActiveCfg = Release|x64
		{050F2EB0-1503-4BC8-A23A-4B8CAB094041}.Release|x64.Build.0 = Release|x64
		{050F2EB0-1503-4BC8-A23A-4B8CAB094041}.Release|x86.ActiveCfg = Release|Win32
		{050F2EB0-1503-4BC8-A23A-4B8CAB094041}.Release|x86.Build.0 = Release|Win32
		{99AC8990-AB7C-4E7D-8AB7-2E855BBC7126}.Debug|x64.ActiveCfg = Debug|x64
		{99AC8990-AB7C-4E7D-8AB7-2E855BBC7126}.Debug|x64.Build.0 = Debug|x64
		{99AC8990-AB7C-4E7D-8AB7-2E855BBC7126}.Debug|x86.ActiveCfg = Debug|Win32
		{99AC8990-AB7C-4E7D-8AB7-2E855BBC7126}.Debug|x86.Build.0 = Debug|Win32
		{99AC8990-AB7C-4E7D-8AB7-2E855BBC7126}.Release|x64.ActiveCfg = Release|x64
		{99AC8990-AB7C-4E7D-8AB7-2E855BBC7126}.Release|x64.Build.0 = Release|x64
		{99AC8990-AB7C-4E7D-8AB7-2E855BBC7126}.Release|x86.ActiveCfg = Release|Win32
		{99AC8990-AB7C-4E7D-8AB7-2E855BBC7126}.Release|x86.Build.0 = Release|Win32
		{214BE31F-7E36-45F0-9637-885E72E79C41}.Debug|x64.ActiveCfg = Debug|x64
		{214BE31F-7E36-45F0-9637-885E72E79C41}.Debug|x64.Build.0 = Debug|x64
		{214BE31F-7E36-45F0-9637-885E72E79C41}.Debug|x86.ActiveCfg = Debug|Win32
		{214BE31F-7E36-45F0-9637-885E72E79C41}.Debug|x86.Build.0 = Debug|Win32
		{214BE31F-7E36-45F0-9637-885E72E79C41}.Release|x64.ActiveCfg = Release|x64
		{214BE31F-7E36-45F0-9637-885E72E79C41}.Release|x64.Build.0 = Release|x64
		{214BE31F-7E36-45F0-9637-885E72E79C41}.Release|x86.ActiveCfg = Release|Win32
		{214BE31F-7E36-45F0-9637-885E72E79C41}.Release|x86.Build.0 = Release|Win32
		{0F3A330D-EBC5-4C46-B083-8BB949B1F0F7}.Debug|x64.ActiveCfg = Debug|x64
		{0F3A330D-EBC5-4C46-B083-8BB949B1F0F7}.Debug|x64.Build.0 = Debug|x64
		{0F3A330D-EBC5-4C46-B083-8BB949B1F0F7}.Debug|x86.ActiveCfg = Debug|Win32
		{0F3A330D-EBC5-4C46-B083-8BB949B1F0F7}.Debug|x86.Build.0 = Debug|Win32
		{0F3A330D-EBC5-4C46-B083-8BB949B1F0F7}.Release|x64.ActiveCfg = Release|x64
		{0F3A330D-EBC5-4C46-B083-8BB949B1F0F7}.Release|x64.Build.0 = Release|x64
		{0F3A330D-EBC5-4C46-B083-8BB949B1F0F7}.Release|x86.ActiveCfg = Release|Win32
		{0F3A330D-EBC5-4C46-B083-8BB949B1F0F7}.Release|x86.Build.0 = Release|Win32
		{431DAB57-4EAB-48D6-BA0E-F52B6695E4FD}.Debug|x64.ActiveCfg = Debug|x64
		{431DAB57-4EAB-48D6-BA0E-F52B6695E4FD}.Debug|x64.Build.0 = Debug|x64
		{431DAB57-4EAB-48D6-BA0E-F52B6695E4FD}.Debug|x86.ActiveCfg = Debug|Win32
		{431DAB57-4EAB-48D6-BA0E-F52B6695E4FD}.Debug|x86.Build.0 = Debug|Win32
		{431DAB57-4EAB-48D6-BA0E-F52B6695E4FD}.Release|x64.ActiveCfg = Release|x64
		{431DAB57-4EAB-48D6-BA0E-F52B6695E4FD}.Release|x64.Build.0 = Release|x64
		{431DAB57-4EAB-48D6-BA0E-F52B6695E4FD}.Release|x86.ActiveCfg = Release|Win32
		{431DAB57-4EAB-48D6-BA0E-F52B6695E4FD}.Release|x86.Build.0 = Release|Win32
		{CDAEB078-D279-40F3-8821-A9D2A3F8099D}.Debug|x64.ActiveCfg = Debug|x64
		{CDAEB078-D279-40F3-8821-A9D2A3F8099D}.Debug|x64.Build.0 = Debug|x64
		{CDAEB078-D279-40F3-8821-A9D2A3F8099D}.Debug|x86.ActiveCfg = Debug|Win32
		{CDAEB078-D279-40F3-8821-A9D2A3F8099D}.Debug|x86.Build.0 = Debug|Win32
		{CDAEB078-D279-40F3-8821-A9D2A3F8099D}.Release|x64.ActiveCfg = Release|x64
		{CDAEB078-D279-40F3-8821-A9D2A3F8099D}.Release|x64.Build.0 = Release|x64
		{CDAEB078-D279-40F3-8821-A9D2A3F8099D}.Release|x86.ActiveCfg = Release|Win32
		{CDAEB078-D279-40F3-8821-A9D2A3F8099D}.Release|x86.Build.0 = Release|Win32
		{5A226D8D-1A86-4F58-A17E-5F8D7A6B7AFA}.Debug|x64.ActiveCfg = Debug|x64
		{5A226D8D-1A86-4F58-A17E-5F8D7A6B7AFA}.Debug|x64.Build.0 = Debug|x64
		{5A226D8D-1A86-4F58-A17E-5F8D7A6B7AFA}.Debug|x86.ActiveCfg = Debug|Win32
		{5A226D8D-1A86-4F58-A17E-5F8D7A6B7AFA}.Debug|x86.Build.0 = Debug|Win32
		{5A226D8D-1A86-4F58-A17E-5F8D7A6B7AFA}.Release|x64.ActiveCfg = Release|x64
		{5A226D8D-1A86-4F58-A17E-5F8D7A6B7AFA}.Release|x64.Build.0 = Release|x64
		{5A226D8D-1A86-4F58-A17E-5F8D7A6B7AFA}.Release|x86.ActiveCfg = Release|Win32
		{5A226D8D-1A86-4F58-A17E-5F8D7A6B7AFA}.Release|x86.Build.0 = Release|Win32
		{B5A9DD4C-B5BD-441C-AB10-04743B69052E}.Debug|x64.ActiveCfg = Debug|x64
		{B5A9DD4C-B5BD-441C-AB10-04743B69052E}.Debug|x64.Build.0 = Debug|x64
		{B5A9DD4C-B5BD-441C-AB10-04743B69052E}.Debug|x86.ActiveCfg = Debug|Win32
		{B5A9DD4C-B5BD-441C-AB10-04743B69052E}.Debug|x86.Build.0 = Debug|Win32
		{B5A9DD4C-B5BD-441C-AB10-04743B69052E}.Release|x64.ActiveCfg = Release|x64
		{B5A9DD4C-B5BD-441C-AB10-04743B69052E}.Release|x64.Build.0 = Release|x64
		{B5A9DD4C-B5BD-441C-AB10-04743B69052E}.Release|x86.ActiveCfg = Release|Win32
		{B5A9DD4C-B5BD-441C-AB10-04743B69052E}.Release|x86.Build.0 = Release|Win32
		{BEF5EB50-84EC-4312-8E7F-66184EA43DE2}.Debug|x64.ActiveCfg = Debug|x64
		{BEF5EB50-84EC-4312-8E7F-66184EA43DE2}.Debug|x64.Build.0 = Debug|x64
		{BEF5EB50-84EC-4312-8E7F-66184EA43DE2}.Debug|x86.ActiveCfg = Debug|Win32
		{BEF5EB50-84EC-4312-8E7F-66184EA43DE2}.Debug|x86.Build.0 = Debug|Win32
		{BEF5EB50-84EC-4312-8E7F-66184EA43DE2}.Release|x64.ActiveCfg = Release|x64
		{BEF5EB50-84EC-4312-8E7F-66184EA43DE2}.Release|x64.Build.0 = Release|x64
		{BEF5EB50-84EC-4312-8E7F-66184EA43DE2}.Release|x86.ActiveCfg = Release|Win32
		{BEF5EB50-84EC-4312-8E7F-66184EA43DE2}.Release|x86.Build.0 = Release|Win32
		{69AE667D-EB14-41E4-84C7-0FFE5AE07C92}.Debug|x64.ActiveCfg = Debug|x64
		{69AE667D-EB14-41E4-84C7-0FFE5AE07C92}.Debug|x64.Build.0 = Debug|x64
		{69AE667D-EB14-41E4-84C7-0FFE5AE07C92}.Debug|x86.ActiveCfg = Debug|Win32
		{69AE667D-EB14-41E4-84C7-0FFE5AE07C92}.Debug|x86.Build.0 = Debug|Win32
		{69AE667D-EB14-41E4-84C7-0FFE5AE07C92}.Release|x64.ActiveCfg = Release|x64
		{69AE667D-EB14-41E4-84C7-0FFE5AE07C92}.Release|x64.Build.0 = Release|x64
		{69AE667D-EB14-41E4-84C7-0FFE5AE07C92}.Release|x86.ActiveCfg = Release|Win32
		{69AE667D-EB14-41E4-84C7-0FFE5AE07C92}.Release|x86.Build.0 = Release|Win32
		{2F6BA031-F086-428E-9CD6-D722C2193698}.Debug|x64.ActiveCfg = Debug|x64
		{2F6BA031-F086-428E-9CD6-D722C2193698}.Debug|x64.Build.0 = Debug|x64
		{2F6BA031-F086-428E-9CD6-D722C2193698}.Debug|x86.ActiveCfg = Debug|Win32
		{2F6BA031-F086-428E-9CD6-D722C2193698}.Debug|x86.Build.0 = Debug|Win32
		{2F6BA031-F086-428E-9CD6-D722C2193698}.Release|x64.ActiveCfg = Release|x64
		{2F6BA031-F086-428E-9CD6-D722C2193698}.Release|x64.Build.0 = Release|x64
		{2F6BA031-F086-428E-9CD6-D722C2193698}.Release|x86.ActiveCfg = Release|Win32
		{2F6BA031-F086-428E-9CD6-D722C2193698}.Release|x86.Build.0 = Release|Win32
		{B8F65FE6-1FEB-4E47-9629-73ADB2D652B0}.Debug|x64.ActiveCfg = Debug|x64
		{B8F65FE6-1FEB-4E47-9629-73ADB2D652B0}.Debug|x64.Build.0 = Debug|x64
		{B8F65FE6-1FEB-4E47-9629-73ADB2D652B0}.Debug|x86.ActiveCfg = Debug|Win32
		{B8F65FE6-1FEB-4E47-9629-73ADB2D652B0}.Debug|x86.Build.0 = Debug|Win32
		{B8F65FE6-1FEB-4E47-9629-73ADB2D652B0}.Release|x64.ActiveCfg = Release|x64
		{B8F65FE6-1FEB-4E47-9629-73ADB2D652B0}.Release|x64.Build.0 = Release|x64
		{B8F65FE6-1FEB-4E47-9629-73ADB2D652B0}.Release|x86.ActiveCfg = Release|Win32
		{B8F65FE6-1FEB-4E47-9629-73ADB2D652B0}.Release|x86.Build.0 = Release|Win32
		{B1CA514F-027A-439A-8467-2329B2300802}.Debug|x64.ActiveCfg = Debug|x64
		{B1CA514F-027A-439A-8467-2329B2300802}.Debug|x64.Build.0 = Debug|x64
		{B1CA514F-027A-439A-8467-2329B2300802}.Debug|x86.ActiveCfg = Debug|Win32
		{B1CA514F-027A-439A-8467-2329B2300802}.Debug|x86.Build.0 = Debug|Win32
		{B1CA514F-027A-439A-8467-2329B2300802}.Release|x64.ActiveCfg = Release|x64
		{B1CA514F-027A-439A-8467-2329B2300802}.Release|x64.Build.0 = Release|x64
		{B1CA514F-027A-439A-8467-2329B2300802}.Release|x86.ActiveCfg = Release|Win32
		{B1CA514F-027A-439A-8467-2329B2300802}.Release|x86.Build.0 = Release|Win32
		{FF707543-D0E9-4FFF-8A9E-E240BC896FE6}.Debug|x64.ActiveCfg = Debug|x64
		{FF707543-D0E9-4FFF-8A9E-E240BC896FE6}.Debug|x64.Build.0 = Debug|x64
		{FF707543-D0E9-4FFF-8A9E-E240BC896FE6}.Debug|x86.ActiveCfg = Debug|Win32
		{FF707543-D0E9-4FFF-8A9E-E240BC896FE6}.Debug|x86.Build.0 = Debug|Win32
		{FF707543-D0E9-4FFF-8A9E-E240BC896FE6}.Release|x64.ActiveCfg = Release|x64
		{FF707543-D0E9-4FFF-8A9E-E240BC896FE6}.Release|x64.Build.0 = Release|x64
		{FF707543-D0E9-4FFF-8A9E-E240BC896FE6}.Release|x86.ActiveCfg = Release|Win32
		{FF707543-D0E9-4FFF-8A9E-E240BC896FE6}.Release|x86.Build.0 = Release|Win32
		{EC2CBA81-5EF7-46C1-92BE-2109C4C1A538}.Debug|x64.ActiveCfg = Debug|x64
		{EC2CBA81-5EF7-46C1-92BE-2109C4C1A538}.Debug|x64.Build.0 = Debug|x64
		{EC2CBA81-5EF7-46C1-92BE-2109C4C1A538}.Debug|x86.ActiveCfg = Debug|Win32
		{EC2CBA81-5EF7-46C1-92BE-2109C4C1A538}.Debug|x86.Build.0 = Debug|Win32
		{EC2CBA81-5EF7-46C1-92BE-2109C4C1A538}.Release|x64.ActiveCfg = Release|x64
		{EC2CBA81-5EF7-46C1-92BE-2109C4C1A538}.Release|x64.Build.0 = Release|x64
		{EC2CBA81-5EF7-46C1-92BE-2109C4C1A538}.Release|x86.ActiveCfg = Release|Win32
		{EC2CBA81-5EF7-46C1-92BE-2109C4C1A538}.Release|x86.Build.0 = Release|Win32
		{3E0894A2-859F-4959-8C92-E82CCAF4F999}.Debug|x64.ActiveCfg = Debug|x64
		{3E0894A2-859F-4959-8C92-E82CCAF4F999}.Debug|x64.Build.0 = Debug|x64
		{3E0894A2-859F-4959-8C92-E82CCAF4F999}.Debug|x86.ActiveCfg = Debug|Win32
		{3E0894A2-859F-4959-8C92-E82CCAF4F999}.Debug|x86.Build.0 = Debug|Win32
		{3E0894A2-859F-4959-8C92-E82CCAF4F999}.Release|x64.ActiveCfg = Release|x64
		{3E0894A2-859F-4959-8C92-E82CCAF4F999}.Release|x64.Build.0 = Release|x64
		{3E0894A2-859F-4959-8C92-E82CCAF4F999}.Release|x86.ActiveCfg = Release|Win32
		{3E0894A2-859F-4959-8C92-E82CCAF4F999}.Release|x86.Build.0 = Release|Win32
		{F52CEAF1-26BE-4E3D-91CD-C0009F2831B6}.Debug|x64.ActiveCfg = Debug|x64
		{F52CEAF1-26BE-4E3D-91CD-C0009F2831B6}.Debug|x64.Build.0 = Debug|x64
		{F52CEAF1-26BE-4E3D-91CD-C0009F2831B6}.Debug|x86.ActiveCfg = Debug|Win32
		{F52CEAF1-26BE-4E3D-91CD-C0009F2831B6}.Debug|x86.Build.0 = Debug|Win32
		{F52CEAF1-26BE-4E3D-91CD-C0009F2831B6}.Release|x64.ActiveCfg = Release|x64
		{F52CEAF1-26BE-4E3D-91CD-C0009F2831B6}.Release|x64.Build.0 = Release|x64
		{F52CEAF1-26BE-4E3D-91CD-C0009F2831B6}.Release|x86.ActiveCfg = Release|Win32
		{F52CEAF1-26BE-4E3D-91CD-C0009F2831B6}.Release|x86.Build.0 = Release|Win32
		{C45E2141-2A08-4432-8A46-ABC15A763DC2}.Debug|x64.ActiveCfg = Debug|x64
		{C45E2141-2A08-4432-8A46-ABC15A763DC2}.Debug|x64.Build.0 = Debug|x64
		{C45E2141-2A08-4432-8A46-ABC15A763DC2}.Debug|x86.ActiveCfg = Debug|Win32
		{C45E2141-2A08-4432-8A46-ABC15A763DC2}.Debug|x86.Build.0 = Debug|Win32
		{C45E2141-2A08-4432-8A46-ABC15A763DC2}.Release|x64.ActiveCfg = Release|x64
		{C45E2141-2A08-4432-8A46-ABC15A763DC2}.Release|x64.Build.0 = Release|x64
		{C45E2141-2A08-4432-8A46-ABC15A763DC2}.Release|x86.ActiveCfg = Release|Win32
		{C45E2141-2A08-4432-8A46-ABC15A763DC2}.Release|x86.Build.0 = Release|Win32
	EndGlobalSection
	GlobalSection(SolutionProperties) = preSolution
		HideSolutionNode = FALSE
	EndGlobalSection
	GlobalSection(NestedProjects) = preSolution
		{B69675EC-689D-47F9-8496-93EDC2E2C90A} = {BC3F6BEF-213C-4086-B0B3-613CB9F523D7}
		{BFEE85F6-DFF8-485A-87C2-009EEE94AFFE} = {BC3F6BEF-213C-4086-B0B3-613CB9F523D7}
		{DCF4EA5E-4658-48B4-A1F7-8C95BF582247} = {BFEE85F6-DFF8-485A-87C2-009EEE94AFFE}
		{1B3341CF-5154-4AB1-89F4-6C0DE95178C8} = {BFEE85F6-DFF8-485A-87C2-009EEE94AFFE}
		{050F2EB0-1503-4BC8-A23A-4B8CAB094041} = {BFEE85F6-DFF8-485A-87C2-009EEE94AFFE}
		{2CB9367A-D8AD-45B2-BE23-17DA6A7598E3} = {BC3F6BEF-213C-4086-B0B3-613CB9F523D7}
		{99AC8990-AB7C-4E7D-8AB7-2E855BBC7126} = {2CB9367A-D8AD-45B2-BE23-17DA6A7598E3}
		{214BE31F-7E36-45F0-9637-885E72E79C41} = {2CB9367A-D8AD-45B2-BE23-17DA6A7598E3}
		{0F3A330D-EBC5-4C46-B083-8BB949B1F0F7} = {2CB9367A-D8AD-45B2-BE23-17DA6A7598E3}
		{B973DBDA-8642-42B3-9E66-31D6C865D482} = {BC3F6BEF-213C-4086-B0B3-613CB9F523D7}
		{431DAB57-4EAB-48D6-BA0E-F52B6695E4FD} = {B973DBDA-8642-42B3-9E66-31D6C865D482}
		{CDAEB078-D279-40F3-8821-A9D2A3F8099D} = {B973DBDA-8642-42B3-9E66-31D6C865D482}
		{5A226D8D-1A86-4F58-A17E-5F8D7A6B7AFA} = {B973DBDA-8642-42B3-9E66-31D6C865D482}
		{104FB8AF-8601-495D-9803-25FBC09B448E} = {BC3F6BEF-213C-4086-B0B3-613CB9F523D7}
		{B5A9DD4C-B5BD-441C-AB10-04743B69052E} = {104FB8AF-8601-495D-9803-25FBC09B448E}
		{BEF5EB50-84EC-4312-8E7F-66184EA43DE2} = {104FB8AF-8601-495D-9803-25FBC09B448E}
		{69AE667D-EB14-41E4-84C7-0FFE5AE07C92} = {104FB8AF-8601-495D-9803-25FBC09B448E}
		{2F6BA031-F086-428E-9CD6-D722C2193698} = {104FB8AF-8601-495D-9803-25FBC09B448E}
		{B7A4083D-4C27-42EF-B832-F6A9ACDE731A} = {BC3F6BEF-213C-4086-B0B3-613CB9F523D7}
		{B8F65FE6-1FEB-4E47-9629-73ADB2D652B0} = {B7A4083D-4C27-42EF-B832-F6A9ACDE731A}
		{358CFF94-2896-475F-8C39-FCF89424332B} = {BC3F6BEF-213C-4086-B0B3-613CB9F523D7}
		{B1CA514F-027A-439A-8467-2329B2300802} = {358CFF94-2896-475F-8C39-FCF89424332B}
		{C1873371-616A-40C0-9888-DAD4F18A22B3} = {BC3F6BEF-213C-4086-B0B3-613CB9F523D7}
		{2F6AF6CD-EF83-4EA3-88F5-CDC2CABB482B} = {BC3F6BEF-213C-4086-B0B3-613CB9F523D7}
		{FF707543-D0E9-4FFF-8A9E-E240BC896FE6} = {C1873371-616A-40C0-9888-DAD4F18A22B3}
		{EC2CBA81-5EF7-46C1-92BE-2109C4C1A538} = {2F6AF6CD-EF83-4EA3-88F5-CDC2CABB482B}
		{3E0894A2-859F-4959-8C92-E82CCAF4F999} = {2F6AF6CD-EF83-4EA3-88F5-CDC2CABB482B}
		{15BC94F5-0D20-4D31-957A-37F0803E50B2} = {BC3F6BEF-213C-4086-B0B3-613CB9F523D7}
		{F52CEAF1-26BE-4E3D-91CD-C0009F2831B6} = {15BC94F5-0D20-4D31-957A-37F0803E50B2}
		{C45E2141-2A08-4432-8A46-ABC15A763DC2} = {15BC94F5-0D20-4D31-957A-37F0803E50B2}
	EndGlobalSection
	GlobalSection(ExtensibilityGlobals) = postSolution
		SolutionGuid = {2B29F3E4-ED02-4606-AD9F-A8B12780E87E}
	EndGlobalSection
EndGlobal
